
Microsoft Visual Studio Solution File, Format Version 12.00
# Visual Studio Version 16
VisualStudioVersion = 16.0.29424.173
MinimumVisualStudioVersion = 10.0.40219.1
Project("{8BC9CEB8-8B4A-11D0-8D11-00A0C91BC942}") = "4-4", "4-4\4-4.vcxproj", "{04DF7633-F598-458F-BA3D-B13110C724F7}"
EndProject
Project("{8BC9CEB8-8B4A-11D0-8D11-00A0C91BC942}") = "4-8", "4-8\4-8.vcxproj", "{5068F5AB-075F-47FA-B3EF-9117880C1D78}"
EndProject
Project("{8BC9CEB8-8B4A-11D0-8D11-00A0C91BC942}") = "4-9", "4-9\4-9.vcxproj", "{7113A4EE-8AEC-4C7E-954E-243622890818}"
EndProject
Project("{8BC9CEB8-8B4A-11D0-8D11-00A0C91BC942}") = "4-10", "4-10\4-10.vcxproj", "{C94F14AF-FB0C-4175-AB4C-7AB02A918B7C}"
EndProject
Project("{8BC9CEB8-8B4A-11D0-8D11-00A0C91BC942}") = "4-11", "4-11\4-11.vcxproj", "{00246CA9-BB7A-4108-A52F-E2E9B7B310AA}"
EndProject
Project("{8BC9CEB8-8B4A-11D0-8D11-00A0C91BC942}") = "4-b7", "4-b7\4-b7.vcxproj", "{FF718021-8143-4848-9BA4-9E585B9D48D1}"
EndProject
Project("{8BC9CEB8-8B4A-11D0-8D11-00A0C91BC942}") = "4-b8", "4-b8\4-b8.vcxproj", "{AFB8C10D-6F37-40E6-8EF9-79F34E5BCBBD}"
EndProject
Project("{8BC9CEB8-8B4A-11D0-8D11-00A0C91BC942}") = "4-b9", "4-b9\4-b9.vcxproj", "{3B14F35A-83E8-4AD8-ADED-49E4FC452B8E}"
EndProject
Project("{8BC9CEB8-8B4A-11D0-8D11-00A0C91BC942}") = "4-b10", "4-b10\4-b10.vcxproj", "{B626A713-AE82-4155-8F77-87F1A630FB46}"
EndProject
Project("{8BC9CEB8-8B4A-11D0-8D11-00A0C91BC942}") = "4-b11", "4-b11\4-b11.vcxproj", "{CB941AA7-016D-46EA-8BE4-78F4870AC9EC}"
EndProject
Project("{8BC9CEB8-8B4A-11D0-8D11-00A0C91BC942}") = "4-b12", "4-b12\4-b12.vcxproj", "{E2B689CB-CCF6-4D65-882D-DFDCC7FFB9D5}"
EndProject
Project("{8BC9CEB8-8B4A-11D0-8D11-00A0C91BC942}") = "4-b15", "4-b15\4-b15.vcxproj", "{126F2EEA-FDD3-4F37-9F7B-DF4F5728832A}"
EndProject
Project("{8BC9CEB8-8B4A-11D0-8D11-00A0C91BC942}") = "4-b16", "4-b16\4-b16.vcxproj", "{E4247C63-EA5D-425B-B2DD-2259504211D5}"
EndProject
Project("{8BC9CEB8-8B4A-11D0-8D11-00A0C91BC942}") = "4-b17-1", "4-b17-1\4-b17-1.vcxproj", "{EB322B25-DBD7-4102-BED9-6362C6F8EA44}"
EndProject
Project("{8BC9CEB8-8B4A-11D0-8D11-00A0C91BC942}") = "4-b17-2", "4-b17-2\4-b17-2.vcxproj", "{6CF21510-E44A-41C3-A010-AB83CD29C1C3}"
EndProject
Project("{8BC9CEB8-8B4A-11D0-8D11-00A0C91BC942}") = "4-b18", "4-b18\4-b18.vcxproj", "{7DFBE0DA-DD1C-4EDE-9A69-0611DC9835BF}"
EndProject
Project("{8BC9CEB8-8B4A-11D0-8D11-00A0C91BC942}") = "4-b19", "4-b19\4-b19.vcxproj", "{D6B27DA0-4840-454A-BB1A-BF5D0A08263B}"
EndProject
Project("{8BC9CEB8-8B4A-11D0-8D11-00A0C91BC942}") = "4-b20", "4-b20\4-b20.vcxproj", "{494B2994-15E6-4800-8F0B-95F18B3C26C3}"
EndProject
Project("{8BC9CEB8-8B4A-11D0-8D11-00A0C91BC942}") = "4-b21(c++)", "4-b21(c++)\4-b21(c++).vcxproj", "{8EE56D8D-9202-49C1-887C-3F52AD0ADACC}"
EndProject
Project("{8BC9CEB8-8B4A-11D0-8D11-00A0C91BC942}") = "4-b21(c)", "4-b21(c)\4-b21(c).vcxproj", "{6773B274-C20C-4D69-95C8-E76B778AF9F6}"
EndProject
Project("{8BC9CEB8-8B4A-11D0-8D11-00A0C91BC942}") = "5-4", "5-4\5-4.vcxproj", "{BE6DDB79-5C0F-4B44-8375-510104C1020F}"
EndProject
Project("{8BC9CEB8-8B4A-11D0-8D11-00A0C91BC942}") = "5-b1", "5-b1\5-b1.vcxproj", "{86B733CA-9427-4BC6-BE78-B85CC22B06B9}"
EndProject
Project("{8BC9CEB8-8B4A-11D0-8D11-00A0C91BC942}") = "5-b2", "5-b2\5-b2.vcxproj", "{EB7459FE-D48F-45A2-99F7-58E619BDBC13}"
EndProject
Project("{8BC9CEB8-8B4A-11D0-8D11-00A0C91BC942}") = "5-b3", "5-b3\5-b3.vcxproj", "{1DFBEE09-AE31-42FF-BA1A-E0DA5E9FB0E8}"
EndProject
Project("{8BC9CEB8-8B4A-11D0-8D11-00A0C91BC942}") = "5-b4", "5-b4\5-b4.vcxproj", "{0CAE7671-AF33-4B16-A015-F71BFA4C1FF7}"
EndProject
Project("{8BC9CEB8-8B4A-11D0-8D11-00A0C91BC942}") = "5-b5-1", "5-b5-1\5-b5-1.vcxproj", "{C8B0B88F-C767-493B-9830-7776A16D0B45}"
EndProject
Project("{8BC9CEB8-8B4A-11D0-8D11-00A0C91BC942}") = "5-b5-2", "5-b5-2\5-b5-2.vcxproj", "{E846350E-89A8-4FAE-84EE-7DD22D0FCB2E}"
EndProject
Project("{8BC9CEB8-8B4A-11D0-8D11-00A0C91BC942}") = "test", "test\test.vcxproj", "{80903729-3405-43F1-86BE-4FBD75A323EF}"
EndProject
Project("{8BC9CEB8-8B4A-11D0-8D11-00A0C91BC942}") = "5-12", "5-12\5-12.vcxproj", "{E5402C47-DFF0-42C1-99BA-866E23B0F1CF}"
EndProject
Project("{8BC9CEB8-8B4A-11D0-8D11-00A0C91BC942}") = "5-b9", "5-b9\5-b9.vcxproj", "{3C3B8930-A16D-4A8C-8D43-954BD78833B3}"
EndProject
Project("{8BC9CEB8-8B4A-11D0-8D11-00A0C91BC942}") = "5-b10", "5-b10\5-b10.vcxproj", "{CF9947E3-741C-4999-9D2D-B7524A81F7EB}"
EndProject
Project("{8BC9CEB8-8B4A-11D0-8D11-00A0C91BC942}") = "5-b11", "5-b11\5-b11.vcxproj", "{A061976C-126B-4A03-B370-98B67E184A68}"
EndProject
Project("{8BC9CEB8-8B4A-11D0-8D11-00A0C91BC942}") = "5-b12", "5-b12\5-b12.vcxproj", "{CCB55E1A-05E1-439A-B668-FB1D88BD3E7E}"
EndProject
Project("{8BC9CEB8-8B4A-11D0-8D11-00A0C91BC942}") = "5-17-1", "5-17-1\5-17-1.vcxproj", "{521F62E3-5C97-4350-8F06-B362F2218C39}"
EndProject
Project("{8BC9CEB8-8B4A-11D0-8D11-00A0C91BC942}") = "5-17-2", "5-17-2\5-17-2.vcxproj", "{63984F0C-9D26-4B52-8083-5252F6165E3C}"
EndProject
Project("{8BC9CEB8-8B4A-11D0-8D11-00A0C91BC942}") = "5-b13-1", "5-b13-1\5-b13-1.vcxproj", "{35D5C90B-DEE5-4775-9559-1B077AF02915}"
EndProject
Project("{8BC9CEB8-8B4A-11D0-8D11-00A0C91BC942}") = "5-b13-2", "5-b13-2\5-b13-2.vcxproj", "{FF962ACB-9D88-4CF7-A215-8ED979ABB232}"
EndProject
Project("{8BC9CEB8-8B4A-11D0-8D11-00A0C91BC942}") = "5-b14", "5-b14\5-b14.vcxproj", "{EFB66FB7-FA28-43BB-8530-B996D4A9EA5B}"
EndProject
Project("{8BC9CEB8-8B4A-11D0-8D11-00A0C91BC942}") = "5-b16", "5-b16\5-b16.vcxproj", "{22DC9B15-7055-42FA-9498-07A961B0C975}"
EndProject
Project("{8BC9CEB8-8B4A-11D0-8D11-00A0C91BC942}") = "5-b16-2", "5-b16-2\5-b16-2.vcxproj", "{36E8FE28-B074-45BF-8D03-66CED3CF757E}"
EndProject
Project("{8BC9CEB8-8B4A-11D0-8D11-00A0C91BC942}") = "5-b15", "5-b15\5-b15.vcxproj", "{E8CCB0C4-414F-4B3F-82EF-9DA775E416DF}"
EndProject
Project("{8BC9CEB8-8B4A-11D0-8D11-00A0C91BC942}") = "5-b17", "5-b17\5-b17.vcxproj", "{FFF5724D-23A8-4500-B3E5-8EEC23401756}"
EndProject
Project("{8BC9CEB8-8B4A-11D0-8D11-00A0C91BC942}") = "5-b18", "5-b18\5-b18.vcxproj", "{BF44B2B8-FE81-407B-8218-35F5A42174CA}"
EndProject
Project("{8BC9CEB8-8B4A-11D0-8D11-00A0C91BC942}") = "5-b19", "5-b19\5-b19.vcxproj", "{634E2E92-CE2A-4DE4-B53F-6D8FE37E50F1}"
EndProject
Global
	GlobalSection(SolutionConfigurationPlatforms) = preSolution
		Debug|x64 = Debug|x64
		Debug|x86 = Debug|x86
		Release|x64 = Release|x64
		Release|x86 = Release|x86
	EndGlobalSection
	GlobalSection(ProjectConfigurationPlatforms) = postSolution
		{04DF7633-F598-458F-BA3D-B13110C724F7}.Debug|x64.ActiveCfg = Debug|x64
		{04DF7633-F598-458F-BA3D-B13110C724F7}.Debug|x64.Build.0 = Debug|x64
		{04DF7633-F598-458F-BA3D-B13110C724F7}.Debug|x86.ActiveCfg = Debug|Win32
		{04DF7633-F598-458F-BA3D-B13110C724F7}.Debug|x86.Build.0 = Debug|Win32
		{04DF7633-F598-458F-BA3D-B13110C724F7}.Release|x64.ActiveCfg = Release|x64
		{04DF7633-F598-458F-BA3D-B13110C724F7}.Release|x64.Build.0 = Release|x64
		{04DF7633-F598-458F-BA3D-B13110C724F7}.Release|x86.ActiveCfg = Release|Win32
		{04DF7633-F598-458F-BA3D-B13110C724F7}.Release|x86.Build.0 = Release|Win32
		{5068F5AB-075F-47FA-B3EF-9117880C1D78}.Debug|x64.ActiveCfg = Debug|x64
		{5068F5AB-075F-47FA-B3EF-9117880C1D78}.Debug|x64.Build.0 = Debug|x64
		{5068F5AB-075F-47FA-B3EF-9117880C1D78}.Debug|x86.ActiveCfg = Debug|Win32
		{5068F5AB-075F-47FA-B3EF-9117880C1D78}.Debug|x86.Build.0 = Debug|Win32
		{5068F5AB-075F-47FA-B3EF-9117880C1D78}.Release|x64.ActiveCfg = Release|x64
		{5068F5AB-075F-47FA-B3EF-9117880C1D78}.Release|x64.Build.0 = Release|x64
		{5068F5AB-075F-47FA-B3EF-9117880C1D78}.Release|x86.ActiveCfg = Release|Win32
		{5068F5AB-075F-47FA-B3EF-9117880C1D78}.Release|x86.Build.0 = Release|Win32
		{7113A4EE-8AEC-4C7E-954E-243622890818}.Debug|x64.ActiveCfg = Debug|x64
		{7113A4EE-8AEC-4C7E-954E-243622890818}.Debug|x64.Build.0 = Debug|x64
		{7113A4EE-8AEC-4C7E-954E-243622890818}.Debug|x86.ActiveCfg = Debug|Win32
		{7113A4EE-8AEC-4C7E-954E-243622890818}.Debug|x86.Build.0 = Debug|Win32
		{7113A4EE-8AEC-4C7E-954E-243622890818}.Release|x64.ActiveCfg = Release|x64
		{7113A4EE-8AEC-4C7E-954E-243622890818}.Release|x64.Build.0 = Release|x64
		{7113A4EE-8AEC-4C7E-954E-243622890818}.Release|x86.ActiveCfg = Release|Win32
		{7113A4EE-8AEC-4C7E-954E-243622890818}.Release|x86.Build.0 = Release|Win32
		{C94F14AF-FB0C-4175-AB4C-7AB02A918B7C}.Debug|x64.ActiveCfg = Debug|x64
		{C94F14AF-FB0C-4175-AB4C-7AB02A918B7C}.Debug|x64.Build.0 = Debug|x64
		{C94F14AF-FB0C-4175-AB4C-7AB02A918B7C}.Debug|x86.ActiveCfg = Debug|Win32
		{C94F14AF-FB0C-4175-AB4C-7AB02A918B7C}.Debug|x86.Build.0 = Debug|Win32
		{C94F14AF-FB0C-4175-AB4C-7AB02A918B7C}.Release|x64.ActiveCfg = Release|x64
		{C94F14AF-FB0C-4175-AB4C-7AB02A918B7C}.Release|x64.Build.0 = Release|x64
		{C94F14AF-FB0C-4175-AB4C-7AB02A918B7C}.Release|x86.ActiveCfg = Release|Win32
		{C94F14AF-FB0C-4175-AB4C-7AB02A918B7C}.Release|x86.Build.0 = Release|Win32
		{00246CA9-BB7A-4108-A52F-E2E9B7B310AA}.Debug|x64.ActiveCfg = Debug|x64
		{00246CA9-BB7A-4108-A52F-E2E9B7B310AA}.Debug|x64.Build.0 = Debug|x64
		{00246CA9-BB7A-4108-A52F-E2E9B7B310AA}.Debug|x86.ActiveCfg = Debug|Win32
		{00246CA9-BB7A-4108-A52F-E2E9B7B310AA}.Debug|x86.Build.0 = Debug|Win32
		{00246CA9-BB7A-4108-A52F-E2E9B7B310AA}.Release|x64.ActiveCfg = Release|x64
		{00246CA9-BB7A-4108-A52F-E2E9B7B310AA}.Release|x64.Build.0 = Release|x64
		{00246CA9-BB7A-4108-A52F-E2E9B7B310AA}.Release|x86.ActiveCfg = Release|Win32
		{00246CA9-BB7A-4108-A52F-E2E9B7B310AA}.Release|x86.Build.0 = Release|Win32
		{FF718021-8143-4848-9BA4-9E585B9D48D1}.Debug|x64.ActiveCfg = Debug|x64
		{FF718021-8143-4848-9BA4-9E585B9D48D1}.Debug|x64.Build.0 = Debug|x64
		{FF718021-8143-4848-9BA4-9E585B9D48D1}.Debug|x86.ActiveCfg = Debug|Win32
		{FF718021-8143-4848-9BA4-9E585B9D48D1}.Debug|x86.Build.0 = Debug|Win32
		{FF718021-8143-4848-9BA4-9E585B9D48D1}.Release|x64.ActiveCfg = Release|x64
		{FF718021-8143-4848-9BA4-9E585B9D48D1}.Release|x64.Build.0 = Release|x64
		{FF718021-8143-4848-9BA4-9E585B9D48D1}.Release|x86.ActiveCfg = Release|Win32
		{FF718021-8143-4848-9BA4-9E585B9D48D1}.Release|x86.Build.0 = Release|Win32
		{AFB8C10D-6F37-40E6-8EF9-79F34E5BCBBD}.Debug|x64.ActiveCfg = Debug|x64
		{AFB8C10D-6F37-40E6-8EF9-79F34E5BCBBD}.Debug|x64.Build.0 = Debug|x64
		{AFB8C10D-6F37-40E6-8EF9-79F34E5BCBBD}.Debug|x86.ActiveCfg = Debug|Win32
		{AFB8C10D-6F37-40E6-8EF9-79F34E5BCBBD}.Debug|x86.Build.0 = Debug|Win32
		{AFB8C10D-6F37-40E6-8EF9-79F34E5BCBBD}.Release|x64.ActiveCfg = Release|x64
		{AFB8C10D-6F37-40E6-8EF9-79F34E5BCBBD}.Release|x64.Build.0 = Release|x64
		{AFB8C10D-6F37-40E6-8EF9-79F34E5BCBBD}.Release|x86.ActiveCfg = Release|Win32
		{AFB8C10D-6F37-40E6-8EF9-79F34E5BCBBD}.Release|x86.Build.0 = Release|Win32
		{3B14F35A-83E8-4AD8-ADED-49E4FC452B8E}.Debug|x64.ActiveCfg = Debug|x64
		{3B14F35A-83E8-4AD8-ADED-49E4FC452B8E}.Debug|x64.Build.0 = Debug|x64
		{3B14F35A-83E8-4AD8-ADED-49E4FC452B8E}.Debug|x86.ActiveCfg = Debug|Win32
		{3B14F35A-83E8-4AD8-ADED-49E4FC452B8E}.Debug|x86.Build.0 = Debug|Win32
		{3B14F35A-83E8-4AD8-ADED-49E4FC452B8E}.Release|x64.ActiveCfg = Release|x64
		{3B14F35A-83E8-4AD8-ADED-49E4FC452B8E}.Release|x64.Build.0 = Release|x64
		{3B14F35A-83E8-4AD8-ADED-49E4FC452B8E}.Release|x86.ActiveCfg = Release|Win32
		{3B14F35A-83E8-4AD8-ADED-49E4FC452B8E}.Release|x86.Build.0 = Release|Win32
		{B626A713-AE82-4155-8F77-87F1A630FB46}.Debug|x64.ActiveCfg = Debug|x64
		{B626A713-AE82-4155-8F77-87F1A630FB46}.Debug|x64.Build.0 = Debug|x64
		{B626A713-AE82-4155-8F77-87F1A630FB46}.Debug|x86.ActiveCfg = Debug|Win32
		{B626A713-AE82-4155-8F77-87F1A630FB46}.Debug|x86.Build.0 = Debug|Win32
		{B626A713-AE82-4155-8F77-87F1A630FB46}.Release|x64.ActiveCfg = Release|x64
		{B626A713-AE82-4155-8F77-87F1A630FB46}.Release|x64.Build.0 = Release|x64
		{B626A713-AE82-4155-8F77-87F1A630FB46}.Release|x86.ActiveCfg = Release|Win32
		{B626A713-AE82-4155-8F77-87F1A630FB46}.Release|x86.Build.0 = Release|Win32
		{CB941AA7-016D-46EA-8BE4-78F4870AC9EC}.Debug|x64.ActiveCfg = Debug|x64
		{CB941AA7-016D-46EA-8BE4-78F4870AC9EC}.Debug|x64.Build.0 = Debug|x64
		{CB941AA7-016D-46EA-8BE4-78F4870AC9EC}.Debug|x86.ActiveCfg = Debug|Win32
		{CB941AA7-016D-46EA-8BE4-78F4870AC9EC}.Debug|x86.Build.0 = Debug|Win32
		{CB941AA7-016D-46EA-8BE4-78F4870AC9EC}.Release|x64.ActiveCfg = Release|x64
		{CB941AA7-016D-46EA-8BE4-78F4870AC9EC}.Release|x64.Build.0 = Release|x64
		{CB941AA7-016D-46EA-8BE4-78F4870AC9EC}.Release|x86.ActiveCfg = Release|Win32
		{CB941AA7-016D-46EA-8BE4-78F4870AC9EC}.Release|x86.Build.0 = Release|Win32
		{E2B689CB-CCF6-4D65-882D-DFDCC7FFB9D5}.Debug|x64.ActiveCfg = Debug|x64
		{E2B689CB-CCF6-4D65-882D-DFDCC7FFB9D5}.Debug|x64.Build.0 = Debug|x64
		{E2B689CB-CCF6-4D65-882D-DFDCC7FFB9D5}.Debug|x86.ActiveCfg = Debug|Win32
		{E2B689CB-CCF6-4D65-882D-DFDCC7FFB9D5}.Debug|x86.Build.0 = Debug|Win32
		{E2B689CB-CCF6-4D65-882D-DFDCC7FFB9D5}.Release|x64.ActiveCfg = Release|x64
		{E2B689CB-CCF6-4D65-882D-DFDCC7FFB9D5}.Release|x64.Build.0 = Release|x64
		{E2B689CB-CCF6-4D65-882D-DFDCC7FFB9D5}.Release|x86.ActiveCfg = Release|Win32
		{E2B689CB-CCF6-4D65-882D-DFDCC7FFB9D5}.Release|x86.Build.0 = Release|Win32
		{126F2EEA-FDD3-4F37-9F7B-DF4F5728832A}.Debug|x64.ActiveCfg = Debug|x64
		{126F2EEA-FDD3-4F37-9F7B-DF4F5728832A}.Debug|x64.Build.0 = Debug|x64
		{126F2EEA-FDD3-4F37-9F7B-DF4F5728832A}.Debug|x86.ActiveCfg = Debug|Win32
		{126F2EEA-FDD3-4F37-9F7B-DF4F5728832A}.Debug|x86.Build.0 = Debug|Win32
		{126F2EEA-FDD3-4F37-9F7B-DF4F5728832A}.Release|x64.ActiveCfg = Release|x64
		{126F2EEA-FDD3-4F37-9F7B-DF4F5728832A}.Release|x64.Build.0 = Release|x64
		{126F2EEA-FDD3-4F37-9F7B-DF4F5728832A}.Release|x86.ActiveCfg = Release|Win32
		{126F2EEA-FDD3-4F37-9F7B-DF4F5728832A}.Release|x86.Build.0 = Release|Win32
		{E4247C63-EA5D-425B-B2DD-2259504211D5}.Debug|x64.ActiveCfg = Debug|x64
		{E4247C63-EA5D-425B-B2DD-2259504211D5}.Debug|x64.Build.0 = Debug|x64
		{E4247C63-EA5D-425B-B2DD-2259504211D5}.Debug|x86.ActiveCfg = Debug|Win32
		{E4247C63-EA5D-425B-B2DD-2259504211D5}.Debug|x86.Build.0 = Debug|Win32
		{E4247C63-EA5D-425B-B2DD-2259504211D5}.Release|x64.ActiveCfg = Release|x64
		{E4247C63-EA5D-425B-B2DD-2259504211D5}.Release|x64.Build.0 = Release|x64
		{E4247C63-EA5D-425B-B2DD-2259504211D5}.Release|x86.ActiveCfg = Release|Win32
		{E4247C63-EA5D-425B-B2DD-2259504211D5}.Release|x86.Build.0 = Release|Win32
		{EB322B25-DBD7-4102-BED9-6362C6F8EA44}.Debug|x64.ActiveCfg = Debug|x64
		{EB322B25-DBD7-4102-BED9-6362C6F8EA44}.Debug|x64.Build.0 = Debug|x64
		{EB322B25-DBD7-4102-BED9-6362C6F8EA44}.Debug|x86.ActiveCfg = Debug|Win32
		{EB322B25-DBD7-4102-BED9-6362C6F8EA44}.Debug|x86.Build.0 = Debug|Win32
		{EB322B25-DBD7-4102-BED9-6362C6F8EA44}.Release|x64.ActiveCfg = Release|x64
		{EB322B25-DBD7-4102-BED9-6362C6F8EA44}.Release|x64.Build.0 = Release|x64
		{EB322B25-DBD7-4102-BED9-6362C6F8EA44}.Release|x86.ActiveCfg = Release|Win32
		{EB322B25-DBD7-4102-BED9-6362C6F8EA44}.Release|x86.Build.0 = Release|Win32
		{6CF21510-E44A-41C3-A010-AB83CD29C1C3}.Debug|x64.ActiveCfg = Debug|x64
		{6CF21510-E44A-41C3-A010-AB83CD29C1C3}.Debug|x64.Build.0 = Debug|x64
		{6CF21510-E44A-41C3-A010-AB83CD29C1C3}.Debug|x86.ActiveCfg = Debug|Win32
		{6CF21510-E44A-41C3-A010-AB83CD29C1C3}.Debug|x86.Build.0 = Debug|Win32
		{6CF21510-E44A-41C3-A010-AB83CD29C1C3}.Release|x64.ActiveCfg = Release|x64
		{6CF21510-E44A-41C3-A010-AB83CD29C1C3}.Release|x64.Build.0 = Release|x64
		{6CF21510-E44A-41C3-A010-AB83CD29C1C3}.Release|x86.ActiveCfg = Release|Win32
		{6CF21510-E44A-41C3-A010-AB83CD29C1C3}.Release|x86.Build.0 = Release|Win32
		{7DFBE0DA-DD1C-4EDE-9A69-0611DC9835BF}.Debug|x64.ActiveCfg = Debug|x64
		{7DFBE0DA-DD1C-4EDE-9A69-0611DC9835BF}.Debug|x64.Build.0 = Debug|x64
		{7DFBE0DA-DD1C-4EDE-9A69-0611DC9835BF}.Debug|x86.ActiveCfg = Debug|Win32
		{7DFBE0DA-DD1C-4EDE-9A69-0611DC9835BF}.Debug|x86.Build.0 = Debug|Win32
		{7DFBE0DA-DD1C-4EDE-9A69-0611DC9835BF}.Release|x64.ActiveCfg = Release|x64
		{7DFBE0DA-DD1C-4EDE-9A69-0611DC9835BF}.Release|x64.Build.0 = Release|x64
		{7DFBE0DA-DD1C-4EDE-9A69-0611DC9835BF}.Release|x86.ActiveCfg = Release|Win32
		{7DFBE0DA-DD1C-4EDE-9A69-0611DC9835BF}.Release|x86.Build.0 = Release|Win32
		{D6B27DA0-4840-454A-BB1A-BF5D0A08263B}.Debug|x64.ActiveCfg = Debug|x64
		{D6B27DA0-4840-454A-BB1A-BF5D0A08263B}.Debug|x64.Build.0 = Debug|x64
		{D6B27DA0-4840-454A-BB1A-BF5D0A08263B}.Debug|x86.ActiveCfg = Debug|Win32
		{D6B27DA0-4840-454A-BB1A-BF5D0A08263B}.Debug|x86.Build.0 = Debug|Win32
		{D6B27DA0-4840-454A-BB1A-BF5D0A08263B}.Release|x64.ActiveCfg = Release|x64
		{D6B27DA0-4840-454A-BB1A-BF5D0A08263B}.Release|x64.Build.0 = Release|x64
		{D6B27DA0-4840-454A-BB1A-BF5D0A08263B}.Release|x86.ActiveCfg = Release|Win32
		{D6B27DA0-4840-454A-BB1A-BF5D0A08263B}.Release|x86.Build.0 = Release|Win32
		{494B2994-15E6-4800-8F0B-95F18B3C26C3}.Debug|x64.ActiveCfg = Debug|x64
		{494B2994-15E6-4800-8F0B-95F18B3C26C3}.Debug|x64.Build.0 = Debug|x64
		{494B2994-15E6-4800-8F0B-95F18B3C26C3}.Debug|x86.ActiveCfg = Debug|Win32
		{494B2994-15E6-4800-8F0B-95F18B3C26C3}.Debug|x86.Build.0 = Debug|Win32
		{494B2994-15E6-4800-8F0B-95F18B3C26C3}.Release|x64.ActiveCfg = Release|x64
		{494B2994-15E6-4800-8F0B-95F18B3C26C3}.Release|x64.Build.0 = Release|x64
		{494B2994-15E6-4800-8F0B-95F18B3C26C3}.Release|x86.ActiveCfg = Release|Win32
		{494B2994-15E6-4800-8F0B-95F18B3C26C3}.Release|x86.Build.0 = Release|Win32
		{8EE56D8D-9202-49C1-887C-3F52AD0ADACC}.Debug|x64.ActiveCfg = Debug|x64
		{8EE56D8D-9202-49C1-887C-3F52AD0ADACC}.Debug|x64.Build.0 = Debug|x64
		{8EE56D8D-9202-49C1-887C-3F52AD0ADACC}.Debug|x86.ActiveCfg = Debug|Win32
		{8EE56D8D-9202-49C1-887C-3F52AD0ADACC}.Debug|x86.Build.0 = Debug|Win32
		{8EE56D8D-9202-49C1-887C-3F52AD0ADACC}.Release|x64.ActiveCfg = Release|x64
		{8EE56D8D-9202-49C1-887C-3F52AD0ADACC}.Release|x64.Build.0 = Release|x64
		{8EE56D8D-9202-49C1-887C-3F52AD0ADACC}.Release|x86.ActiveCfg = Release|Win32
		{8EE56D8D-9202-49C1-887C-3F52AD0ADACC}.Release|x86.Build.0 = Release|Win32
		{6773B274-C20C-4D69-95C8-E76B778AF9F6}.Debug|x64.ActiveCfg = Debug|x64
		{6773B274-C20C-4D69-95C8-E76B778AF9F6}.Debug|x64.Build.0 = Debug|x64
		{6773B274-C20C-4D69-95C8-E76B778AF9F6}.Debug|x86.ActiveCfg = Debug|Win32
		{6773B274-C20C-4D69-95C8-E76B778AF9F6}.Debug|x86.Build.0 = Debug|Win32
		{6773B274-C20C-4D69-95C8-E76B778AF9F6}.Release|x64.ActiveCfg = Release|x64
		{6773B274-C20C-4D69-95C8-E76B778AF9F6}.Release|x64.Build.0 = Release|x64
		{6773B274-C20C-4D69-95C8-E76B778AF9F6}.Release|x86.ActiveCfg = Release|Win32
		{6773B274-C20C-4D69-95C8-E76B778AF9F6}.Release|x86.Build.0 = Release|Win32
		{BE6DDB79-5C0F-4B44-8375-510104C1020F}.Debug|x64.ActiveCfg = Debug|x64
		{BE6DDB79-5C0F-4B44-8375-510104C1020F}.Debug|x64.Build.0 = Debug|x64
		{BE6DDB79-5C0F-4B44-8375-510104C1020F}.Debug|x86.ActiveCfg = Debug|Win32
		{BE6DDB79-5C0F-4B44-8375-510104C1020F}.Debug|x86.Build.0 = Debug|Win32
		{BE6DDB79-5C0F-4B44-8375-510104C1020F}.Release|x64.ActiveCfg = Release|x64
		{BE6DDB79-5C0F-4B44-8375-510104C1020F}.Release|x64.Build.0 = Release|x64
		{BE6DDB79-5C0F-4B44-8375-510104C1020F}.Release|x86.ActiveCfg = Release|Win32
		{BE6DDB79-5C0F-4B44-8375-510104C1020F}.Release|x86.Build.0 = Release|Win32
		{86B733CA-9427-4BC6-BE78-B85CC22B06B9}.Debug|x64.ActiveCfg = Debug|x64
		{86B733CA-9427-4BC6-BE78-B85CC22B06B9}.Debug|x64.Build.0 = Debug|x64
		{86B733CA-9427-4BC6-BE78-B85CC22B06B9}.Debug|x86.ActiveCfg = Debug|Win32
		{86B733CA-9427-4BC6-BE78-B85CC22B06B9}.Debug|x86.Build.0 = Debug|Win32
		{86B733CA-9427-4BC6-BE78-B85CC22B06B9}.Release|x64.ActiveCfg = Release|x64
		{86B733CA-9427-4BC6-BE78-B85CC22B06B9}.Release|x64.Build.0 = Release|x64
		{86B733CA-9427-4BC6-BE78-B85CC22B06B9}.Release|x86.ActiveCfg = Release|Win32
		{86B733CA-9427-4BC6-BE78-B85CC22B06B9}.Release|x86.Build.0 = Release|Win32
		{EB7459FE-D48F-45A2-99F7-58E619BDBC13}.Debug|x64.ActiveCfg = Debug|x64
		{EB7459FE-D48F-45A2-99F7-58E619BDBC13}.Debug|x64.Build.0 = Debug|x64
		{EB7459FE-D48F-45A2-99F7-58E619BDBC13}.Debug|x86.ActiveCfg = Debug|Win32
		{EB7459FE-D48F-45A2-99F7-58E619BDBC13}.Debug|x86.Build.0 = Debug|Win32
		{EB7459FE-D48F-45A2-99F7-58E619BDBC13}.Release|x64.ActiveCfg = Release|x64
		{EB7459FE-D48F-45A2-99F7-58E619BDBC13}.Release|x64.Build.0 = Release|x64
		{EB7459FE-D48F-45A2-99F7-58E619BDBC13}.Release|x86.ActiveCfg = Release|Win32
		{EB7459FE-D48F-45A2-99F7-58E619BDBC13}.Release|x86.Build.0 = Release|Win32
		{1DFBEE09-AE31-42FF-BA1A-E0DA5E9FB0E8}.Debug|x64.ActiveCfg = Debug|x64
		{1DFBEE09-AE31-42FF-BA1A-E0DA5E9FB0E8}.Debug|x64.Build.0 = Debug|x64
		{1DFBEE09-AE31-42FF-BA1A-E0DA5E9FB0E8}.Debug|x86.ActiveCfg = Debug|Win32
		{1DFBEE09-AE31-42FF-BA1A-E0DA5E9FB0E8}.Debug|x86.Build.0 = Debug|Win32
		{1DFBEE09-AE31-42FF-BA1A-E0DA5E9FB0E8}.Release|x64.ActiveCfg = Release|x64
		{1DFBEE09-AE31-42FF-BA1A-E0DA5E9FB0E8}.Release|x64.Build.0 = Release|x64
		{1DFBEE09-AE31-42FF-BA1A-E0DA5E9FB0E8}.Release|x86.ActiveCfg = Release|Win32
		{1DFBEE09-AE31-42FF-BA1A-E0DA5E9FB0E8}.Release|x86.Build.0 = Release|Win32
		{0CAE7671-AF33-4B16-A015-F71BFA4C1FF7}.Debug|x64.ActiveCfg = Debug|x64
		{0CAE7671-AF33-4B16-A015-F71BFA4C1FF7}.Debug|x64.Build.0 = Debug|x64
		{0CAE7671-AF33-4B16-A015-F71BFA4C1FF7}.Debug|x86.ActiveCfg = Debug|Win32
		{0CAE7671-AF33-4B16-A015-F71BFA4C1FF7}.Debug|x86.Build.0 = Debug|Win32
		{0CAE7671-AF33-4B16-A015-F71BFA4C1FF7}.Release|x64.ActiveCfg = Release|x64
		{0CAE7671-AF33-4B16-A015-F71BFA4C1FF7}.Release|x64.Build.0 = Release|x64
		{0CAE7671-AF33-4B16-A015-F71BFA4C1FF7}.Release|x86.ActiveCfg = Release|Win32
		{0CAE7671-AF33-4B16-A015-F71BFA4C1FF7}.Release|x86.Build.0 = Release|Win32
		{C8B0B88F-C767-493B-9830-7776A16D0B45}.Debug|x64.ActiveCfg = Debug|x64
		{C8B0B88F-C767-493B-9830-7776A16D0B45}.Debug|x64.Build.0 = Debug|x64
		{C8B0B88F-C767-493B-9830-7776A16D0B45}.Debug|x86.ActiveCfg = Debug|Win32
		{C8B0B88F-C767-493B-9830-7776A16D0B45}.Debug|x86.Build.0 = Debug|Win32
		{C8B0B88F-C767-493B-9830-7776A16D0B45}.Release|x64.ActiveCfg = Release|x64
		{C8B0B88F-C767-493B-9830-7776A16D0B45}.Release|x64.Build.0 = Release|x64
		{C8B0B88F-C767-493B-9830-7776A16D0B45}.Release|x86.ActiveCfg = Release|Win32
		{C8B0B88F-C767-493B-9830-7776A16D0B45}.Release|x86.Build.0 = Release|Win32
		{E846350E-89A8-4FAE-84EE-7DD22D0FCB2E}.Debug|x64.ActiveCfg = Debug|x64
		{E846350E-89A8-4FAE-84EE-7DD22D0FCB2E}.Debug|x64.Build.0 = Debug|x64
		{E846350E-89A8-4FAE-84EE-7DD22D0FCB2E}.Debug|x86.ActiveCfg = Debug|Win32
		{E846350E-89A8-4FAE-84EE-7DD22D0FCB2E}.Debug|x86.Build.0 = Debug|Win32
		{E846350E-89A8-4FAE-84EE-7DD22D0FCB2E}.Release|x64.ActiveCfg = Release|x64
		{E846350E-89A8-4FAE-84EE-7DD22D0FCB2E}.Release|x64.Build.0 = Release|x64
		{E846350E-89A8-4FAE-84EE-7DD22D0FCB2E}.Release|x86.ActiveCfg = Release|Win32
		{E846350E-89A8-4FAE-84EE-7DD22D0FCB2E}.Release|x86.Build.0 = Release|Win32
		{80903729-3405-43F1-86BE-4FBD75A323EF}.Debug|x64.ActiveCfg = Debug|x64
		{80903729-3405-43F1-86BE-4FBD75A323EF}.Debug|x64.Build.0 = Debug|x64
		{80903729-3405-43F1-86BE-4FBD75A323EF}.Debug|x86.ActiveCfg = Debug|Win32
		{80903729-3405-43F1-86BE-4FBD75A323EF}.Debug|x86.Build.0 = Debug|Win32
		{80903729-3405-43F1-86BE-4FBD75A323EF}.Release|x64.ActiveCfg = Release|x64
		{80903729-3405-43F1-86BE-4FBD75A323EF}.Release|x64.Build.0 = Release|x64
		{80903729-3405-43F1-86BE-4FBD75A323EF}.Release|x86.ActiveCfg = Release|Win32
		{80903729-3405-43F1-86BE-4FBD75A323EF}.Release|x86.Build.0 = Release|Win32
		{E5402C47-DFF0-42C1-99BA-866E23B0F1CF}.Debug|x64.ActiveCfg = Debug|x64
		{E5402C47-DFF0-42C1-99BA-866E23B0F1CF}.Debug|x64.Build.0 = Debug|x64
		{E5402C47-DFF0-42C1-99BA-866E23B0F1CF}.Debug|x86.ActiveCfg = Debug|Win32
		{E5402C47-DFF0-42C1-99BA-866E23B0F1CF}.Debug|x86.Build.0 = Debug|Win32
		{E5402C47-DFF0-42C1-99BA-866E23B0F1CF}.Release|x64.ActiveCfg = Release|x64
		{E5402C47-DFF0-42C1-99BA-866E23B0F1CF}.Release|x64.Build.0 = Release|x64
		{E5402C47-DFF0-42C1-99BA-866E23B0F1CF}.Release|x86.ActiveCfg = Release|Win32
		{E5402C47-DFF0-42C1-99BA-866E23B0F1CF}.Release|x86.Build.0 = Release|Win32
		{3C3B8930-A16D-4A8C-8D43-954BD78833B3}.Debug|x64.ActiveCfg = Debug|x64
		{3C3B8930-A16D-4A8C-8D43-954BD78833B3}.Debug|x64.Build.0 = Debug|x64
		{3C3B8930-A16D-4A8C-8D43-954BD78833B3}.Debug|x86.ActiveCfg = Debug|Win32
		{3C3B8930-A16D-4A8C-8D43-954BD78833B3}.Debug|x86.Build.0 = Debug|Win32
		{3C3B8930-A16D-4A8C-8D43-954BD78833B3}.Release|x64.ActiveCfg = Release|x64
		{3C3B8930-A16D-4A8C-8D43-954BD78833B3}.Release|x64.Build.0 = Release|x64
		{3C3B8930-A16D-4A8C-8D43-954BD78833B3}.Release|x86.ActiveCfg = Release|Win32
		{3C3B8930-A16D-4A8C-8D43-954BD78833B3}.Release|x86.Build.0 = Release|Win32
		{CF9947E3-741C-4999-9D2D-B7524A81F7EB}.Debug|x64.ActiveCfg = Debug|x64
		{CF9947E3-741C-4999-9D2D-B7524A81F7EB}.Debug|x64.Build.0 = Debug|x64
		{CF9947E3-741C-4999-9D2D-B7524A81F7EB}.Debug|x86.ActiveCfg = Debug|Win32
		{CF9947E3-741C-4999-9D2D-B7524A81F7EB}.Debug|x86.Build.0 = Debug|Win32
		{CF9947E3-741C-4999-9D2D-B7524A81F7EB}.Release|x64.ActiveCfg = Release|x64
		{CF9947E3-741C-4999-9D2D-B7524A81F7EB}.Release|x64.Build.0 = Release|x64
		{CF9947E3-741C-4999-9D2D-B7524A81F7EB}.Release|x86.ActiveCfg = Release|Win32
		{CF9947E3-741C-4999-9D2D-B7524A81F7EB}.Release|x86.Build.0 = Release|Win32
		{A061976C-126B-4A03-B370-98B67E184A68}.Debug|x64.ActiveCfg = Debug|x64
		{A061976C-126B-4A03-B370-98B67E184A68}.Debug|x64.Build.0 = Debug|x64
		{A061976C-126B-4A03-B370-98B67E184A68}.Debug|x86.ActiveCfg = Debug|Win32
		{A061976C-126B-4A03-B370-98B67E184A68}.Debug|x86.Build.0 = Debug|Win32
		{A061976C-126B-4A03-B370-98B67E184A68}.Release|x64.ActiveCfg = Release|x64
		{A061976C-126B-4A03-B370-98B67E184A68}.Release|x64.Build.0 = Release|x64
		{A061976C-126B-4A03-B370-98B67E184A68}.Release|x86.ActiveCfg = Release|Win32
		{A061976C-126B-4A03-B370-98B67E184A68}.Release|x86.Build.0 = Release|Win32
		{CCB55E1A-05E1-439A-B668-FB1D88BD3E7E}.Debug|x64.ActiveCfg = Debug|x64
		{CCB55E1A-05E1-439A-B668-FB1D88BD3E7E}.Debug|x64.Build.0 = Debug|x64
		{CCB55E1A-05E1-439A-B668-FB1D88BD3E7E}.Debug|x86.ActiveCfg = Debug|Win32
		{CCB55E1A-05E1-439A-B668-FB1D88BD3E7E}.Debug|x86.Build.0 = Debug|Win32
		{CCB55E1A-05E1-439A-B668-FB1D88BD3E7E}.Release|x64.ActiveCfg = Release|x64
		{CCB55E1A-05E1-439A-B668-FB1D88BD3E7E}.Release|x64.Build.0 = Release|x64
		{CCB55E1A-05E1-439A-B668-FB1D88BD3E7E}.Release|x86.ActiveCfg = Release|Win32
		{CCB55E1A-05E1-439A-B668-FB1D88BD3E7E}.Release|x86.Build.0 = Release|Win32
		{521F62E3-5C97-4350-8F06-B362F2218C39}.Debug|x64.ActiveCfg = Debug|x64
		{521F62E3-5C97-4350-8F06-B362F2218C39}.Debug|x64.Build.0 = Debug|x64
		{521F62E3-5C97-4350-8F06-B362F2218C39}.Debug|x86.ActiveCfg = Debug|Win32
		{521F62E3-5C97-4350-8F06-B362F2218C39}.Debug|x86.Build.0 = Debug|Win32
		{521F62E3-5C97-4350-8F06-B362F2218C39}.Release|x64.ActiveCfg = Release|x64
		{521F62E3-5C97-4350-8F06-B362F2218C39}.Release|x64.Build.0 = Release|x64
		{521F62E3-5C97-4350-8F06-B362F2218C39}.Release|x86.ActiveCfg = Release|Win32
		{521F62E3-5C97-4350-8F06-B362F2218C39}.Release|x86.Build.0 = Release|Win32
		{63984F0C-9D26-4B52-8083-5252F6165E3C}.Debug|x64.ActiveCfg = Debug|x64
		{63984F0C-9D26-4B52-8083-5252F6165E3C}.Debug|x64.Build.0 = Debug|x64
		{63984F0C-9D26-4B52-8083-5252F6165E3C}.Debug|x86.ActiveCfg = Debug|Win32
		{63984F0C-9D26-4B52-8083-5252F6165E3C}.Debug|x86.Build.0 = Debug|Win32
		{63984F0C-9D26-4B52-8083-5252F6165E3C}.Release|x64.ActiveCfg = Release|x64
		{63984F0C-9D26-4B52-8083-5252F6165E3C}.Release|x64.Build.0 = Release|x64
		{63984F0C-9D26-4B52-8083-5252F6165E3C}.Release|x86.ActiveCfg = Release|Win32
		{63984F0C-9D26-4B52-8083-5252F6165E3C}.Release|x86.Build.0 = Release|Win32
		{35D5C90B-DEE5-4775-9559-1B077AF02915}.Debug|x64.ActiveCfg = Debug|x64
		{35D5C90B-DEE5-4775-9559-1B077AF02915}.Debug|x64.Build.0 = Debug|x64
		{35D5C90B-DEE5-4775-9559-1B077AF02915}.Debug|x86.ActiveCfg = Debug|Win32
		{35D5C90B-DEE5-4775-9559-1B077AF02915}.Debug|x86.Build.0 = Debug|Win32
		{35D5C90B-DEE5-4775-9559-1B077AF02915}.Release|x64.ActiveCfg = Release|x64
		{35D5C90B-DEE5-4775-9559-1B077AF02915}.Release|x64.Build.0 = Release|x64
		{35D5C90B-DEE5-4775-9559-1B077AF02915}.Release|x86.ActiveCfg = Release|Win32
		{35D5C90B-DEE5-4775-9559-1B077AF02915}.Release|x86.Build.0 = Release|Win32
		{FF962ACB-9D88-4CF7-A215-8ED979ABB232}.Debug|x64.ActiveCfg = Debug|x64
		{FF962ACB-9D88-4CF7-A215-8ED979ABB232}.Debug|x64.Build.0 = Debug|x64
		{FF962ACB-9D88-4CF7-A215-8ED979ABB232}.Debug|x86.ActiveCfg = Debug|Win32
		{FF962ACB-9D88-4CF7-A215-8ED979ABB232}.Debug|x86.Build.0 = Debug|Win32
		{FF962ACB-9D88-4CF7-A215-8ED979ABB232}.Release|x64.ActiveCfg = Release|x64
		{FF962ACB-9D88-4CF7-A215-8ED979ABB232}.Release|x64.Build.0 = Release|x64
		{FF962ACB-9D88-4CF7-A215-8ED979ABB232}.Release|x86.ActiveCfg = Release|Win32
		{FF962ACB-9D88-4CF7-A215-8ED979ABB232}.Release|x86.Build.0 = Release|Win32
		{EFB66FB7-FA28-43BB-8530-B996D4A9EA5B}.Debug|x64.ActiveCfg = Debug|x64
		{EFB66FB7-FA28-43BB-8530-B996D4A9EA5B}.Debug|x64.Build.0 = Debug|x64
		{EFB66FB7-FA28-43BB-8530-B996D4A9EA5B}.Debug|x86.ActiveCfg = Debug|Win32
		{EFB66FB7-FA28-43BB-8530-B996D4A9EA5B}.Debug|x86.Build.0 = Debug|Win32
		{EFB66FB7-FA28-43BB-8530-B996D4A9EA5B}.Release|x64.ActiveCfg = Release|x64
		{EFB66FB7-FA28-43BB-8530-B996D4A9EA5B}.Release|x64.Build.0 = Release|x64
		{EFB66FB7-FA28-43BB-8530-B996D4A9EA5B}.Release|x86.ActiveCfg = Release|Win32
		{EFB66FB7-FA28-43BB-8530-B996D4A9EA5B}.Release|x86.Build.0 = Release|Win32
		{22DC9B15-7055-42FA-9498-07A961B0C975}.Debug|x64.ActiveCfg = Debug|x64
		{22DC9B15-7055-42FA-9498-07A961B0C975}.Debug|x64.Build.0 = Debug|x64
		{22DC9B15-7055-42FA-9498-07A961B0C975}.Debug|x86.ActiveCfg = Debug|Win32
		{22DC9B15-7055-42FA-9498-07A961B0C975}.Debug|x86.Build.0 = Debug|Win32
		{22DC9B15-7055-42FA-9498-07A961B0C975}.Release|x64.ActiveCfg = Release|x64
		{22DC9B15-7055-42FA-9498-07A961B0C975}.Release|x64.Build.0 = Release|x64
		{22DC9B15-7055-42FA-9498-07A961B0C975}.Release|x86.ActiveCfg = Release|Win32
		{22DC9B15-7055-42FA-9498-07A961B0C975}.Release|x86.Build.0 = Release|Win32
		{36E8FE28-B074-45BF-8D03-66CED3CF757E}.Debug|x64.ActiveCfg = Debug|x64
		{36E8FE28-B074-45BF-8D03-66CED3CF757E}.Debug|x64.Build.0 = Debug|x64
		{36E8FE28-B074-45BF-8D03-66CED3CF757E}.Debug|x86.ActiveCfg = Debug|Win32
		{36E8FE28-B074-45BF-8D03-66CED3CF757E}.Debug|x86.Build.0 = Debug|Win32
		{36E8FE28-B074-45BF-8D03-66CED3CF757E}.Release|x64.ActiveCfg = Release|x64
		{36E8FE28-B074-45BF-8D03-66CED3CF757E}.Release|x64.Build.0 = Release|x64
		{36E8FE28-B074-45BF-8D03-66CED3CF757E}.Release|x86.ActiveCfg = Release|Win32
		{36E8FE28-B074-45BF-8D03-66CED3CF757E}.Release|x86.Build.0 = Release|Win32
		{E8CCB0C4-414F-4B3F-82EF-9DA775E416DF}.Debug|x64.ActiveCfg = Debug|x64
		{E8CCB0C4-414F-4B3F-82EF-9DA775E416DF}.Debug|x64.Build.0 = Debug|x64
		{E8CCB0C4-414F-4B3F-82EF-9DA775E416DF}.Debug|x86.ActiveCfg = Debug|Win32
		{E8CCB0C4-414F-4B3F-82EF-9DA775E416DF}.Debug|x86.Build.0 = Debug|Win32
		{E8CCB0C4-414F-4B3F-82EF-9DA775E416DF}.Release|x64.ActiveCfg = Release|x64
		{E8CCB0C4-414F-4B3F-82EF-9DA775E416DF}.Release|x64.Build.0 = Release|x64
		{E8CCB0C4-414F-4B3F-82EF-9DA775E416DF}.Release|x86.ActiveCfg = Release|Win32
		{E8CCB0C4-414F-4B3F-82EF-9DA775E416DF}.Release|x86.Build.0 = Release|Win32
		{FFF5724D-23A8-4500-B3E5-8EEC23401756}.Debug|x64.ActiveCfg = Debug|x64
		{FFF5724D-23A8-4500-B3E5-8EEC23401756}.Debug|x64.Build.0 = Debug|x64
		{FFF5724D-23A8-4500-B3E5-8EEC23401756}.Debug|x86.ActiveCfg = Debug|Win32
		{FFF5724D-23A8-4500-B3E5-8EEC23401756}.Debug|x86.Build.0 = Debug|Win32
		{FFF5724D-23A8-4500-B3E5-8EEC23401756}.Release|x64.ActiveCfg = Release|x64
		{FFF5724D-23A8-4500-B3E5-8EEC23401756}.Release|x64.Build.0 = Release|x64
		{FFF5724D-23A8-4500-B3E5-8EEC23401756}.Release|x86.ActiveCfg = Release|Win32
		{FFF5724D-23A8-4500-B3E5-8EEC23401756}.Release|x86.Build.0 = Release|Win32
		{BF44B2B8-FE81-407B-8218-35F5A42174CA}.Debug|x64.ActiveCfg = Debug|x64
		{BF44B2B8-FE81-407B-8218-35F5A42174CA}.Debug|x64.Build.0 = Debug|x64
		{BF44B2B8-FE81-407B-8218-35F5A42174CA}.Debug|x86.ActiveCfg = Debug|Win32
		{BF44B2B8-FE81-407B-8218-35F5A42174CA}.Debug|x86.Build.0 = Debug|Win32
		{BF44B2B8-FE81-407B-8218-35F5A42174CA}.Release|x64.ActiveCfg = Release|x64
		{BF44B2B8-FE81-407B-8218-35F5A42174CA}.Release|x64.Build.0 = Release|x64
		{BF44B2B8-FE81-407B-8218-35F5A42174CA}.Release|x86.ActiveCfg = Release|Win32
		{BF44B2B8-FE81-407B-8218-35F5A42174CA}.Release|x86.Build.0 = Release|Win32
		{634E2E92-CE2A-4DE4-B53F-6D8FE37E50F1}.Debug|x64.ActiveCfg = Debug|x64
		{634E2E92-CE2A-4DE4-B53F-6D8FE37E50F1}.Debug|x64.Build.0 = Debug|x64
		{634E2E92-CE2A-4DE4-B53F-6D8FE37E50F1}.Debug|x86.ActiveCfg = Debug|Win32
		{634E2E92-CE2A-4DE4-B53F-6D8FE37E50F1}.Debug|x86.Build.0 = Debug|Win32
		{634E2E92-CE2A-4DE4-B53F-6D8FE37E50F1}.Release|x64.ActiveCfg = Release|x64
		{634E2E92-CE2A-4DE4-B53F-6D8FE37E50F1}.Release|x64.Build.0 = Release|x64
		{634E2E92-CE2A-4DE4-B53F-6D8FE37E50F1}.Release|x86.ActiveCfg = Release|Win32
		{634E2E92-CE2A-4DE4-B53F-6D8FE37E50F1}.Release|x86.Build.0 = Release|Win32
	EndGlobalSection
	GlobalSection(SolutionProperties) = preSolution
		HideSolutionNode = FALSE
	EndGlobalSection
	GlobalSection(ExtensibilityGlobals) = postSolution
		SolutionGuid = {417F8442-2819-4A71-A880-491475696D43}
	EndGlobalSection
EndGlobal
