
Microsoft Visual Studio Solution File, Format Version 12.00
# Visual Studio Version 16
VisualStudioVersion = 16.0.29215.179
MinimumVisualStudioVersion = 10.0.40219.1
Project("{2150E333-8FDC-42A3-9474-1A3956D46DE8}") = "Solution Items", "Solution Items", "{20DF7110-5D32-4EF2-82AB-2F83A554E20D}"
EndProject
Project("{8BC9CEB8-8B4A-11D0-8D11-00A0C91BC942}") = "3-b2(c)", "3-b2(c)\3-b2(c).vcxproj", "{98EBEFCC-0A52-4B79-BE4E-D03D86E5BDB3}"
EndProject
Project("{8BC9CEB8-8B4A-11D0-8D11-00A0C91BC942}") = "3-b3(c++)", "3-b3(c++)\3-b3(c++).vcxproj", "{1ABDE6B4-C57B-45FF-8792-3DCE8A812D7D}"
EndProject
Project("{8BC9CEB8-8B4A-11D0-8D11-00A0C91BC942}") = "3-b4(c++)", "3-b4(c++)\3-b4(c++).vcxproj", "{3E2BBBDD-9195-4C61-88C0-5C28699DEED0}"
EndProject
Project("{8BC9CEB8-8B4A-11D0-8D11-00A0C91BC942}") = "3-b4(c)", "3-b4(c)\3-b4(c).vcxproj", "{CF64104B-0F0F-49B3-9DF0-D95931913C11}"
EndProject
Project("{8BC9CEB8-8B4A-11D0-8D11-00A0C91BC942}") = "3-b3(c)", "3-b3(c)\3-b3(c).vcxproj", "{29EBF624-DDE3-485D-9764-288278E48A0C}"
EndProject
Project("{8BC9CEB8-8B4A-11D0-8D11-00A0C91BC942}") = "3-2(c)", "3-2(c)\3-2(c).vcxproj", "{6862B887-9002-40BD-8225-D09BEEF8B191}"
EndProject
Project("{8BC9CEB8-8B4A-11D0-8D11-00A0C91BC942}") = "3-2(c++)", "3-2(c++)\3-2(c++).vcxproj", "{5E31232E-2B9B-485E-8826-489CC5E262B3}"
EndProject
Project("{8BC9CEB8-8B4A-11D0-8D11-00A0C91BC942}") = "3-3(c++)", "3-3(c++)\3-3(c++).vcxproj", "{79BC96C8-6D06-4C81-8F67-5524F2C7490E}"
EndProject
Project("{8BC9CEB8-8B4A-11D0-8D11-00A0C91BC942}") = "3-b1", "3-b1\3-b1.vcxproj", "{9E4D4A7F-0249-4B20-AE39-0DBCAAA061BB}"
EndProject
Project("{8BC9CEB8-8B4A-11D0-8D11-00A0C91BC942}") = "3-b2(c++)", "3-b2(c++)\3-b2(c++).vcxproj", "{37C46024-A89E-4235-A72A-69037AAF3E9C}"
EndProject
Project("{8BC9CEB8-8B4A-11D0-8D11-00A0C91BC942}") = "3-3(c)", "3-3(c)\3-3(c).vcxproj", "{476C52A9-78AA-4EC5-83B4-853F672F987C}"
EndProject
Project("{8BC9CEB8-8B4A-11D0-8D11-00A0C91BC942}") = "3-10", "3-10\3-10.vcxproj", "{55586E84-1B17-46D2-B1A5-19A5CE634396}"
EndProject
Project("{8BC9CEB8-8B4A-11D0-8D11-00A0C91BC942}") = "3-12(c)", "3-12(c)\3-12(c).vcxproj", "{16A653E6-A428-44B9-B88B-B02FD84628E4}"
EndProject
Project("{8BC9CEB8-8B4A-11D0-8D11-00A0C91BC942}") = "3-12（c++）", "3-12（c++）\3-12（c++）.vcxproj", "{54B50E23-9DF2-4814-A8A0-0890A7F0F190}"
EndProject
Project("{8BC9CEB8-8B4A-11D0-8D11-00A0C91BC942}") = "3-13-1", "3-13-1\3-13-1.vcxproj", "{7DEAB92F-9081-4228-A24C-3DDE0C9E24F0}"
EndProject
Project("{8BC9CEB8-8B4A-11D0-8D11-00A0C91BC942}") = "3-13-2", "3-13-2\3-13-2.vcxproj", "{7E174E00-DD9B-44A8-A790-49DCC746B11F}"
EndProject
Project("{8BC9CEB8-8B4A-11D0-8D11-00A0C91BC942}") = "3-14", "3-14\3-14.vcxproj", "{44ED1059-87D2-4E91-A6B4-6E3D0DC33134}"
EndProject
Project("{8BC9CEB8-8B4A-11D0-8D11-00A0C91BC942}") = "3-b5(c)", "3-b5\3-b5.vcxproj", "{03AE58A0-96FA-41AB-AE72-7BC3A4F41021}"
EndProject
Project("{8BC9CEB8-8B4A-11D0-8D11-00A0C91BC942}") = "3-b5(c++)", "3-b5(c++)\3-b5(c++).vcxproj", "{FD85E292-9479-4730-9913-FF8BC4677ABF}"
EndProject
Project("{8BC9CEB8-8B4A-11D0-8D11-00A0C91BC942}") = "3-b6", "3-b6\3-b6.vcxproj", "{AA230E57-3C99-493A-8C00-5E2F022A4C69}"
EndProject
Project("{8BC9CEB8-8B4A-11D0-8D11-00A0C91BC942}") = "3-b7", "3-b7\3-b7.vcxproj", "{2A74B73A-CE0E-47F3-A3B5-F4C8134C76AF}"
EndProject
Project("{8BC9CEB8-8B4A-11D0-8D11-00A0C91BC942}") = "3-b8", "3-b8\3-b8.vcxproj", "{7E728579-C6C7-41C5-9FC0-D7EF658E0D1E}"
EndProject
Project("{8BC9CEB8-8B4A-11D0-8D11-00A0C91BC942}") = "3-b9(c)", "3-b9(c)\3-b9(c).vcxproj", "{67442AAF-D207-4BB6-96D6-DD2F0611B2D1}"
EndProject
Project("{8BC9CEB8-8B4A-11D0-8D11-00A0C91BC942}") = "3-b9(c++)", "3-b9(c++)\3-b9(c++).vcxproj", "{A6B45185-65D7-4EE9-9076-ADDFDDBC8088}"
EndProject
Project("{8BC9CEB8-8B4A-11D0-8D11-00A0C91BC942}") = "3-b10", "3-b10\3-b10.vcxproj", "{CE24B7BC-1340-4E13-A9EE-83D7239E31C9}"
EndProject
Project("{8BC9CEB8-8B4A-11D0-8D11-00A0C91BC942}") = "3-b11", "3-b11\3-b11.vcxproj", "{ED9B6787-92C4-4BCE-985C-DD60A8DCF89E}"
EndProject
Project("{8BC9CEB8-8B4A-11D0-8D11-00A0C91BC942}") = "3-20(c)", "3-20(c)\3-20(c).vcxproj", "{7380234F-EF4D-450E-855A-F01BFB7BBE67}"
EndProject
Project("{8BC9CEB8-8B4A-11D0-8D11-00A0C91BC942}") = "3-20(c++)", "3-20(c++)\3-20(c++).vcxproj", "{0EF5E750-B62D-48CE-9B15-0A5CD064D97E}"
EndProject
Project("{8BC9CEB8-8B4A-11D0-8D11-00A0C91BC942}") = "3-22", "3-22\3-22.vcxproj", "{E92F9504-5426-42A3-B2C6-7BB449B0111E}"
EndProject
Project("{8BC9CEB8-8B4A-11D0-8D11-00A0C91BC942}") = "3-23", "3-23\3-23.vcxproj", "{E3832FF6-D02A-484A-BEDF-66BC5F89B60B}"
EndProject
Project("{8BC9CEB8-8B4A-11D0-8D11-00A0C91BC942}") = "3-b14(c)", "3-b14(c)\3-b14(c).vcxproj", "{997A2B18-24BB-4FE7-86EC-CB7DD07CABE7}"
EndProject
Project("{8BC9CEB8-8B4A-11D0-8D11-00A0C91BC942}") = "3-b14(c++)", "3-b14(c++)\3-b14(c++).vcxproj", "{8FE2D6F6-0D53-4B9F-B786-75C85BADE700}"
EndProject
Project("{8BC9CEB8-8B4A-11D0-8D11-00A0C91BC942}") = "3-b15", "3-b15\3-b15.vcxproj", "{DE51FD4A-1D62-401E-8B4B-D02AA5CCBBDF}"
EndProject
Project("{8BC9CEB8-8B4A-11D0-8D11-00A0C91BC942}") = "3-b16", "3-b16\3-b16.vcxproj", "{5F8D950B-2182-435C-B3BA-AB898D62EDC0}"
EndProject
Project("{8BC9CEB8-8B4A-11D0-8D11-00A0C91BC942}") = "3-b17", "3-b17\3-b17.vcxproj", "{C2D3ABFF-14B5-41BB-BA55-B48178686EA3}"
EndProject
Project("{8BC9CEB8-8B4A-11D0-8D11-00A0C91BC942}") = "3-b18(c++)", "3-b18(c++)\3-b18(c++).vcxproj", "{3D3F2B00-90F7-4768-B274-09E4B2831843}"
EndProject
Project("{8BC9CEB8-8B4A-11D0-8D11-00A0C91BC942}") = "3-b18(c)", "3-b18(c)\3-b18(c).vcxproj", "{61A5D43A-D96A-416D-BA79-58D6A28D8A12}"
EndProject
Project("{8BC9CEB8-8B4A-11D0-8D11-00A0C91BC942}") = "3-b19-linux(c++)", "3-b19-linux(c++)\3-b19-linux(c++).vcxproj", "{01F532D9-1341-4152-AED9-2A1C56ABACFC}"
EndProject
Project("{8BC9CEB8-8B4A-11D0-8D11-00A0C91BC942}") = "3-b20-1", "3-b20-1\3-b20-1.vcxproj", "{91D1588E-C1DE-48D6-ADAD-067A70101537}"
EndProject
Project("{8BC9CEB8-8B4A-11D0-8D11-00A0C91BC942}") = "3-b19-linux(c)", "3-b19-linux(c)\3-b19-linux(c).vcxproj", "{4DE708D5-43F1-49F6-9670-7CE65028D9DF}"
EndProject
Project("{8BC9CEB8-8B4A-11D0-8D11-00A0C91BC942}") = "3-b19(c++)", "3-b19(c++)\3-b19(c++).vcxproj", "{687DC836-AD60-4765-ABDA-DE7887347970}"
EndProject
Project("{8BC9CEB8-8B4A-11D0-8D11-00A0C91BC942}") = "3-b19(c)", "3-b19(c)\3-b19(c).vcxproj", "{8BED9DEF-F20A-4EFE-ABBD-887DD3DCD181}"
EndProject
Project("{8BC9CEB8-8B4A-11D0-8D11-00A0C91BC942}") = "3-b20-2", "3-b20-2\3-b20-2.vcxproj", "{22E4013B-7F19-44A2-968D-400EE265E9B9}"
EndProject
Project("{8BC9CEB8-8B4A-11D0-8D11-00A0C91BC942}") = "3-b20-3", "3-b20-3\3-b20-3.vcxproj", "{57A25C7E-E2E2-4DD1-85F9-E15965529D40}"
EndProject
Project("{8BC9CEB8-8B4A-11D0-8D11-00A0C91BC942}") = "3-b20-4", "3-b20-4\3-b20-4.vcxproj", "{8C69BE58-DA0A-4FA3-9749-5CEA39218E4A}"
EndProject
Project("{8BC9CEB8-8B4A-11D0-8D11-00A0C91BC942}") = "3-b20-5", "3-b20-5\3-b20-5.vcxproj", "{88E46F4E-3A80-4AF4-B0AC-DFA0017622F9}"
EndProject
Project("{8BC9CEB8-8B4A-11D0-8D11-00A0C91BC942}") = "3-b21(c++)", "3-b21(c++)\3-b21(c++).vcxproj", "{6FDE6C62-D39B-4894-AF37-466637F8EB7D}"
EndProject
Project("{8BC9CEB8-8B4A-11D0-8D11-00A0C91BC942}") = "3-b21(c)", "3-b21(c)\3-b21(c).vcxproj", "{2EF81CCA-1DFC-437C-9F85-E66E3DC8CE02}"
EndProject
Project("{8BC9CEB8-8B4A-11D0-8D11-00A0C91BC942}") = "3-b22", "3-b22\3-b22.vcxproj", "{5069F363-7AEE-4589-AADC-825E7C02C5A8}"
EndProject
Project("{8BC9CEB8-8B4A-11D0-8D11-00A0C91BC942}") = "4-2", "4-2\4-2.vcxproj", "{87E47761-C674-41A2-AB22-30F76F59A797}"
EndProject
Project("{8BC9CEB8-8B4A-11D0-8D11-00A0C91BC942}") = "4-7", "4-7\4-7.vcxproj", "{53C6E08E-5F17-4ADD-BA84-E220E28197FD}"
EndProject
Project("{8BC9CEB8-8B4A-11D0-8D11-00A0C91BC942}") = "4-6", "4-6\4-6.vcxproj", "{AABF95D4-4BAB-4A3E-9286-FB14E45450E2}"
EndProject
Project("{8BC9CEB8-8B4A-11D0-8D11-00A0C91BC942}") = "4-b1", "4-b1\4-b1.vcxproj", "{DA1821D1-19CE-4F62-BDBB-4342F478AA2D}"
EndProject
Project("{8BC9CEB8-8B4A-11D0-8D11-00A0C91BC942}") = "4-b2-1", "4-b2-1\4-b2-1.vcxproj", "{9DF5A261-FD4A-419F-81B4-86438F38D33C}"
EndProject
Project("{8BC9CEB8-8B4A-11D0-8D11-00A0C91BC942}") = "4-b2-2", "4-b2-2\4-b2-2.vcxproj", "{E135D681-981B-42F1-9127-5AFF8B02C467}"
EndProject
Project("{8BC9CEB8-8B4A-11D0-8D11-00A0C91BC942}") = "4-b3", "4-b3\4-b3.vcxproj", "{BF0FEF85-8B4E-4FEB-8A4C-9DDF3B564C33}"
EndProject
Project("{8BC9CEB8-8B4A-11D0-8D11-00A0C91BC942}") = "4-b5", "4-b5\4-b5.vcxproj", "{25D7210C-00F0-4D26-BEA6-F175C6DF7AB8}"
EndProject
Project("{8BC9CEB8-8B4A-11D0-8D11-00A0C91BC942}") = "4-b4(c++)", "4-b4(c++)\4-b4(c++).vcxproj", "{9F2F3776-B7F2-477F-B569-FFBF9BA633ED}"
EndProject
Project("{8BC9CEB8-8B4A-11D0-8D11-00A0C91BC942}") = "4-b4(c)", "4-b4(c)\4-b4(c).vcxproj", "{4B4122FF-6C34-476F-B4F9-BA790D6BE2C2}"
EndProject
Project("{8BC9CEB8-8B4A-11D0-8D11-00A0C91BC942}") = "4-b6", "4-b6\4-b6.vcxproj", "{23BC10C6-FBCE-471F-8F29-07D2193CA9EC}"
EndProject
Project("{8BC9CEB8-8B4A-11D0-8D11-00A0C91BC942}") = "4-b6(c)", "4-b6(c)\4-b6(c).vcxproj", "{10CA9BEE-95CB-403F-B1AF-DBF2BF4A12E6}"
EndProject
Global
	GlobalSection(SolutionConfigurationPlatforms) = preSolution
		Debug|x64 = Debug|x64
		Debug|x86 = Debug|x86
		Release|x64 = Release|x64
		Release|x86 = Release|x86
	EndGlobalSection
	GlobalSection(ProjectConfigurationPlatforms) = postSolution
		{98EBEFCC-0A52-4B79-BE4E-D03D86E5BDB3}.Debug|x64.ActiveCfg = Debug|x64
		{98EBEFCC-0A52-4B79-BE4E-D03D86E5BDB3}.Debug|x64.Build.0 = Debug|x64
		{98EBEFCC-0A52-4B79-BE4E-D03D86E5BDB3}.Debug|x86.ActiveCfg = Debug|Win32
		{98EBEFCC-0A52-4B79-BE4E-D03D86E5BDB3}.Debug|x86.Build.0 = Debug|Win32
		{98EBEFCC-0A52-4B79-BE4E-D03D86E5BDB3}.Release|x64.ActiveCfg = Release|x64
		{98EBEFCC-0A52-4B79-BE4E-D03D86E5BDB3}.Release|x64.Build.0 = Release|x64
		{98EBEFCC-0A52-4B79-BE4E-D03D86E5BDB3}.Release|x86.ActiveCfg = Release|Win32
		{98EBEFCC-0A52-4B79-BE4E-D03D86E5BDB3}.Release|x86.Build.0 = Release|Win32
		{1ABDE6B4-C57B-45FF-8792-3DCE8A812D7D}.Debug|x64.ActiveCfg = Debug|x64
		{1ABDE6B4-C57B-45FF-8792-3DCE8A812D7D}.Debug|x64.Build.0 = Debug|x64
		{1ABDE6B4-C57B-45FF-8792-3DCE8A812D7D}.Debug|x86.ActiveCfg = Debug|Win32
		{1ABDE6B4-C57B-45FF-8792-3DCE8A812D7D}.Debug|x86.Build.0 = Debug|Win32
		{1ABDE6B4-C57B-45FF-8792-3DCE8A812D7D}.Release|x64.ActiveCfg = Release|x64
		{1ABDE6B4-C57B-45FF-8792-3DCE8A812D7D}.Release|x64.Build.0 = Release|x64
		{1ABDE6B4-C57B-45FF-8792-3DCE8A812D7D}.Release|x86.ActiveCfg = Release|Win32
		{1ABDE6B4-C57B-45FF-8792-3DCE8A812D7D}.Release|x86.Build.0 = Release|Win32
		{3E2BBBDD-9195-4C61-88C0-5C28699DEED0}.Debug|x64.ActiveCfg = Debug|x64
		{3E2BBBDD-9195-4C61-88C0-5C28699DEED0}.Debug|x64.Build.0 = Debug|x64
		{3E2BBBDD-9195-4C61-88C0-5C28699DEED0}.Debug|x86.ActiveCfg = Debug|Win32
		{3E2BBBDD-9195-4C61-88C0-5C28699DEED0}.Debug|x86.Build.0 = Debug|Win32
		{3E2BBBDD-9195-4C61-88C0-5C28699DEED0}.Release|x64.ActiveCfg = Release|x64
		{3E2BBBDD-9195-4C61-88C0-5C28699DEED0}.Release|x64.Build.0 = Release|x64
		{3E2BBBDD-9195-4C61-88C0-5C28699DEED0}.Release|x86.ActiveCfg = Release|Win32
		{3E2BBBDD-9195-4C61-88C0-5C28699DEED0}.Release|x86.Build.0 = Release|Win32
		{CF64104B-0F0F-49B3-9DF0-D95931913C11}.Debug|x64.ActiveCfg = Debug|x64
		{CF64104B-0F0F-49B3-9DF0-D95931913C11}.Debug|x64.Build.0 = Debug|x64
		{CF64104B-0F0F-49B3-9DF0-D95931913C11}.Debug|x86.ActiveCfg = Debug|Win32
		{CF64104B-0F0F-49B3-9DF0-D95931913C11}.Debug|x86.Build.0 = Debug|Win32
		{CF64104B-0F0F-49B3-9DF0-D95931913C11}.Release|x64.ActiveCfg = Release|x64
		{CF64104B-0F0F-49B3-9DF0-D95931913C11}.Release|x64.Build.0 = Release|x64
		{CF64104B-0F0F-49B3-9DF0-D95931913C11}.Release|x86.ActiveCfg = Release|Win32
		{CF64104B-0F0F-49B3-9DF0-D95931913C11}.Release|x86.Build.0 = Release|Win32
		{29EBF624-DDE3-485D-9764-288278E48A0C}.Debug|x64.ActiveCfg = Debug|x64
		{29EBF624-DDE3-485D-9764-288278E48A0C}.Debug|x64.Build.0 = Debug|x64
		{29EBF624-DDE3-485D-9764-288278E48A0C}.Debug|x86.ActiveCfg = Debug|Win32
		{29EBF624-DDE3-485D-9764-288278E48A0C}.Debug|x86.Build.0 = Debug|Win32
		{29EBF624-DDE3-485D-9764-288278E48A0C}.Release|x64.ActiveCfg = Release|x64
		{29EBF624-DDE3-485D-9764-288278E48A0C}.Release|x64.Build.0 = Release|x64
		{29EBF624-DDE3-485D-9764-288278E48A0C}.Release|x86.ActiveCfg = Release|Win32
		{29EBF624-DDE3-485D-9764-288278E48A0C}.Release|x86.Build.0 = Release|Win32
		{6862B887-9002-40BD-8225-D09BEEF8B191}.Debug|x64.ActiveCfg = Debug|x64
		{6862B887-9002-40BD-8225-D09BEEF8B191}.Debug|x64.Build.0 = Debug|x64
		{6862B887-9002-40BD-8225-D09BEEF8B191}.Debug|x86.ActiveCfg = Debug|Win32
		{6862B887-9002-40BD-8225-D09BEEF8B191}.Debug|x86.Build.0 = Debug|Win32
		{6862B887-9002-40BD-8225-D09BEEF8B191}.Release|x64.ActiveCfg = Release|x64
		{6862B887-9002-40BD-8225-D09BEEF8B191}.Release|x64.Build.0 = Release|x64
		{6862B887-9002-40BD-8225-D09BEEF8B191}.Release|x86.ActiveCfg = Release|Win32
		{6862B887-9002-40BD-8225-D09BEEF8B191}.Release|x86.Build.0 = Release|Win32
		{5E31232E-2B9B-485E-8826-489CC5E262B3}.Debug|x64.ActiveCfg = Debug|x64
		{5E31232E-2B9B-485E-8826-489CC5E262B3}.Debug|x64.Build.0 = Debug|x64
		{5E31232E-2B9B-485E-8826-489CC5E262B3}.Debug|x86.ActiveCfg = Debug|Win32
		{5E31232E-2B9B-485E-8826-489CC5E262B3}.Debug|x86.Build.0 = Debug|Win32
		{5E31232E-2B9B-485E-8826-489CC5E262B3}.Release|x64.ActiveCfg = Release|x64
		{5E31232E-2B9B-485E-8826-489CC5E262B3}.Release|x64.Build.0 = Release|x64
		{5E31232E-2B9B-485E-8826-489CC5E262B3}.Release|x86.ActiveCfg = Release|Win32
		{5E31232E-2B9B-485E-8826-489CC5E262B3}.Release|x86.Build.0 = Release|Win32
		{79BC96C8-6D06-4C81-8F67-5524F2C7490E}.Debug|x64.ActiveCfg = Debug|x64
		{79BC96C8-6D06-4C81-8F67-5524F2C7490E}.Debug|x64.Build.0 = Debug|x64
		{79BC96C8-6D06-4C81-8F67-5524F2C7490E}.Debug|x86.ActiveCfg = Debug|Win32
		{79BC96C8-6D06-4C81-8F67-5524F2C7490E}.Debug|x86.Build.0 = Debug|Win32
		{79BC96C8-6D06-4C81-8F67-5524F2C7490E}.Release|x64.ActiveCfg = Release|x64
		{79BC96C8-6D06-4C81-8F67-5524F2C7490E}.Release|x64.Build.0 = Release|x64
		{79BC96C8-6D06-4C81-8F67-5524F2C7490E}.Release|x86.ActiveCfg = Release|Win32
		{79BC96C8-6D06-4C81-8F67-5524F2C7490E}.Release|x86.Build.0 = Release|Win32
		{9E4D4A7F-0249-4B20-AE39-0DBCAAA061BB}.Debug|x64.ActiveCfg = Debug|x64
		{9E4D4A7F-0249-4B20-AE39-0DBCAAA061BB}.Debug|x64.Build.0 = Debug|x64
		{9E4D4A7F-0249-4B20-AE39-0DBCAAA061BB}.Debug|x86.ActiveCfg = Debug|Win32
		{9E4D4A7F-0249-4B20-AE39-0DBCAAA061BB}.Debug|x86.Build.0 = Debug|Win32
		{9E4D4A7F-0249-4B20-AE39-0DBCAAA061BB}.Release|x64.ActiveCfg = Release|x64
		{9E4D4A7F-0249-4B20-AE39-0DBCAAA061BB}.Release|x64.Build.0 = Release|x64
		{9E4D4A7F-0249-4B20-AE39-0DBCAAA061BB}.Release|x86.ActiveCfg = Release|Win32
		{9E4D4A7F-0249-4B20-AE39-0DBCAAA061BB}.Release|x86.Build.0 = Release|Win32
		{37C46024-A89E-4235-A72A-69037AAF3E9C}.Debug|x64.ActiveCfg = Debug|x64
		{37C46024-A89E-4235-A72A-69037AAF3E9C}.Debug|x64.Build.0 = Debug|x64
		{37C46024-A89E-4235-A72A-69037AAF3E9C}.Debug|x86.ActiveCfg = Debug|Win32
		{37C46024-A89E-4235-A72A-69037AAF3E9C}.Debug|x86.Build.0 = Debug|Win32
		{37C46024-A89E-4235-A72A-69037AAF3E9C}.Release|x64.ActiveCfg = Release|x64
		{37C46024-A89E-4235-A72A-69037AAF3E9C}.Release|x64.Build.0 = Release|x64
		{37C46024-A89E-4235-A72A-69037AAF3E9C}.Release|x86.ActiveCfg = Release|Win32
		{37C46024-A89E-4235-A72A-69037AAF3E9C}.Release|x86.Build.0 = Release|Win32
		{476C52A9-78AA-4EC5-83B4-853F672F987C}.Debug|x64.ActiveCfg = Debug|x64
		{476C52A9-78AA-4EC5-83B4-853F672F987C}.Debug|x64.Build.0 = Debug|x64
		{476C52A9-78AA-4EC5-83B4-853F672F987C}.Debug|x86.ActiveCfg = Debug|Win32
		{476C52A9-78AA-4EC5-83B4-853F672F987C}.Debug|x86.Build.0 = Debug|Win32
		{476C52A9-78AA-4EC5-83B4-853F672F987C}.Release|x64.ActiveCfg = Release|x64
		{476C52A9-78AA-4EC5-83B4-853F672F987C}.Release|x64.Build.0 = Release|x64
		{476C52A9-78AA-4EC5-83B4-853F672F987C}.Release|x86.ActiveCfg = Release|Win32
		{476C52A9-78AA-4EC5-83B4-853F672F987C}.Release|x86.Build.0 = Release|Win32
		{55586E84-1B17-46D2-B1A5-19A5CE634396}.Debug|x64.ActiveCfg = Debug|x64
		{55586E84-1B17-46D2-B1A5-19A5CE634396}.Debug|x64.Build.0 = Debug|x64
		{55586E84-1B17-46D2-B1A5-19A5CE634396}.Debug|x86.ActiveCfg = Debug|Win32
		{55586E84-1B17-46D2-B1A5-19A5CE634396}.Debug|x86.Build.0 = Debug|Win32
		{55586E84-1B17-46D2-B1A5-19A5CE634396}.Release|x64.ActiveCfg = Release|x64
		{55586E84-1B17-46D2-B1A5-19A5CE634396}.Release|x64.Build.0 = Release|x64
		{55586E84-1B17-46D2-B1A5-19A5CE634396}.Release|x86.ActiveCfg = Release|Win32
		{55586E84-1B17-46D2-B1A5-19A5CE634396}.Release|x86.Build.0 = Release|Win32
		{16A653E6-A428-44B9-B88B-B02FD84628E4}.Debug|x64.ActiveCfg = Debug|x64
		{16A653E6-A428-44B9-B88B-B02FD84628E4}.Debug|x64.Build.0 = Debug|x64
		{16A653E6-A428-44B9-B88B-B02FD84628E4}.Debug|x86.ActiveCfg = Debug|Win32
		{16A653E6-A428-44B9-B88B-B02FD84628E4}.Debug|x86.Build.0 = Debug|Win32
		{16A653E6-A428-44B9-B88B-B02FD84628E4}.Release|x64.ActiveCfg = Release|x64
		{16A653E6-A428-44B9-B88B-B02FD84628E4}.Release|x64.Build.0 = Release|x64
		{16A653E6-A428-44B9-B88B-B02FD84628E4}.Release|x86.ActiveCfg = Release|Win32
		{16A653E6-A428-44B9-B88B-B02FD84628E4}.Release|x86.Build.0 = Release|Win32
		{54B50E23-9DF2-4814-A8A0-0890A7F0F190}.Debug|x64.ActiveCfg = Debug|x64
		{54B50E23-9DF2-4814-A8A0-0890A7F0F190}.Debug|x64.Build.0 = Debug|x64
		{54B50E23-9DF2-4814-A8A0-0890A7F0F190}.Debug|x86.ActiveCfg = Debug|Win32
		{54B50E23-9DF2-4814-A8A0-0890A7F0F190}.Debug|x86.Build.0 = Debug|Win32
		{54B50E23-9DF2-4814-A8A0-0890A7F0F190}.Release|x64.ActiveCfg = Release|x64
		{54B50E23-9DF2-4814-A8A0-0890A7F0F190}.Release|x64.Build.0 = Release|x64
		{54B50E23-9DF2-4814-A8A0-0890A7F0F190}.Release|x86.ActiveCfg = Release|Win32
		{54B50E23-9DF2-4814-A8A0-0890A7F0F190}.Release|x86.Build.0 = Release|Win32
		{7DEAB92F-9081-4228-A24C-3DDE0C9E24F0}.Debug|x64.ActiveCfg = Debug|x64
		{7DEAB92F-9081-4228-A24C-3DDE0C9E24F0}.Debug|x64.Build.0 = Debug|x64
		{7DEAB92F-9081-4228-A24C-3DDE0C9E24F0}.Debug|x86.ActiveCfg = Debug|Win32
		{7DEAB92F-9081-4228-A24C-3DDE0C9E24F0}.Debug|x86.Build.0 = Debug|Win32
		{7DEAB92F-9081-4228-A24C-3DDE0C9E24F0}.Release|x64.ActiveCfg = Release|x64
		{7DEAB92F-9081-4228-A24C-3DDE0C9E24F0}.Release|x64.Build.0 = Release|x64
		{7DEAB92F-9081-4228-A24C-3DDE0C9E24F0}.Release|x86.ActiveCfg = Release|Win32
		{7DEAB92F-9081-4228-A24C-3DDE0C9E24F0}.Release|x86.Build.0 = Release|Win32
		{7E174E00-DD9B-44A8-A790-49DCC746B11F}.Debug|x64.ActiveCfg = Debug|x64
		{7E174E00-DD9B-44A8-A790-49DCC746B11F}.Debug|x64.Build.0 = Debug|x64
		{7E174E00-DD9B-44A8-A790-49DCC746B11F}.Debug|x86.ActiveCfg = Debug|Win32
		{7E174E00-DD9B-44A8-A790-49DCC746B11F}.Debug|x86.Build.0 = Debug|Win32
		{7E174E00-DD9B-44A8-A790-49DCC746B11F}.Release|x64.ActiveCfg = Release|x64
		{7E174E00-DD9B-44A8-A790-49DCC746B11F}.Release|x64.Build.0 = Release|x64
		{7E174E00-DD9B-44A8-A790-49DCC746B11F}.Release|x86.ActiveCfg = Release|Win32
		{7E174E00-DD9B-44A8-A790-49DCC746B11F}.Release|x86.Build.0 = Release|Win32
		{44ED1059-87D2-4E91-A6B4-6E3D0DC33134}.Debug|x64.ActiveCfg = Debug|x64
		{44ED1059-87D2-4E91-A6B4-6E3D0DC33134}.Debug|x64.Build.0 = Debug|x64
		{44ED1059-87D2-4E91-A6B4-6E3D0DC33134}.Debug|x86.ActiveCfg = Debug|Win32
		{44ED1059-87D2-4E91-A6B4-6E3D0DC33134}.Debug|x86.Build.0 = Debug|Win32
		{44ED1059-87D2-4E91-A6B4-6E3D0DC33134}.Release|x64.ActiveCfg = Release|x64
		{44ED1059-87D2-4E91-A6B4-6E3D0DC33134}.Release|x64.Build.0 = Release|x64
		{44ED1059-87D2-4E91-A6B4-6E3D0DC33134}.Release|x86.ActiveCfg = Release|Win32
		{44ED1059-87D2-4E91-A6B4-6E3D0DC33134}.Release|x86.Build.0 = Release|Win32
		{03AE58A0-96FA-41AB-AE72-7BC3A4F41021}.Debug|x64.ActiveCfg = Debug|x64
		{03AE58A0-96FA-41AB-AE72-7BC3A4F41021}.Debug|x64.Build.0 = Debug|x64
		{03AE58A0-96FA-41AB-AE72-7BC3A4F41021}.Debug|x86.ActiveCfg = Debug|Win32
		{03AE58A0-96FA-41AB-AE72-7BC3A4F41021}.Debug|x86.Build.0 = Debug|Win32
		{03AE58A0-96FA-41AB-AE72-7BC3A4F41021}.Release|x64.ActiveCfg = Release|x64
		{03AE58A0-96FA-41AB-AE72-7BC3A4F41021}.Release|x64.Build.0 = Release|x64
		{03AE58A0-96FA-41AB-AE72-7BC3A4F41021}.Release|x86.ActiveCfg = Release|Win32
		{03AE58A0-96FA-41AB-AE72-7BC3A4F41021}.Release|x86.Build.0 = Release|Win32
		{FD85E292-9479-4730-9913-FF8BC4677ABF}.Debug|x64.ActiveCfg = Debug|x64
		{FD85E292-9479-4730-9913-FF8BC4677ABF}.Debug|x64.Build.0 = Debug|x64
		{FD85E292-9479-4730-9913-FF8BC4677ABF}.Debug|x86.ActiveCfg = Debug|Win32
		{FD85E292-9479-4730-9913-FF8BC4677ABF}.Debug|x86.Build.0 = Debug|Win32
		{FD85E292-9479-4730-9913-FF8BC4677ABF}.Release|x64.ActiveCfg = Release|x64
		{FD85E292-9479-4730-9913-FF8BC4677ABF}.Release|x64.Build.0 = Release|x64
		{FD85E292-9479-4730-9913-FF8BC4677ABF}.Release|x86.ActiveCfg = Release|Win32
		{FD85E292-9479-4730-9913-FF8BC4677ABF}.Release|x86.Build.0 = Release|Win32
		{AA230E57-3C99-493A-8C00-5E2F022A4C69}.Debug|x64.ActiveCfg = Debug|x64
		{AA230E57-3C99-493A-8C00-5E2F022A4C69}.Debug|x64.Build.0 = Debug|x64
		{AA230E57-3C99-493A-8C00-5E2F022A4C69}.Debug|x86.ActiveCfg = Debug|Win32
		{AA230E57-3C99-493A-8C00-5E2F022A4C69}.Debug|x86.Build.0 = Debug|Win32
		{AA230E57-3C99-493A-8C00-5E2F022A4C69}.Release|x64.ActiveCfg = Release|x64
		{AA230E57-3C99-493A-8C00-5E2F022A4C69}.Release|x64.Build.0 = Release|x64
		{AA230E57-3C99-493A-8C00-5E2F022A4C69}.Release|x86.ActiveCfg = Release|Win32
		{AA230E57-3C99-493A-8C00-5E2F022A4C69}.Release|x86.Build.0 = Release|Win32
		{2A74B73A-CE0E-47F3-A3B5-F4C8134C76AF}.Debug|x64.ActiveCfg = Debug|x64
		{2A74B73A-CE0E-47F3-A3B5-F4C8134C76AF}.Debug|x64.Build.0 = Debug|x64
		{2A74B73A-CE0E-47F3-A3B5-F4C8134C76AF}.Debug|x86.ActiveCfg = Debug|Win32
		{2A74B73A-CE0E-47F3-A3B5-F4C8134C76AF}.Debug|x86.Build.0 = Debug|Win32
		{2A74B73A-CE0E-47F3-A3B5-F4C8134C76AF}.Release|x64.ActiveCfg = Release|x64
		{2A74B73A-CE0E-47F3-A3B5-F4C8134C76AF}.Release|x64.Build.0 = Release|x64
		{2A74B73A-CE0E-47F3-A3B5-F4C8134C76AF}.Release|x86.ActiveCfg = Release|Win32
		{2A74B73A-CE0E-47F3-A3B5-F4C8134C76AF}.Release|x86.Build.0 = Release|Win32
		{7E728579-C6C7-41C5-9FC0-D7EF658E0D1E}.Debug|x64.ActiveCfg = Debug|x64
		{7E728579-C6C7-41C5-9FC0-D7EF658E0D1E}.Debug|x64.Build.0 = Debug|x64
		{7E728579-C6C7-41C5-9FC0-D7EF658E0D1E}.Debug|x86.ActiveCfg = Debug|Win32
		{7E728579-C6C7-41C5-9FC0-D7EF658E0D1E}.Debug|x86.Build.0 = Debug|Win32
		{7E728579-C6C7-41C5-9FC0-D7EF658E0D1E}.Release|x64.ActiveCfg = Release|x64
		{7E728579-C6C7-41C5-9FC0-D7EF658E0D1E}.Release|x64.Build.0 = Release|x64
		{7E728579-C6C7-41C5-9FC0-D7EF658E0D1E}.Release|x86.ActiveCfg = Release|Win32
		{7E728579-C6C7-41C5-9FC0-D7EF658E0D1E}.Release|x86.Build.0 = Release|Win32
		{67442AAF-D207-4BB6-96D6-DD2F0611B2D1}.Debug|x64.ActiveCfg = Debug|x64
		{67442AAF-D207-4BB6-96D6-DD2F0611B2D1}.Debug|x64.Build.0 = Debug|x64
		{67442AAF-D207-4BB6-96D6-DD2F0611B2D1}.Debug|x86.ActiveCfg = Debug|Win32
		{67442AAF-D207-4BB6-96D6-DD2F0611B2D1}.Debug|x86.Build.0 = Debug|Win32
		{67442AAF-D207-4BB6-96D6-DD2F0611B2D1}.Release|x64.ActiveCfg = Release|x64
		{67442AAF-D207-4BB6-96D6-DD2F0611B2D1}.Release|x64.Build.0 = Release|x64
		{67442AAF-D207-4BB6-96D6-DD2F0611B2D1}.Release|x86.ActiveCfg = Release|Win32
		{67442AAF-D207-4BB6-96D6-DD2F0611B2D1}.Release|x86.Build.0 = Release|Win32
		{A6B45185-65D7-4EE9-9076-ADDFDDBC8088}.Debug|x64.ActiveCfg = Debug|x64
		{A6B45185-65D7-4EE9-9076-ADDFDDBC8088}.Debug|x64.Build.0 = Debug|x64
		{A6B45185-65D7-4EE9-9076-ADDFDDBC8088}.Debug|x86.ActiveCfg = Debug|Win32
		{A6B45185-65D7-4EE9-9076-ADDFDDBC8088}.Debug|x86.Build.0 = Debug|Win32
		{A6B45185-65D7-4EE9-9076-ADDFDDBC8088}.Release|x64.ActiveCfg = Release|x64
		{A6B45185-65D7-4EE9-9076-ADDFDDBC8088}.Release|x64.Build.0 = Release|x64
		{A6B45185-65D7-4EE9-9076-ADDFDDBC8088}.Release|x86.ActiveCfg = Release|Win32
		{A6B45185-65D7-4EE9-9076-ADDFDDBC8088}.Release|x86.Build.0 = Release|Win32
		{CE24B7BC-1340-4E13-A9EE-83D7239E31C9}.Debug|x64.ActiveCfg = Debug|x64
		{CE24B7BC-1340-4E13-A9EE-83D7239E31C9}.Debug|x64.Build.0 = Debug|x64
		{CE24B7BC-1340-4E13-A9EE-83D7239E31C9}.Debug|x86.ActiveCfg = Debug|Win32
		{CE24B7BC-1340-4E13-A9EE-83D7239E31C9}.Debug|x86.Build.0 = Debug|Win32
		{CE24B7BC-1340-4E13-A9EE-83D7239E31C9}.Release|x64.ActiveCfg = Release|x64
		{CE24B7BC-1340-4E13-A9EE-83D7239E31C9}.Release|x64.Build.0 = Release|x64
		{CE24B7BC-1340-4E13-A9EE-83D7239E31C9}.Release|x86.ActiveCfg = Release|Win32
		{CE24B7BC-1340-4E13-A9EE-83D7239E31C9}.Release|x86.Build.0 = Release|Win32
		{ED9B6787-92C4-4BCE-985C-DD60A8DCF89E}.Debug|x64.ActiveCfg = Debug|x64
		{ED9B6787-92C4-4BCE-985C-DD60A8DCF89E}.Debug|x64.Build.0 = Debug|x64
		{ED9B6787-92C4-4BCE-985C-DD60A8DCF89E}.Debug|x86.ActiveCfg = Debug|Win32
		{ED9B6787-92C4-4BCE-985C-DD60A8DCF89E}.Debug|x86.Build.0 = Debug|Win32
		{ED9B6787-92C4-4BCE-985C-DD60A8DCF89E}.Release|x64.ActiveCfg = Release|x64
		{ED9B6787-92C4-4BCE-985C-DD60A8DCF89E}.Release|x64.Build.0 = Release|x64
		{ED9B6787-92C4-4BCE-985C-DD60A8DCF89E}.Release|x86.ActiveCfg = Release|Win32
		{ED9B6787-92C4-4BCE-985C-DD60A8DCF89E}.Release|x86.Build.0 = Release|Win32
		{7380234F-EF4D-450E-855A-F01BFB7BBE67}.Debug|x64.ActiveCfg = Debug|x64
		{7380234F-EF4D-450E-855A-F01BFB7BBE67}.Debug|x64.Build.0 = Debug|x64
		{7380234F-EF4D-450E-855A-F01BFB7BBE67}.Debug|x86.ActiveCfg = Debug|Win32
		{7380234F-EF4D-450E-855A-F01BFB7BBE67}.Debug|x86.Build.0 = Debug|Win32
		{7380234F-EF4D-450E-855A-F01BFB7BBE67}.Release|x64.ActiveCfg = Release|x64
		{7380234F-EF4D-450E-855A-F01BFB7BBE67}.Release|x64.Build.0 = Release|x64
		{7380234F-EF4D-450E-855A-F01BFB7BBE67}.Release|x86.ActiveCfg = Release|Win32
		{7380234F-EF4D-450E-855A-F01BFB7BBE67}.Release|x86.Build.0 = Release|Win32
		{0EF5E750-B62D-48CE-9B15-0A5CD064D97E}.Debug|x64.ActiveCfg = Debug|x64
		{0EF5E750-B62D-48CE-9B15-0A5CD064D97E}.Debug|x64.Build.0 = Debug|x64
		{0EF5E750-B62D-48CE-9B15-0A5CD064D97E}.Debug|x86.ActiveCfg = Debug|Win32
		{0EF5E750-B62D-48CE-9B15-0A5CD064D97E}.Debug|x86.Build.0 = Debug|Win32
		{0EF5E750-B62D-48CE-9B15-0A5CD064D97E}.Release|x64.ActiveCfg = Release|x64
		{0EF5E750-B62D-48CE-9B15-0A5CD064D97E}.Release|x64.Build.0 = Release|x64
		{0EF5E750-B62D-48CE-9B15-0A5CD064D97E}.Release|x86.ActiveCfg = Release|Win32
		{0EF5E750-B62D-48CE-9B15-0A5CD064D97E}.Release|x86.Build.0 = Release|Win32
		{E92F9504-5426-42A3-B2C6-7BB449B0111E}.Debug|x64.ActiveCfg = Debug|x64
		{E92F9504-5426-42A3-B2C6-7BB449B0111E}.Debug|x64.Build.0 = Debug|x64
		{E92F9504-5426-42A3-B2C6-7BB449B0111E}.Debug|x86.ActiveCfg = Debug|Win32
		{E92F9504-5426-42A3-B2C6-7BB449B0111E}.Debug|x86.Build.0 = Debug|Win32
		{E92F9504-5426-42A3-B2C6-7BB449B0111E}.Release|x64.ActiveCfg = Release|x64
		{E92F9504-5426-42A3-B2C6-7BB449B0111E}.Release|x64.Build.0 = Release|x64
		{E92F9504-5426-42A3-B2C6-7BB449B0111E}.Release|x86.ActiveCfg = Release|Win32
		{E92F9504-5426-42A3-B2C6-7BB449B0111E}.Release|x86.Build.0 = Release|Win32
		{E3832FF6-D02A-484A-BEDF-66BC5F89B60B}.Debug|x64.ActiveCfg = Debug|x64
		{E3832FF6-D02A-484A-BEDF-66BC5F89B60B}.Debug|x64.Build.0 = Debug|x64
		{E3832FF6-D02A-484A-BEDF-66BC5F89B60B}.Debug|x86.ActiveCfg = Debug|Win32
		{E3832FF6-D02A-484A-BEDF-66BC5F89B60B}.Debug|x86.Build.0 = Debug|Win32
		{E3832FF6-D02A-484A-BEDF-66BC5F89B60B}.Release|x64.ActiveCfg = Release|x64
		{E3832FF6-D02A-484A-BEDF-66BC5F89B60B}.Release|x64.Build.0 = Release|x64
		{E3832FF6-D02A-484A-BEDF-66BC5F89B60B}.Release|x86.ActiveCfg = Release|Win32
		{E3832FF6-D02A-484A-BEDF-66BC5F89B60B}.Release|x86.Build.0 = Release|Win32
		{997A2B18-24BB-4FE7-86EC-CB7DD07CABE7}.Debug|x64.ActiveCfg = Debug|x64
		{997A2B18-24BB-4FE7-86EC-CB7DD07CABE7}.Debug|x64.Build.0 = Debug|x64
		{997A2B18-24BB-4FE7-86EC-CB7DD07CABE7}.Debug|x86.ActiveCfg = Debug|Win32
		{997A2B18-24BB-4FE7-86EC-CB7DD07CABE7}.Debug|x86.Build.0 = Debug|Win32
		{997A2B18-24BB-4FE7-86EC-CB7DD07CABE7}.Release|x64.ActiveCfg = Release|x64
		{997A2B18-24BB-4FE7-86EC-CB7DD07CABE7}.Release|x64.Build.0 = Release|x64
		{997A2B18-24BB-4FE7-86EC-CB7DD07CABE7}.Release|x86.ActiveCfg = Release|Win32
		{997A2B18-24BB-4FE7-86EC-CB7DD07CABE7}.Release|x86.Build.0 = Release|Win32
		{8FE2D6F6-0D53-4B9F-B786-75C85BADE700}.Debug|x64.ActiveCfg = Debug|x64
		{8FE2D6F6-0D53-4B9F-B786-75C85BADE700}.Debug|x64.Build.0 = Debug|x64
		{8FE2D6F6-0D53-4B9F-B786-75C85BADE700}.Debug|x86.ActiveCfg = Debug|Win32
		{8FE2D6F6-0D53-4B9F-B786-75C85BADE700}.Debug|x86.Build.0 = Debug|Win32
		{8FE2D6F6-0D53-4B9F-B786-75C85BADE700}.Release|x64.ActiveCfg = Release|x64
		{8FE2D6F6-0D53-4B9F-B786-75C85BADE700}.Release|x64.Build.0 = Release|x64
		{8FE2D6F6-0D53-4B9F-B786-75C85BADE700}.Release|x86.ActiveCfg = Release|Win32
		{8FE2D6F6-0D53-4B9F-B786-75C85BADE700}.Release|x86.Build.0 = Release|Win32
		{DE51FD4A-1D62-401E-8B4B-D02AA5CCBBDF}.Debug|x64.ActiveCfg = Debug|x64
		{DE51FD4A-1D62-401E-8B4B-D02AA5CCBBDF}.Debug|x64.Build.0 = Debug|x64
		{DE51FD4A-1D62-401E-8B4B-D02AA5CCBBDF}.Debug|x86.ActiveCfg = Debug|Win32
		{DE51FD4A-1D62-401E-8B4B-D02AA5CCBBDF}.Debug|x86.Build.0 = Debug|Win32
		{DE51FD4A-1D62-401E-8B4B-D02AA5CCBBDF}.Release|x64.ActiveCfg = Release|x64
		{DE51FD4A-1D62-401E-8B4B-D02AA5CCBBDF}.Release|x64.Build.0 = Release|x64
		{DE51FD4A-1D62-401E-8B4B-D02AA5CCBBDF}.Release|x86.ActiveCfg = Release|Win32
		{DE51FD4A-1D62-401E-8B4B-D02AA5CCBBDF}.Release|x86.Build.0 = Release|Win32
		{5F8D950B-2182-435C-B3BA-AB898D62EDC0}.Debug|x64.ActiveCfg = Debug|x64
		{5F8D950B-2182-435C-B3BA-AB898D62EDC0}.Debug|x64.Build.0 = Debug|x64
		{5F8D950B-2182-435C-B3BA-AB898D62EDC0}.Debug|x86.ActiveCfg = Debug|Win32
		{5F8D950B-2182-435C-B3BA-AB898D62EDC0}.Debug|x86.Build.0 = Debug|Win32
		{5F8D950B-2182-435C-B3BA-AB898D62EDC0}.Release|x64.ActiveCfg = Release|x64
		{5F8D950B-2182-435C-B3BA-AB898D62EDC0}.Release|x64.Build.0 = Release|x64
		{5F8D950B-2182-435C-B3BA-AB898D62EDC0}.Release|x86.ActiveCfg = Release|Win32
		{5F8D950B-2182-435C-B3BA-AB898D62EDC0}.Release|x86.Build.0 = Release|Win32
		{C2D3ABFF-14B5-41BB-BA55-B48178686EA3}.Debug|x64.ActiveCfg = Debug|x64
		{C2D3ABFF-14B5-41BB-BA55-B48178686EA3}.Debug|x64.Build.0 = Debug|x64
		{C2D3ABFF-14B5-41BB-BA55-B48178686EA3}.Debug|x86.ActiveCfg = Debug|Win32
		{C2D3ABFF-14B5-41BB-BA55-B48178686EA3}.Debug|x86.Build.0 = Debug|Win32
		{C2D3ABFF-14B5-41BB-BA55-B48178686EA3}.Release|x64.ActiveCfg = Release|x64
		{C2D3ABFF-14B5-41BB-BA55-B48178686EA3}.Release|x64.Build.0 = Release|x64
		{C2D3ABFF-14B5-41BB-BA55-B48178686EA3}.Release|x86.ActiveCfg = Release|Win32
		{C2D3ABFF-14B5-41BB-BA55-B48178686EA3}.Release|x86.Build.0 = Release|Win32
		{3D3F2B00-90F7-4768-B274-09E4B2831843}.Debug|x64.ActiveCfg = Debug|x64
		{3D3F2B00-90F7-4768-B274-09E4B2831843}.Debug|x64.Build.0 = Debug|x64
		{3D3F2B00-90F7-4768-B274-09E4B2831843}.Debug|x86.ActiveCfg = Debug|Win32
		{3D3F2B00-90F7-4768-B274-09E4B2831843}.Debug|x86.Build.0 = Debug|Win32
		{3D3F2B00-90F7-4768-B274-09E4B2831843}.Release|x64.ActiveCfg = Release|x64
		{3D3F2B00-90F7-4768-B274-09E4B2831843}.Release|x64.Build.0 = Release|x64
		{3D3F2B00-90F7-4768-B274-09E4B2831843}.Release|x86.ActiveCfg = Release|Win32
		{3D3F2B00-90F7-4768-B274-09E4B2831843}.Release|x86.Build.0 = Release|Win32
		{61A5D43A-D96A-416D-BA79-58D6A28D8A12}.Debug|x64.ActiveCfg = Debug|x64
		{61A5D43A-D96A-416D-BA79-58D6A28D8A12}.Debug|x64.Build.0 = Debug|x64
		{61A5D43A-D96A-416D-BA79-58D6A28D8A12}.Debug|x86.ActiveCfg = Debug|Win32
		{61A5D43A-D96A-416D-BA79-58D6A28D8A12}.Debug|x86.Build.0 = Debug|Win32
		{61A5D43A-D96A-416D-BA79-58D6A28D8A12}.Release|x64.ActiveCfg = Release|x64
		{61A5D43A-D96A-416D-BA79-58D6A28D8A12}.Release|x64.Build.0 = Release|x64
		{61A5D43A-D96A-416D-BA79-58D6A28D8A12}.Release|x86.ActiveCfg = Release|Win32
		{61A5D43A-D96A-416D-BA79-58D6A28D8A12}.Release|x86.Build.0 = Release|Win32
		{01F532D9-1341-4152-AED9-2A1C56ABACFC}.Debug|x64.ActiveCfg = Debug|x64
		{01F532D9-1341-4152-AED9-2A1C56ABACFC}.Debug|x64.Build.0 = Debug|x64
		{01F532D9-1341-4152-AED9-2A1C56ABACFC}.Debug|x86.ActiveCfg = Debug|Win32
		{01F532D9-1341-4152-AED9-2A1C56ABACFC}.Debug|x86.Build.0 = Debug|Win32
		{01F532D9-1341-4152-AED9-2A1C56ABACFC}.Release|x64.ActiveCfg = Release|x64
		{01F532D9-1341-4152-AED9-2A1C56ABACFC}.Release|x64.Build.0 = Release|x64
		{01F532D9-1341-4152-AED9-2A1C56ABACFC}.Release|x86.ActiveCfg = Release|Win32
		{01F532D9-1341-4152-AED9-2A1C56ABACFC}.Release|x86.Build.0 = Release|Win32
		{91D1588E-C1DE-48D6-ADAD-067A70101537}.Debug|x64.ActiveCfg = Debug|x64
		{91D1588E-C1DE-48D6-ADAD-067A70101537}.Debug|x64.Build.0 = Debug|x64
		{91D1588E-C1DE-48D6-ADAD-067A70101537}.Debug|x86.ActiveCfg = Debug|Win32
		{91D1588E-C1DE-48D6-ADAD-067A70101537}.Debug|x86.Build.0 = Debug|Win32
		{91D1588E-C1DE-48D6-ADAD-067A70101537}.Release|x64.ActiveCfg = Release|x64
		{91D1588E-C1DE-48D6-ADAD-067A70101537}.Release|x64.Build.0 = Release|x64
		{91D1588E-C1DE-48D6-ADAD-067A70101537}.Release|x86.ActiveCfg = Release|Win32
		{91D1588E-C1DE-48D6-ADAD-067A70101537}.Release|x86.Build.0 = Release|Win32
		{4DE708D5-43F1-49F6-9670-7CE65028D9DF}.Debug|x64.ActiveCfg = Debug|x64
		{4DE708D5-43F1-49F6-9670-7CE65028D9DF}.Debug|x64.Build.0 = Debug|x64
		{4DE708D5-43F1-49F6-9670-7CE65028D9DF}.Debug|x86.ActiveCfg = Debug|Win32
		{4DE708D5-43F1-49F6-9670-7CE65028D9DF}.Debug|x86.Build.0 = Debug|Win32
		{4DE708D5-43F1-49F6-9670-7CE65028D9DF}.Release|x64.ActiveCfg = Release|x64
		{4DE708D5-43F1-49F6-9670-7CE65028D9DF}.Release|x64.Build.0 = Release|x64
		{4DE708D5-43F1-49F6-9670-7CE65028D9DF}.Release|x86.ActiveCfg = Release|Win32
		{4DE708D5-43F1-49F6-9670-7CE65028D9DF}.Release|x86.Build.0 = Release|Win32
		{687DC836-AD60-4765-ABDA-DE7887347970}.Debug|x64.ActiveCfg = Debug|x64
		{687DC836-AD60-4765-ABDA-DE7887347970}.Debug|x64.Build.0 = Debug|x64
		{687DC836-AD60-4765-ABDA-DE7887347970}.Debug|x86.ActiveCfg = Debug|Win32
		{687DC836-AD60-4765-ABDA-DE7887347970}.Debug|x86.Build.0 = Debug|Win32
		{687DC836-AD60-4765-ABDA-DE7887347970}.Release|x64.ActiveCfg = Release|x64
		{687DC836-AD60-4765-ABDA-DE7887347970}.Release|x64.Build.0 = Release|x64
		{687DC836-AD60-4765-ABDA-DE7887347970}.Release|x86.ActiveCfg = Release|Win32
		{687DC836-AD60-4765-ABDA-DE7887347970}.Release|x86.Build.0 = Release|Win32
		{8BED9DEF-F20A-4EFE-ABBD-887DD3DCD181}.Debug|x64.ActiveCfg = Debug|x64
		{8BED9DEF-F20A-4EFE-ABBD-887DD3DCD181}.Debug|x64.Build.0 = Debug|x64
		{8BED9DEF-F20A-4EFE-ABBD-887DD3DCD181}.Debug|x86.ActiveCfg = Debug|Win32
		{8BED9DEF-F20A-4EFE-ABBD-887DD3DCD181}.Debug|x86.Build.0 = Debug|Win32
		{8BED9DEF-F20A-4EFE-ABBD-887DD3DCD181}.Release|x64.ActiveCfg = Release|x64
		{8BED9DEF-F20A-4EFE-ABBD-887DD3DCD181}.Release|x64.Build.0 = Release|x64
		{8BED9DEF-F20A-4EFE-ABBD-887DD3DCD181}.Release|x86.ActiveCfg = Release|Win32
		{8BED9DEF-F20A-4EFE-ABBD-887DD3DCD181}.Release|x86.Build.0 = Release|Win32
		{22E4013B-7F19-44A2-968D-400EE265E9B9}.Debug|x64.ActiveCfg = Debug|x64
		{22E4013B-7F19-44A2-968D-400EE265E9B9}.Debug|x64.Build.0 = Debug|x64
		{22E4013B-7F19-44A2-968D-400EE265E9B9}.Debug|x86.ActiveCfg = Debug|Win32
		{22E4013B-7F19-44A2-968D-400EE265E9B9}.Debug|x86.Build.0 = Debug|Win32
		{22E4013B-7F19-44A2-968D-400EE265E9B9}.Release|x64.ActiveCfg = Release|x64
		{22E4013B-7F19-44A2-968D-400EE265E9B9}.Release|x64.Build.0 = Release|x64
		{22E4013B-7F19-44A2-968D-400EE265E9B9}.Release|x86.ActiveCfg = Release|Win32
		{22E4013B-7F19-44A2-968D-400EE265E9B9}.Release|x86.Build.0 = Release|Win32
		{57A25C7E-E2E2-4DD1-85F9-E15965529D40}.Debug|x64.ActiveCfg = Debug|x64
		{57A25C7E-E2E2-4DD1-85F9-E15965529D40}.Debug|x64.Build.0 = Debug|x64
		{57A25C7E-E2E2-4DD1-85F9-E15965529D40}.Debug|x86.ActiveCfg = Debug|Win32
		{57A25C7E-E2E2-4DD1-85F9-E15965529D40}.Debug|x86.Build.0 = Debug|Win32
		{57A25C7E-E2E2-4DD1-85F9-E15965529D40}.Release|x64.ActiveCfg = Release|x64
		{57A25C7E-E2E2-4DD1-85F9-E15965529D40}.Release|x64.Build.0 = Release|x64
		{57A25C7E-E2E2-4DD1-85F9-E15965529D40}.Release|x86.ActiveCfg = Release|Win32
		{57A25C7E-E2E2-4DD1-85F9-E15965529D40}.Release|x86.Build.0 = Release|Win32
		{8C69BE58-DA0A-4FA3-9749-5CEA39218E4A}.Debug|x64.ActiveCfg = Debug|x64
		{8C69BE58-DA0A-4FA3-9749-5CEA39218E4A}.Debug|x64.Build.0 = Debug|x64
		{8C69BE58-DA0A-4FA3-9749-5CEA39218E4A}.Debug|x86.ActiveCfg = Debug|Win32
		{8C69BE58-DA0A-4FA3-9749-5CEA39218E4A}.Debug|x86.Build.0 = Debug|Win32
		{8C69BE58-DA0A-4FA3-9749-5CEA39218E4A}.Release|x64.ActiveCfg = Release|x64
		{8C69BE58-DA0A-4FA3-9749-5CEA39218E4A}.Release|x64.Build.0 = Release|x64
		{8C69BE58-DA0A-4FA3-9749-5CEA39218E4A}.Release|x86.ActiveCfg = Release|Win32
		{8C69BE58-DA0A-4FA3-9749-5CEA39218E4A}.Release|x86.Build.0 = Release|Win32
		{88E46F4E-3A80-4AF4-B0AC-DFA0017622F9}.Debug|x64.ActiveCfg = Debug|x64
		{88E46F4E-3A80-4AF4-B0AC-DFA0017622F9}.Debug|x64.Build.0 = Debug|x64
		{88E46F4E-3A80-4AF4-B0AC-DFA0017622F9}.Debug|x86.ActiveCfg = Debug|Win32
		{88E46F4E-3A80-4AF4-B0AC-DFA0017622F9}.Debug|x86.Build.0 = Debug|Win32
		{88E46F4E-3A80-4AF4-B0AC-DFA0017622F9}.Release|x64.ActiveCfg = Release|x64
		{88E46F4E-3A80-4AF4-B0AC-DFA0017622F9}.Release|x64.Build.0 = Release|x64
		{88E46F4E-3A80-4AF4-B0AC-DFA0017622F9}.Release|x86.ActiveCfg = Release|Win32
		{88E46F4E-3A80-4AF4-B0AC-DFA0017622F9}.Release|x86.Build.0 = Release|Win32
		{6FDE6C62-D39B-4894-AF37-466637F8EB7D}.Debug|x64.ActiveCfg = Debug|x64
		{6FDE6C62-D39B-4894-AF37-466637F8EB7D}.Debug|x64.Build.0 = Debug|x64
		{6FDE6C62-D39B-4894-AF37-466637F8EB7D}.Debug|x86.ActiveCfg = Debug|Win32
		{6FDE6C62-D39B-4894-AF37-466637F8EB7D}.Debug|x86.Build.0 = Debug|Win32
		{6FDE6C62-D39B-4894-AF37-466637F8EB7D}.Release|x64.ActiveCfg = Release|x64
		{6FDE6C62-D39B-4894-AF37-466637F8EB7D}.Release|x64.Build.0 = Release|x64
		{6FDE6C62-D39B-4894-AF37-466637F8EB7D}.Release|x86.ActiveCfg = Release|Win32
		{6FDE6C62-D39B-4894-AF37-466637F8EB7D}.Release|x86.Build.0 = Release|Win32
		{2EF81CCA-1DFC-437C-9F85-E66E3DC8CE02}.Debug|x64.ActiveCfg = Debug|x64
		{2EF81CCA-1DFC-437C-9F85-E66E3DC8CE02}.Debug|x64.Build.0 = Debug|x64
		{2EF81CCA-1DFC-437C-9F85-E66E3DC8CE02}.Debug|x86.ActiveCfg = Debug|Win32
		{2EF81CCA-1DFC-437C-9F85-E66E3DC8CE02}.Debug|x86.Build.0 = Debug|Win32
		{2EF81CCA-1DFC-437C-9F85-E66E3DC8CE02}.Release|x64.ActiveCfg = Release|x64
		{2EF81CCA-1DFC-437C-9F85-E66E3DC8CE02}.Release|x64.Build.0 = Release|x64
		{2EF81CCA-1DFC-437C-9F85-E66E3DC8CE02}.Release|x86.ActiveCfg = Release|Win32
		{2EF81CCA-1DFC-437C-9F85-E66E3DC8CE02}.Release|x86.Build.0 = Release|Win32
		{5069F363-7AEE-4589-AADC-825E7C02C5A8}.Debug|x64.ActiveCfg = Debug|x64
		{5069F363-7AEE-4589-AADC-825E7C02C5A8}.Debug|x64.Build.0 = Debug|x64
		{5069F363-7AEE-4589-AADC-825E7C02C5A8}.Debug|x86.ActiveCfg = Debug|Win32
		{5069F363-7AEE-4589-AADC-825E7C02C5A8}.Debug|x86.Build.0 = Debug|Win32
		{5069F363-7AEE-4589-AADC-825E7C02C5A8}.Release|x64.ActiveCfg = Release|x64
		{5069F363-7AEE-4589-AADC-825E7C02C5A8}.Release|x64.Build.0 = Release|x64
		{5069F363-7AEE-4589-AADC-825E7C02C5A8}.Release|x86.ActiveCfg = Release|Win32
		{5069F363-7AEE-4589-AADC-825E7C02C5A8}.Release|x86.Build.0 = Release|Win32
		{87E47761-C674-41A2-AB22-30F76F59A797}.Debug|x64.ActiveCfg = Debug|x64
		{87E47761-C674-41A2-AB22-30F76F59A797}.Debug|x64.Build.0 = Debug|x64
		{87E47761-C674-41A2-AB22-30F76F59A797}.Debug|x86.ActiveCfg = Debug|Win32
		{87E47761-C674-41A2-AB22-30F76F59A797}.Debug|x86.Build.0 = Debug|Win32
		{87E47761-C674-41A2-AB22-30F76F59A797}.Release|x64.ActiveCfg = Release|x64
		{87E47761-C674-41A2-AB22-30F76F59A797}.Release|x64.Build.0 = Release|x64
		{87E47761-C674-41A2-AB22-30F76F59A797}.Release|x86.ActiveCfg = Release|Win32
		{87E47761-C674-41A2-AB22-30F76F59A797}.Release|x86.Build.0 = Release|Win32
		{53C6E08E-5F17-4ADD-BA84-E220E28197FD}.Debug|x64.ActiveCfg = Debug|x64
		{53C6E08E-5F17-4ADD-BA84-E220E28197FD}.Debug|x64.Build.0 = Debug|x64
		{53C6E08E-5F17-4ADD-BA84-E220E28197FD}.Debug|x86.ActiveCfg = Debug|Win32
		{53C6E08E-5F17-4ADD-BA84-E220E28197FD}.Debug|x86.Build.0 = Debug|Win32
		{53C6E08E-5F17-4ADD-BA84-E220E28197FD}.Release|x64.ActiveCfg = Release|x64
		{53C6E08E-5F17-4ADD-BA84-E220E28197FD}.Release|x64.Build.0 = Release|x64
		{53C6E08E-5F17-4ADD-BA84-E220E28197FD}.Release|x86.ActiveCfg = Release|Win32
		{53C6E08E-5F17-4ADD-BA84-E220E28197FD}.Release|x86.Build.0 = Release|Win32
		{AABF95D4-4BAB-4A3E-9286-FB14E45450E2}.Debug|x64.ActiveCfg = Debug|x64
		{AABF95D4-4BAB-4A3E-9286-FB14E45450E2}.Debug|x64.Build.0 = Debug|x64
		{AABF95D4-4BAB-4A3E-9286-FB14E45450E2}.Debug|x86.ActiveCfg = Debug|Win32
		{AABF95D4-4BAB-4A3E-9286-FB14E45450E2}.Debug|x86.Build.0 = Debug|Win32
		{AABF95D4-4BAB-4A3E-9286-FB14E45450E2}.Release|x64.ActiveCfg = Release|x64
		{AABF95D4-4BAB-4A3E-9286-FB14E45450E2}.Release|x64.Build.0 = Release|x64
		{AABF95D4-4BAB-4A3E-9286-FB14E45450E2}.Release|x86.ActiveCfg = Release|Win32
		{AABF95D4-4BAB-4A3E-9286-FB14E45450E2}.Release|x86.Build.0 = Release|Win32
		{DA1821D1-19CE-4F62-BDBB-4342F478AA2D}.Debug|x64.ActiveCfg = Debug|x64
		{DA1821D1-19CE-4F62-BDBB-4342F478AA2D}.Debug|x64.Build.0 = Debug|x64
		{DA1821D1-19CE-4F62-BDBB-4342F478AA2D}.Debug|x86.ActiveCfg = Debug|Win32
		{DA1821D1-19CE-4F62-BDBB-4342F478AA2D}.Debug|x86.Build.0 = Debug|Win32
		{DA1821D1-19CE-4F62-BDBB-4342F478AA2D}.Release|x64.ActiveCfg = Release|x64
		{DA1821D1-19CE-4F62-BDBB-4342F478AA2D}.Release|x64.Build.0 = Release|x64
		{DA1821D1-19CE-4F62-BDBB-4342F478AA2D}.Release|x86.ActiveCfg = Release|Win32
		{DA1821D1-19CE-4F62-BDBB-4342F478AA2D}.Release|x86.Build.0 = Release|Win32
		{9DF5A261-FD4A-419F-81B4-86438F38D33C}.Debug|x64.ActiveCfg = Debug|x64
		{9DF5A261-FD4A-419F-81B4-86438F38D33C}.Debug|x64.Build.0 = Debug|x64
		{9DF5A261-FD4A-419F-81B4-86438F38D33C}.Debug|x86.ActiveCfg = Debug|Win32
		{9DF5A261-FD4A-419F-81B4-86438F38D33C}.Debug|x86.Build.0 = Debug|Win32
		{9DF5A261-FD4A-419F-81B4-86438F38D33C}.Release|x64.ActiveCfg = Release|x64
		{9DF5A261-FD4A-419F-81B4-86438F38D33C}.Release|x64.Build.0 = Release|x64
		{9DF5A261-FD4A-419F-81B4-86438F38D33C}.Release|x86.ActiveCfg = Release|Win32
		{9DF5A261-FD4A-419F-81B4-86438F38D33C}.Release|x86.Build.0 = Release|Win32
		{E135D681-981B-42F1-9127-5AFF8B02C467}.Debug|x64.ActiveCfg = Debug|x64
		{E135D681-981B-42F1-9127-5AFF8B02C467}.Debug|x64.Build.0 = Debug|x64
		{E135D681-981B-42F1-9127-5AFF8B02C467}.Debug|x86.ActiveCfg = Debug|Win32
		{E135D681-981B-42F1-9127-5AFF8B02C467}.Debug|x86.Build.0 = Debug|Win32
		{E135D681-981B-42F1-9127-5AFF8B02C467}.Release|x64.ActiveCfg = Release|x64
		{E135D681-981B-42F1-9127-5AFF8B02C467}.Release|x64.Build.0 = Release|x64
		{E135D681-981B-42F1-9127-5AFF8B02C467}.Release|x86.ActiveCfg = Release|Win32
		{E135D681-981B-42F1-9127-5AFF8B02C467}.Release|x86.Build.0 = Release|Win32
		{BF0FEF85-8B4E-4FEB-8A4C-9DDF3B564C33}.Debug|x64.ActiveCfg = Debug|x64
		{BF0FEF85-8B4E-4FEB-8A4C-9DDF3B564C33}.Debug|x64.Build.0 = Debug|x64
		{BF0FEF85-8B4E-4FEB-8A4C-9DDF3B564C33}.Debug|x86.ActiveCfg = Debug|Win32
		{BF0FEF85-8B4E-4FEB-8A4C-9DDF3B564C33}.Debug|x86.Build.0 = Debug|Win32
		{BF0FEF85-8B4E-4FEB-8A4C-9DDF3B564C33}.Release|x64.ActiveCfg = Release|x64
		{BF0FEF85-8B4E-4FEB-8A4C-9DDF3B564C33}.Release|x64.Build.0 = Release|x64
		{BF0FEF85-8B4E-4FEB-8A4C-9DDF3B564C33}.Release|x86.ActiveCfg = Release|Win32
		{BF0FEF85-8B4E-4FEB-8A4C-9DDF3B564C33}.Release|x86.Build.0 = Release|Win32
		{25D7210C-00F0-4D26-BEA6-F175C6DF7AB8}.Debug|x64.ActiveCfg = Debug|x64
		{25D7210C-00F0-4D26-BEA6-F175C6DF7AB8}.Debug|x64.Build.0 = Debug|x64
		{25D7210C-00F0-4D26-BEA6-F175C6DF7AB8}.Debug|x86.ActiveCfg = Debug|Win32
		{25D7210C-00F0-4D26-BEA6-F175C6DF7AB8}.Debug|x86.Build.0 = Debug|Win32
		{25D7210C-00F0-4D26-BEA6-F175C6DF7AB8}.Release|x64.ActiveCfg = Release|x64
		{25D7210C-00F0-4D26-BEA6-F175C6DF7AB8}.Release|x64.Build.0 = Release|x64
		{25D7210C-00F0-4D26-BEA6-F175C6DF7AB8}.Release|x86.ActiveCfg = Release|Win32
		{25D7210C-00F0-4D26-BEA6-F175C6DF7AB8}.Release|x86.Build.0 = Release|Win32
		{9F2F3776-B7F2-477F-B569-FFBF9BA633ED}.Debug|x64.ActiveCfg = Debug|x64
		{9F2F3776-B7F2-477F-B569-FFBF9BA633ED}.Debug|x64.Build.0 = Debug|x64
		{9F2F3776-B7F2-477F-B569-FFBF9BA633ED}.Debug|x86.ActiveCfg = Debug|Win32
		{9F2F3776-B7F2-477F-B569-FFBF9BA633ED}.Debug|x86.Build.0 = Debug|Win32
		{9F2F3776-B7F2-477F-B569-FFBF9BA633ED}.Release|x64.ActiveCfg = Release|x64
		{9F2F3776-B7F2-477F-B569-FFBF9BA633ED}.Release|x64.Build.0 = Release|x64
		{9F2F3776-B7F2-477F-B569-FFBF9BA633ED}.Release|x86.ActiveCfg = Release|Win32
		{9F2F3776-B7F2-477F-B569-FFBF9BA633ED}.Release|x86.Build.0 = Release|Win32
		{4B4122FF-6C34-476F-B4F9-BA790D6BE2C2}.Debug|x64.ActiveCfg = Debug|x64
		{4B4122FF-6C34-476F-B4F9-BA790D6BE2C2}.Debug|x64.Build.0 = Debug|x64
		{4B4122FF-6C34-476F-B4F9-BA790D6BE2C2}.Debug|x86.ActiveCfg = Debug|Win32
		{4B4122FF-6C34-476F-B4F9-BA790D6BE2C2}.Debug|x86.Build.0 = Debug|Win32
		{4B4122FF-6C34-476F-B4F9-BA790D6BE2C2}.Release|x64.ActiveCfg = Release|x64
		{4B4122FF-6C34-476F-B4F9-BA790D6BE2C2}.Release|x64.Build.0 = Release|x64
		{4B4122FF-6C34-476F-B4F9-BA790D6BE2C2}.Release|x86.ActiveCfg = Release|Win32
		{4B4122FF-6C34-476F-B4F9-BA790D6BE2C2}.Release|x86.Build.0 = Release|Win32
		{23BC10C6-FBCE-471F-8F29-07D2193CA9EC}.Debug|x64.ActiveCfg = Debug|x64
		{23BC10C6-FBCE-471F-8F29-07D2193CA9EC}.Debug|x64.Build.0 = Debug|x64
		{23BC10C6-FBCE-471F-8F29-07D2193CA9EC}.Debug|x86.ActiveCfg = Debug|Win32
		{23BC10C6-FBCE-471F-8F29-07D2193CA9EC}.Debug|x86.Build.0 = Debug|Win32
		{23BC10C6-FBCE-471F-8F29-07D2193CA9EC}.Release|x64.ActiveCfg = Release|x64
		{23BC10C6-FBCE-471F-8F29-07D2193CA9EC}.Release|x64.Build.0 = Release|x64
		{23BC10C6-FBCE-471F-8F29-07D2193CA9EC}.Release|x86.ActiveCfg = Release|Win32
		{23BC10C6-FBCE-471F-8F29-07D2193CA9EC}.Release|x86.Build.0 = Release|Win32
		{10CA9BEE-95CB-403F-B1AF-DBF2BF4A12E6}.Debug|x64.ActiveCfg = Debug|x64
		{10CA9BEE-95CB-403F-B1AF-DBF2BF4A12E6}.Debug|x64.Build.0 = Debug|x64
		{10CA9BEE-95CB-403F-B1AF-DBF2BF4A12E6}.Debug|x86.ActiveCfg = Debug|Win32
		{10CA9BEE-95CB-403F-B1AF-DBF2BF4A12E6}.Debug|x86.Build.0 = Debug|Win32
		{10CA9BEE-95CB-403F-B1AF-DBF2BF4A12E6}.Release|x64.ActiveCfg = Release|x64
		{10CA9BEE-95CB-403F-B1AF-DBF2BF4A12E6}.Release|x64.Build.0 = Release|x64
		{10CA9BEE-95CB-403F-B1AF-DBF2BF4A12E6}.Release|x86.ActiveCfg = Release|Win32
		{10CA9BEE-95CB-403F-B1AF-DBF2BF4A12E6}.Release|x86.Build.0 = Release|Win32
	EndGlobalSection
	GlobalSection(SolutionProperties) = preSolution
		HideSolutionNode = FALSE
	EndGlobalSection
	GlobalSection(ExtensibilityGlobals) = postSolution
		SolutionGuid = {3E84D432-C1B5-457B-910A-E455BA8052F2}
	EndGlobalSection
EndGlobal
