
Microsoft Visual Studio Solution File, Format Version 12.00
# Visual Studio Version 16
VisualStudioVersion = 16.0.29613.14
MinimumVisualStudioVersion = 10.0.40219.1
Project("{8BC9CEB8-8B4A-11D0-8D11-00A0C91BC942}") = "7-1-1", "7-1-1\7-1-1.vcxproj", "{F307160B-8210-4EDE-83B3-E1463714FAB5}"
EndProject
Project("{8BC9CEB8-8B4A-11D0-8D11-00A0C91BC942}") = "7-1-2", "7-1-2\7-1-2.vcxproj", "{08824AB2-AB76-477F-BBD9-D9841BD0EE5E}"
EndProject
Project("{8BC9CEB8-8B4A-11D0-8D11-00A0C91BC942}") = "7-1-3", "7-1-3\7-1-3.vcxproj", "{19211C70-2BBD-473A-9401-F6A067D4CF32}"
EndProject
Project("{8BC9CEB8-8B4A-11D0-8D11-00A0C91BC942}") = "7-1-4", "7-1-4\7-1-4.vcxproj", "{57E93BBD-0D43-4586-AFC8-EA44C0BAB5BB}"
EndProject
Project("{8BC9CEB8-8B4A-11D0-8D11-00A0C91BC942}") = "7-5", "7-5\7-5.vcxproj", "{4F12B4C3-220A-4FE5-B23B-F6DB781D2E25}"
EndProject
Project("{8BC9CEB8-8B4A-11D0-8D11-00A0C91BC942}") = "7-b1", "7-b1\7-b1.vcxproj", "{D6442F33-B34E-4980-A03E-BE86FDF231CB}"
EndProject
Project("{8BC9CEB8-8B4A-11D0-8D11-00A0C91BC942}") = "7-5(c)", "7-5(c)\7-5(c).vcxproj", "{2783C221-C12A-4A60-AC10-50E22FF47033}"
EndProject
Project("{8BC9CEB8-8B4A-11D0-8D11-00A0C91BC942}") = "7-b2-1", "7-b2-1\7-b2-1.vcxproj", "{5E39C0CA-1FE8-4583-AC66-88B061905902}"
EndProject
Project("{8BC9CEB8-8B4A-11D0-8D11-00A0C91BC942}") = "7-b2-2", "7-b2-2\7-b2-2.vcxproj", "{01708DE0-A1EF-44C8-80BD-12E36F5B5A59}"
EndProject
Project("{8BC9CEB8-8B4A-11D0-8D11-00A0C91BC942}") = "7-b2-3", "7-b2-3\7-b2-3.vcxproj", "{17F4336E-4BA9-4D4C-9CCE-71FE7DE74610}"
EndProject
Project("{8BC9CEB8-8B4A-11D0-8D11-00A0C91BC942}") = "7-b2-4", "7-b2-4\7-b2-4.vcxproj", "{686B464C-7A5A-4822-842F-EFB1760EA914}"
EndProject
Project("{8BC9CEB8-8B4A-11D0-8D11-00A0C91BC942}") = "7-b3-1", "7-b3-1\7-b3-1.vcxproj", "{C96AF62D-956D-4280-83EA-9EB4D8670208}"
EndProject
Project("{8BC9CEB8-8B4A-11D0-8D11-00A0C91BC942}") = "7-b3-2", "7-b3-2\7-b3-2.vcxproj", "{4FBB9F36-CF82-4A27-9000-8DF3D4A52BE5}"
EndProject
Project("{8BC9CEB8-8B4A-11D0-8D11-00A0C91BC942}") = "7-b4-1", "7-b4-1\7-b4-1.vcxproj", "{3242A3B1-5918-4B96-8227-58E0D79797D9}"
EndProject
Project("{8BC9CEB8-8B4A-11D0-8D11-00A0C91BC942}") = "7-b4-2", "7-b4-2\7-b4-2.vcxproj", "{14301129-2F04-4CA7-93EF-3031D3B6F2D3}"
EndProject
Project("{8BC9CEB8-8B4A-11D0-8D11-00A0C91BC942}") = "7-b5", "7-b5\7-b5.vcxproj", "{5EF69DCF-9FC4-460B-B302-AD60156D70EB}"
EndProject
Project("{8BC9CEB8-8B4A-11D0-8D11-00A0C91BC942}") = "7-b7", "7-b7\7-b7.vcxproj", "{25EAA35A-74A8-4378-AAB4-DBBB6C151EB4}"
EndProject
Project("{8BC9CEB8-8B4A-11D0-8D11-00A0C91BC942}") = "7-b8", "7-b8\7-b8.vcxproj", "{33768B0C-2771-42D1-A312-11B51D88B422}"
EndProject
Project("{8BC9CEB8-8B4A-11D0-8D11-00A0C91BC942}") = "7-b9", "7-b9\7-b9.vcxproj", "{5B7571F7-7A3C-4D9E-BECB-E2B618A00879}"
EndProject
Project("{8BC9CEB8-8B4A-11D0-8D11-00A0C91BC942}") = "7-b1+", "7-b1+\7-b1+.vcxproj", "{DAEAC5B6-0425-4A31-9AE0-C64DC1C0B8DB}"
EndProject
Project("{8BC9CEB8-8B4A-11D0-8D11-00A0C91BC942}") = "demo", "demo\demo.vcxproj", "{6BC5DEAF-171E-4DFB-A8A2-781CBA1DF66B}"
EndProject
Project("{8BC9CEB8-8B4A-11D0-8D11-00A0C91BC942}") = "7-b12", "7-b12\7-b12.vcxproj", "{5E270405-3963-44F4-8EA9-BFBD53693363}"
EndProject
Project("{8BC9CEB8-8B4A-11D0-8D11-00A0C91BC942}") = "7-b13", "7-b13\7-b13.vcxproj", "{F36DBA12-5752-4D25-8575-02C51FEA6941}"
EndProject
Project("{8BC9CEB8-8B4A-11D0-8D11-00A0C91BC942}") = "7-b16", "7-b16\7-b16.vcxproj", "{9B0FCA54-9A64-441E-B01E-F8B9D6367488}"
EndProject
Project("{8BC9CEB8-8B4A-11D0-8D11-00A0C91BC942}") = "7-b17", "7-b17\7-b17.vcxproj", "{B43FE87B-121A-436E-AF31-6A017D7D4468}"
EndProject
Project("{8BC9CEB8-8B4A-11D0-8D11-00A0C91BC942}") = "7-b18", "7-b18\7-b18.vcxproj", "{90D8661E-6B23-4F33-A4C4-D4755B30C1A8}"
EndProject
Project("{8BC9CEB8-8B4A-11D0-8D11-00A0C91BC942}") = "demo_c", "demo_c\demo_c.vcxproj", "{2C3188BD-C016-4F6F-A817-1BAEA06E89FF}"
EndProject
Project("{8BC9CEB8-8B4A-11D0-8D11-00A0C91BC942}") = "7-b20", "7-b20\7-b20.vcxproj", "{FCBD095F-2A56-4DE7-9B27-DB9C71BDAF54}"
EndProject
Project("{8BC9CEB8-8B4A-11D0-8D11-00A0C91BC942}") = "7-b21", "7-b21\7-b21.vcxproj", "{EE85C910-7CFB-4637-9800-29E388864B96}"
EndProject
Project("{8BC9CEB8-8B4A-11D0-8D11-00A0C91BC942}") = "7-b22", "7-b22\7-b22.vcxproj", "{3028DD82-1AAF-4868-B157-5368D33E0BFA}"
EndProject
Project("{8BC9CEB8-8B4A-11D0-8D11-00A0C91BC942}") = "7-b23", "7-b23\7-b23.vcxproj", "{D55C9674-4ECC-4899-8F96-D77EC2DD7D5E}"
EndProject
Project("{8BC9CEB8-8B4A-11D0-8D11-00A0C91BC942}") = "7-b23(c)", "7-b23(c)\7-b23(c).vcxproj", "{83741FEA-804B-4369-BC21-70D865107F9A}"
EndProject
Project("{8BC9CEB8-8B4A-11D0-8D11-00A0C91BC942}") = "8-1", "8-1\8-1.vcxproj", "{E4AC2844-8D8A-4D55-9730-B399847DD3DE}"
EndProject
Project("{8BC9CEB8-8B4A-11D0-8D11-00A0C91BC942}") = "8-2", "8-2\8-2.vcxproj", "{06683450-DCE8-4308-BB0B-013C6F467D4E}"
EndProject
Project("{8BC9CEB8-8B4A-11D0-8D11-00A0C91BC942}") = "8-3", "8-3\8-3.vcxproj", "{AD300099-ECDF-453D-B020-3329BABDAC8F}"
EndProject
Project("{8BC9CEB8-8B4A-11D0-8D11-00A0C91BC942}") = "8-6", "8-6\8-6.vcxproj", "{FA1E37AE-E329-47C6-913F-424FC2DB318F}"
EndProject
Global
	GlobalSection(SolutionConfigurationPlatforms) = preSolution
		Debug|x64 = Debug|x64
		Debug|x86 = Debug|x86
		Release|x64 = Release|x64
		Release|x86 = Release|x86
	EndGlobalSection
	GlobalSection(ProjectConfigurationPlatforms) = postSolution
		{F307160B-8210-4EDE-83B3-E1463714FAB5}.Debug|x64.ActiveCfg = Debug|x64
		{F307160B-8210-4EDE-83B3-E1463714FAB5}.Debug|x64.Build.0 = Debug|x64
		{F307160B-8210-4EDE-83B3-E1463714FAB5}.Debug|x86.ActiveCfg = Debug|Win32
		{F307160B-8210-4EDE-83B3-E1463714FAB5}.Debug|x86.Build.0 = Debug|Win32
		{F307160B-8210-4EDE-83B3-E1463714FAB5}.Release|x64.ActiveCfg = Release|x64
		{F307160B-8210-4EDE-83B3-E1463714FAB5}.Release|x64.Build.0 = Release|x64
		{F307160B-8210-4EDE-83B3-E1463714FAB5}.Release|x86.ActiveCfg = Release|Win32
		{F307160B-8210-4EDE-83B3-E1463714FAB5}.Release|x86.Build.0 = Release|Win32
		{08824AB2-AB76-477F-BBD9-D9841BD0EE5E}.Debug|x64.ActiveCfg = Debug|x64
		{08824AB2-AB76-477F-BBD9-D9841BD0EE5E}.Debug|x64.Build.0 = Debug|x64
		{08824AB2-AB76-477F-BBD9-D9841BD0EE5E}.Debug|x86.ActiveCfg = Debug|Win32
		{08824AB2-AB76-477F-BBD9-D9841BD0EE5E}.Debug|x86.Build.0 = Debug|Win32
		{08824AB2-AB76-477F-BBD9-D9841BD0EE5E}.Release|x64.ActiveCfg = Release|x64
		{08824AB2-AB76-477F-BBD9-D9841BD0EE5E}.Release|x64.Build.0 = Release|x64
		{08824AB2-AB76-477F-BBD9-D9841BD0EE5E}.Release|x86.ActiveCfg = Release|Win32
		{08824AB2-AB76-477F-BBD9-D9841BD0EE5E}.Release|x86.Build.0 = Release|Win32
		{19211C70-2BBD-473A-9401-F6A067D4CF32}.Debug|x64.ActiveCfg = Debug|x64
		{19211C70-2BBD-473A-9401-F6A067D4CF32}.Debug|x64.Build.0 = Debug|x64
		{19211C70-2BBD-473A-9401-F6A067D4CF32}.Debug|x86.ActiveCfg = Debug|Win32
		{19211C70-2BBD-473A-9401-F6A067D4CF32}.Debug|x86.Build.0 = Debug|Win32
		{19211C70-2BBD-473A-9401-F6A067D4CF32}.Release|x64.ActiveCfg = Release|x64
		{19211C70-2BBD-473A-9401-F6A067D4CF32}.Release|x64.Build.0 = Release|x64
		{19211C70-2BBD-473A-9401-F6A067D4CF32}.Release|x86.ActiveCfg = Release|Win32
		{19211C70-2BBD-473A-9401-F6A067D4CF32}.Release|x86.Build.0 = Release|Win32
		{57E93BBD-0D43-4586-AFC8-EA44C0BAB5BB}.Debug|x64.ActiveCfg = Debug|x64
		{57E93BBD-0D43-4586-AFC8-EA44C0BAB5BB}.Debug|x64.Build.0 = Debug|x64
		{57E93BBD-0D43-4586-AFC8-EA44C0BAB5BB}.Debug|x86.ActiveCfg = Debug|Win32
		{57E93BBD-0D43-4586-AFC8-EA44C0BAB5BB}.Debug|x86.Build.0 = Debug|Win32
		{57E93BBD-0D43-4586-AFC8-EA44C0BAB5BB}.Release|x64.ActiveCfg = Release|x64
		{57E93BBD-0D43-4586-AFC8-EA44C0BAB5BB}.Release|x64.Build.0 = Release|x64
		{57E93BBD-0D43-4586-AFC8-EA44C0BAB5BB}.Release|x86.ActiveCfg = Release|Win32
		{57E93BBD-0D43-4586-AFC8-EA44C0BAB5BB}.Release|x86.Build.0 = Release|Win32
		{4F12B4C3-220A-4FE5-B23B-F6DB781D2E25}.Debug|x64.ActiveCfg = Debug|x64
		{4F12B4C3-220A-4FE5-B23B-F6DB781D2E25}.Debug|x64.Build.0 = Debug|x64
		{4F12B4C3-220A-4FE5-B23B-F6DB781D2E25}.Debug|x86.ActiveCfg = Debug|Win32
		{4F12B4C3-220A-4FE5-B23B-F6DB781D2E25}.Debug|x86.Build.0 = Debug|Win32
		{4F12B4C3-220A-4FE5-B23B-F6DB781D2E25}.Release|x64.ActiveCfg = Release|x64
		{4F12B4C3-220A-4FE5-B23B-F6DB781D2E25}.Release|x64.Build.0 = Release|x64
		{4F12B4C3-220A-4FE5-B23B-F6DB781D2E25}.Release|x86.ActiveCfg = Release|Win32
		{4F12B4C3-220A-4FE5-B23B-F6DB781D2E25}.Release|x86.Build.0 = Release|Win32
		{D6442F33-B34E-4980-A03E-BE86FDF231CB}.Debug|x64.ActiveCfg = Debug|x64
		{D6442F33-B34E-4980-A03E-BE86FDF231CB}.Debug|x64.Build.0 = Debug|x64
		{D6442F33-B34E-4980-A03E-BE86FDF231CB}.Debug|x86.ActiveCfg = Debug|Win32
		{D6442F33-B34E-4980-A03E-BE86FDF231CB}.Debug|x86.Build.0 = Debug|Win32
		{D6442F33-B34E-4980-A03E-BE86FDF231CB}.Release|x64.ActiveCfg = Release|x64
		{D6442F33-B34E-4980-A03E-BE86FDF231CB}.Release|x64.Build.0 = Release|x64
		{D6442F33-B34E-4980-A03E-BE86FDF231CB}.Release|x86.ActiveCfg = Release|Win32
		{D6442F33-B34E-4980-A03E-BE86FDF231CB}.Release|x86.Build.0 = Release|Win32
		{2783C221-C12A-4A60-AC10-50E22FF47033}.Debug|x64.ActiveCfg = Debug|x64
		{2783C221-C12A-4A60-AC10-50E22FF47033}.Debug|x64.Build.0 = Debug|x64
		{2783C221-C12A-4A60-AC10-50E22FF47033}.Debug|x86.ActiveCfg = Debug|Win32
		{2783C221-C12A-4A60-AC10-50E22FF47033}.Debug|x86.Build.0 = Debug|Win32
		{2783C221-C12A-4A60-AC10-50E22FF47033}.Release|x64.ActiveCfg = Release|x64
		{2783C221-C12A-4A60-AC10-50E22FF47033}.Release|x64.Build.0 = Release|x64
		{2783C221-C12A-4A60-AC10-50E22FF47033}.Release|x86.ActiveCfg = Release|Win32
		{2783C221-C12A-4A60-AC10-50E22FF47033}.Release|x86.Build.0 = Release|Win32
		{5E39C0CA-1FE8-4583-AC66-88B061905902}.Debug|x64.ActiveCfg = Debug|x64
		{5E39C0CA-1FE8-4583-AC66-88B061905902}.Debug|x64.Build.0 = Debug|x64
		{5E39C0CA-1FE8-4583-AC66-88B061905902}.Debug|x86.ActiveCfg = Debug|Win32
		{5E39C0CA-1FE8-4583-AC66-88B061905902}.Debug|x86.Build.0 = Debug|Win32
		{5E39C0CA-1FE8-4583-AC66-88B061905902}.Release|x64.ActiveCfg = Release|x64
		{5E39C0CA-1FE8-4583-AC66-88B061905902}.Release|x64.Build.0 = Release|x64
		{5E39C0CA-1FE8-4583-AC66-88B061905902}.Release|x86.ActiveCfg = Release|Win32
		{5E39C0CA-1FE8-4583-AC66-88B061905902}.Release|x86.Build.0 = Release|Win32
		{01708DE0-A1EF-44C8-80BD-12E36F5B5A59}.Debug|x64.ActiveCfg = Debug|x64
		{01708DE0-A1EF-44C8-80BD-12E36F5B5A59}.Debug|x64.Build.0 = Debug|x64
		{01708DE0-A1EF-44C8-80BD-12E36F5B5A59}.Debug|x86.ActiveCfg = Debug|Win32
		{01708DE0-A1EF-44C8-80BD-12E36F5B5A59}.Debug|x86.Build.0 = Debug|Win32
		{01708DE0-A1EF-44C8-80BD-12E36F5B5A59}.Release|x64.ActiveCfg = Release|x64
		{01708DE0-A1EF-44C8-80BD-12E36F5B5A59}.Release|x64.Build.0 = Release|x64
		{01708DE0-A1EF-44C8-80BD-12E36F5B5A59}.Release|x86.ActiveCfg = Release|Win32
		{01708DE0-A1EF-44C8-80BD-12E36F5B5A59}.Release|x86.Build.0 = Release|Win32
		{17F4336E-4BA9-4D4C-9CCE-71FE7DE74610}.Debug|x64.ActiveCfg = Debug|x64
		{17F4336E-4BA9-4D4C-9CCE-71FE7DE74610}.Debug|x64.Build.0 = Debug|x64
		{17F4336E-4BA9-4D4C-9CCE-71FE7DE74610}.Debug|x86.ActiveCfg = Debug|Win32
		{17F4336E-4BA9-4D4C-9CCE-71FE7DE74610}.Debug|x86.Build.0 = Debug|Win32
		{17F4336E-4BA9-4D4C-9CCE-71FE7DE74610}.Release|x64.ActiveCfg = Release|x64
		{17F4336E-4BA9-4D4C-9CCE-71FE7DE74610}.Release|x64.Build.0 = Release|x64
		{17F4336E-4BA9-4D4C-9CCE-71FE7DE74610}.Release|x86.ActiveCfg = Release|Win32
		{17F4336E-4BA9-4D4C-9CCE-71FE7DE74610}.Release|x86.Build.0 = Release|Win32
		{686B464C-7A5A-4822-842F-EFB1760EA914}.Debug|x64.ActiveCfg = Debug|x64
		{686B464C-7A5A-4822-842F-EFB1760EA914}.Debug|x64.Build.0 = Debug|x64
		{686B464C-7A5A-4822-842F-EFB1760EA914}.Debug|x86.ActiveCfg = Debug|Win32
		{686B464C-7A5A-4822-842F-EFB1760EA914}.Debug|x86.Build.0 = Debug|Win32
		{686B464C-7A5A-4822-842F-EFB1760EA914}.Release|x64.ActiveCfg = Release|x64
		{686B464C-7A5A-4822-842F-EFB1760EA914}.Release|x64.Build.0 = Release|x64
		{686B464C-7A5A-4822-842F-EFB1760EA914}.Release|x86.ActiveCfg = Release|Win32
		{686B464C-7A5A-4822-842F-EFB1760EA914}.Release|x86.Build.0 = Release|Win32
		{C96AF62D-956D-4280-83EA-9EB4D8670208}.Debug|x64.ActiveCfg = Debug|x64
		{C96AF62D-956D-4280-83EA-9EB4D8670208}.Debug|x64.Build.0 = Debug|x64
		{C96AF62D-956D-4280-83EA-9EB4D8670208}.Debug|x86.ActiveCfg = Debug|Win32
		{C96AF62D-956D-4280-83EA-9EB4D8670208}.Debug|x86.Build.0 = Debug|Win32
		{C96AF62D-956D-4280-83EA-9EB4D8670208}.Release|x64.ActiveCfg = Release|x64
		{C96AF62D-956D-4280-83EA-9EB4D8670208}.Release|x64.Build.0 = Release|x64
		{C96AF62D-956D-4280-83EA-9EB4D8670208}.Release|x86.ActiveCfg = Release|Win32
		{C96AF62D-956D-4280-83EA-9EB4D8670208}.Release|x86.Build.0 = Release|Win32
		{4FBB9F36-CF82-4A27-9000-8DF3D4A52BE5}.Debug|x64.ActiveCfg = Debug|x64
		{4FBB9F36-CF82-4A27-9000-8DF3D4A52BE5}.Debug|x64.Build.0 = Debug|x64
		{4FBB9F36-CF82-4A27-9000-8DF3D4A52BE5}.Debug|x86.ActiveCfg = Debug|Win32
		{4FBB9F36-CF82-4A27-9000-8DF3D4A52BE5}.Debug|x86.Build.0 = Debug|Win32
		{4FBB9F36-CF82-4A27-9000-8DF3D4A52BE5}.Release|x64.ActiveCfg = Release|x64
		{4FBB9F36-CF82-4A27-9000-8DF3D4A52BE5}.Release|x64.Build.0 = Release|x64
		{4FBB9F36-CF82-4A27-9000-8DF3D4A52BE5}.Release|x86.ActiveCfg = Release|Win32
		{4FBB9F36-CF82-4A27-9000-8DF3D4A52BE5}.Release|x86.Build.0 = Release|Win32
		{3242A3B1-5918-4B96-8227-58E0D79797D9}.Debug|x64.ActiveCfg = Debug|x64
		{3242A3B1-5918-4B96-8227-58E0D79797D9}.Debug|x64.Build.0 = Debug|x64
		{3242A3B1-5918-4B96-8227-58E0D79797D9}.Debug|x86.ActiveCfg = Debug|Win32
		{3242A3B1-5918-4B96-8227-58E0D79797D9}.Debug|x86.Build.0 = Debug|Win32
		{3242A3B1-5918-4B96-8227-58E0D79797D9}.Release|x64.ActiveCfg = Release|x64
		{3242A3B1-5918-4B96-8227-58E0D79797D9}.Release|x64.Build.0 = Release|x64
		{3242A3B1-5918-4B96-8227-58E0D79797D9}.Release|x86.ActiveCfg = Release|Win32
		{3242A3B1-5918-4B96-8227-58E0D79797D9}.Release|x86.Build.0 = Release|Win32
		{14301129-2F04-4CA7-93EF-3031D3B6F2D3}.Debug|x64.ActiveCfg = Debug|x64
		{14301129-2F04-4CA7-93EF-3031D3B6F2D3}.Debug|x64.Build.0 = Debug|x64
		{14301129-2F04-4CA7-93EF-3031D3B6F2D3}.Debug|x86.ActiveCfg = Debug|Win32
		{14301129-2F04-4CA7-93EF-3031D3B6F2D3}.Debug|x86.Build.0 = Debug|Win32
		{14301129-2F04-4CA7-93EF-3031D3B6F2D3}.Release|x64.ActiveCfg = Release|x64
		{14301129-2F04-4CA7-93EF-3031D3B6F2D3}.Release|x64.Build.0 = Release|x64
		{14301129-2F04-4CA7-93EF-3031D3B6F2D3}.Release|x86.ActiveCfg = Release|Win32
		{14301129-2F04-4CA7-93EF-3031D3B6F2D3}.Release|x86.Build.0 = Release|Win32
		{5EF69DCF-9FC4-460B-B302-AD60156D70EB}.Debug|x64.ActiveCfg = Debug|x64
		{5EF69DCF-9FC4-460B-B302-AD60156D70EB}.Debug|x64.Build.0 = Debug|x64
		{5EF69DCF-9FC4-460B-B302-AD60156D70EB}.Debug|x86.ActiveCfg = Debug|Win32
		{5EF69DCF-9FC4-460B-B302-AD60156D70EB}.Debug|x86.Build.0 = Debug|Win32
		{5EF69DCF-9FC4-460B-B302-AD60156D70EB}.Release|x64.ActiveCfg = Release|x64
		{5EF69DCF-9FC4-460B-B302-AD60156D70EB}.Release|x64.Build.0 = Release|x64
		{5EF69DCF-9FC4-460B-B302-AD60156D70EB}.Release|x86.ActiveCfg = Release|Win32
		{5EF69DCF-9FC4-460B-B302-AD60156D70EB}.Release|x86.Build.0 = Release|Win32
		{25EAA35A-74A8-4378-AAB4-DBBB6C151EB4}.Debug|x64.ActiveCfg = Debug|x64
		{25EAA35A-74A8-4378-AAB4-DBBB6C151EB4}.Debug|x64.Build.0 = Debug|x64
		{25EAA35A-74A8-4378-AAB4-DBBB6C151EB4}.Debug|x86.ActiveCfg = Debug|Win32
		{25EAA35A-74A8-4378-AAB4-DBBB6C151EB4}.Debug|x86.Build.0 = Debug|Win32
		{25EAA35A-74A8-4378-AAB4-DBBB6C151EB4}.Release|x64.ActiveCfg = Release|x64
		{25EAA35A-74A8-4378-AAB4-DBBB6C151EB4}.Release|x64.Build.0 = Release|x64
		{25EAA35A-74A8-4378-AAB4-DBBB6C151EB4}.Release|x86.ActiveCfg = Release|Win32
		{25EAA35A-74A8-4378-AAB4-DBBB6C151EB4}.Release|x86.Build.0 = Release|Win32
		{33768B0C-2771-42D1-A312-11B51D88B422}.Debug|x64.ActiveCfg = Debug|x64
		{33768B0C-2771-42D1-A312-11B51D88B422}.Debug|x64.Build.0 = Debug|x64
		{33768B0C-2771-42D1-A312-11B51D88B422}.Debug|x86.ActiveCfg = Debug|Win32
		{33768B0C-2771-42D1-A312-11B51D88B422}.Debug|x86.Build.0 = Debug|Win32
		{33768B0C-2771-42D1-A312-11B51D88B422}.Release|x64.ActiveCfg = Release|x64
		{33768B0C-2771-42D1-A312-11B51D88B422}.Release|x64.Build.0 = Release|x64
		{33768B0C-2771-42D1-A312-11B51D88B422}.Release|x86.ActiveCfg = Release|Win32
		{33768B0C-2771-42D1-A312-11B51D88B422}.Release|x86.Build.0 = Release|Win32
		{5B7571F7-7A3C-4D9E-BECB-E2B618A00879}.Debug|x64.ActiveCfg = Debug|x64
		{5B7571F7-7A3C-4D9E-BECB-E2B618A00879}.Debug|x64.Build.0 = Debug|x64
		{5B7571F7-7A3C-4D9E-BECB-E2B618A00879}.Debug|x86.ActiveCfg = Debug|Win32
		{5B7571F7-7A3C-4D9E-BECB-E2B618A00879}.Debug|x86.Build.0 = Debug|Win32
		{5B7571F7-7A3C-4D9E-BECB-E2B618A00879}.Release|x64.ActiveCfg = Release|x64
		{5B7571F7-7A3C-4D9E-BECB-E2B618A00879}.Release|x64.Build.0 = Release|x64
		{5B7571F7-7A3C-4D9E-BECB-E2B618A00879}.Release|x86.ActiveCfg = Release|Win32
		{5B7571F7-7A3C-4D9E-BECB-E2B618A00879}.Release|x86.Build.0 = Release|Win32
		{DAEAC5B6-0425-4A31-9AE0-C64DC1C0B8DB}.Debug|x64.ActiveCfg = Debug|x64
		{DAEAC5B6-0425-4A31-9AE0-C64DC1C0B8DB}.Debug|x64.Build.0 = Debug|x64
		{DAEAC5B6-0425-4A31-9AE0-C64DC1C0B8DB}.Debug|x86.ActiveCfg = Debug|Win32
		{DAEAC5B6-0425-4A31-9AE0-C64DC1C0B8DB}.Debug|x86.Build.0 = Debug|Win32
		{DAEAC5B6-0425-4A31-9AE0-C64DC1C0B8DB}.Release|x64.ActiveCfg = Release|x64
		{DAEAC5B6-0425-4A31-9AE0-C64DC1C0B8DB}.Release|x64.Build.0 = Release|x64
		{DAEAC5B6-0425-4A31-9AE0-C64DC1C0B8DB}.Release|x86.ActiveCfg = Release|Win32
		{DAEAC5B6-0425-4A31-9AE0-C64DC1C0B8DB}.Release|x86.Build.0 = Release|Win32
		{6BC5DEAF-171E-4DFB-A8A2-781CBA1DF66B}.Debug|x64.ActiveCfg = Debug|x64
		{6BC5DEAF-171E-4DFB-A8A2-781CBA1DF66B}.Debug|x64.Build.0 = Debug|x64
		{6BC5DEAF-171E-4DFB-A8A2-781CBA1DF66B}.Debug|x86.ActiveCfg = Debug|Win32
		{6BC5DEAF-171E-4DFB-A8A2-781CBA1DF66B}.Debug|x86.Build.0 = Debug|Win32
		{6BC5DEAF-171E-4DFB-A8A2-781CBA1DF66B}.Release|x64.ActiveCfg = Release|x64
		{6BC5DEAF-171E-4DFB-A8A2-781CBA1DF66B}.Release|x64.Build.0 = Release|x64
		{6BC5DEAF-171E-4DFB-A8A2-781CBA1DF66B}.Release|x86.ActiveCfg = Release|Win32
		{6BC5DEAF-171E-4DFB-A8A2-781CBA1DF66B}.Release|x86.Build.0 = Release|Win32
		{5E270405-3963-44F4-8EA9-BFBD53693363}.Debug|x64.ActiveCfg = Debug|x64
		{5E270405-3963-44F4-8EA9-BFBD53693363}.Debug|x64.Build.0 = Debug|x64
		{5E270405-3963-44F4-8EA9-BFBD53693363}.Debug|x86.ActiveCfg = Debug|Win32
		{5E270405-3963-44F4-8EA9-BFBD53693363}.Debug|x86.Build.0 = Debug|Win32
		{5E270405-3963-44F4-8EA9-BFBD53693363}.Release|x64.ActiveCfg = Release|x64
		{5E270405-3963-44F4-8EA9-BFBD53693363}.Release|x64.Build.0 = Release|x64
		{5E270405-3963-44F4-8EA9-BFBD53693363}.Release|x86.ActiveCfg = Release|Win32
		{5E270405-3963-44F4-8EA9-BFBD53693363}.Release|x86.Build.0 = Release|Win32
		{F36DBA12-5752-4D25-8575-02C51FEA6941}.Debug|x64.ActiveCfg = Debug|x64
		{F36DBA12-5752-4D25-8575-02C51FEA6941}.Debug|x64.Build.0 = Debug|x64
		{F36DBA12-5752-4D25-8575-02C51FEA6941}.Debug|x86.ActiveCfg = Debug|Win32
		{F36DBA12-5752-4D25-8575-02C51FEA6941}.Debug|x86.Build.0 = Debug|Win32
		{F36DBA12-5752-4D25-8575-02C51FEA6941}.Release|x64.ActiveCfg = Release|x64
		{F36DBA12-5752-4D25-8575-02C51FEA6941}.Release|x64.Build.0 = Release|x64
		{F36DBA12-5752-4D25-8575-02C51FEA6941}.Release|x86.ActiveCfg = Release|Win32
		{F36DBA12-5752-4D25-8575-02C51FEA6941}.Release|x86.Build.0 = Release|Win32
		{9B0FCA54-9A64-441E-B01E-F8B9D6367488}.Debug|x64.ActiveCfg = Debug|x64
		{9B0FCA54-9A64-441E-B01E-F8B9D6367488}.Debug|x64.Build.0 = Debug|x64
		{9B0FCA54-9A64-441E-B01E-F8B9D6367488}.Debug|x86.ActiveCfg = Debug|Win32
		{9B0FCA54-9A64-441E-B01E-F8B9D6367488}.Debug|x86.Build.0 = Debug|Win32
		{9B0FCA54-9A64-441E-B01E-F8B9D6367488}.Release|x64.ActiveCfg = Release|x64
		{9B0FCA54-9A64-441E-B01E-F8B9D6367488}.Release|x64.Build.0 = Release|x64
		{9B0FCA54-9A64-441E-B01E-F8B9D6367488}.Release|x86.ActiveCfg = Release|Win32
		{9B0FCA54-9A64-441E-B01E-F8B9D6367488}.Release|x86.Build.0 = Release|Win32
		{B43FE87B-121A-436E-AF31-6A017D7D4468}.Debug|x64.ActiveCfg = Debug|x64
		{B43FE87B-121A-436E-AF31-6A017D7D4468}.Debug|x64.Build.0 = Debug|x64
		{B43FE87B-121A-436E-AF31-6A017D7D4468}.Debug|x86.ActiveCfg = Debug|Win32
		{B43FE87B-121A-436E-AF31-6A017D7D4468}.Debug|x86.Build.0 = Debug|Win32
		{B43FE87B-121A-436E-AF31-6A017D7D4468}.Release|x64.ActiveCfg = Release|x64
		{B43FE87B-121A-436E-AF31-6A017D7D4468}.Release|x64.Build.0 = Release|x64
		{B43FE87B-121A-436E-AF31-6A017D7D4468}.Release|x86.ActiveCfg = Release|Win32
		{B43FE87B-121A-436E-AF31-6A017D7D4468}.Release|x86.Build.0 = Release|Win32
		{90D8661E-6B23-4F33-A4C4-D4755B30C1A8}.Debug|x64.ActiveCfg = Debug|x64
		{90D8661E-6B23-4F33-A4C4-D4755B30C1A8}.Debug|x64.Build.0 = Debug|x64
		{90D8661E-6B23-4F33-A4C4-D4755B30C1A8}.Debug|x86.ActiveCfg = Debug|Win32
		{90D8661E-6B23-4F33-A4C4-D4755B30C1A8}.Debug|x86.Build.0 = Debug|Win32
		{90D8661E-6B23-4F33-A4C4-D4755B30C1A8}.Release|x64.ActiveCfg = Release|x64
		{90D8661E-6B23-4F33-A4C4-D4755B30C1A8}.Release|x64.Build.0 = Release|x64
		{90D8661E-6B23-4F33-A4C4-D4755B30C1A8}.Release|x86.ActiveCfg = Release|Win32
		{90D8661E-6B23-4F33-A4C4-D4755B30C1A8}.Release|x86.Build.0 = Release|Win32
		{2C3188BD-C016-4F6F-A817-1BAEA06E89FF}.Debug|x64.ActiveCfg = Debug|x64
		{2C3188BD-C016-4F6F-A817-1BAEA06E89FF}.Debug|x64.Build.0 = Debug|x64
		{2C3188BD-C016-4F6F-A817-1BAEA06E89FF}.Debug|x86.ActiveCfg = Debug|Win32
		{2C3188BD-C016-4F6F-A817-1BAEA06E89FF}.Debug|x86.Build.0 = Debug|Win32
		{2C3188BD-C016-4F6F-A817-1BAEA06E89FF}.Release|x64.ActiveCfg = Release|x64
		{2C3188BD-C016-4F6F-A817-1BAEA06E89FF}.Release|x64.Build.0 = Release|x64
		{2C3188BD-C016-4F6F-A817-1BAEA06E89FF}.Release|x86.ActiveCfg = Release|Win32
		{2C3188BD-C016-4F6F-A817-1BAEA06E89FF}.Release|x86.Build.0 = Release|Win32
		{FCBD095F-2A56-4DE7-9B27-DB9C71BDAF54}.Debug|x64.ActiveCfg = Debug|x64
		{FCBD095F-2A56-4DE7-9B27-DB9C71BDAF54}.Debug|x64.Build.0 = Debug|x64
		{FCBD095F-2A56-4DE7-9B27-DB9C71BDAF54}.Debug|x86.ActiveCfg = Debug|Win32
		{FCBD095F-2A56-4DE7-9B27-DB9C71BDAF54}.Debug|x86.Build.0 = Debug|Win32
		{FCBD095F-2A56-4DE7-9B27-DB9C71BDAF54}.Release|x64.ActiveCfg = Release|x64
		{FCBD095F-2A56-4DE7-9B27-DB9C71BDAF54}.Release|x64.Build.0 = Release|x64
		{FCBD095F-2A56-4DE7-9B27-DB9C71BDAF54}.Release|x86.ActiveCfg = Release|Win32
		{FCBD095F-2A56-4DE7-9B27-DB9C71BDAF54}.Release|x86.Build.0 = Release|Win32
		{EE85C910-7CFB-4637-9800-29E388864B96}.Debug|x64.ActiveCfg = Debug|x64
		{EE85C910-7CFB-4637-9800-29E388864B96}.Debug|x64.Build.0 = Debug|x64
		{EE85C910-7CFB-4637-9800-29E388864B96}.Debug|x86.ActiveCfg = Debug|Win32
		{EE85C910-7CFB-4637-9800-29E388864B96}.Debug|x86.Build.0 = Debug|Win32
		{EE85C910-7CFB-4637-9800-29E388864B96}.Release|x64.ActiveCfg = Release|x64
		{EE85C910-7CFB-4637-9800-29E388864B96}.Release|x64.Build.0 = Release|x64
		{EE85C910-7CFB-4637-9800-29E388864B96}.Release|x86.ActiveCfg = Release|Win32
		{EE85C910-7CFB-4637-9800-29E388864B96}.Release|x86.Build.0 = Release|Win32
		{3028DD82-1AAF-4868-B157-5368D33E0BFA}.Debug|x64.ActiveCfg = Debug|x64
		{3028DD82-1AAF-4868-B157-5368D33E0BFA}.Debug|x64.Build.0 = Debug|x64
		{3028DD82-1AAF-4868-B157-5368D33E0BFA}.Debug|x86.ActiveCfg = Debug|Win32
		{3028DD82-1AAF-4868-B157-5368D33E0BFA}.Debug|x86.Build.0 = Debug|Win32
		{3028DD82-1AAF-4868-B157-5368D33E0BFA}.Release|x64.ActiveCfg = Release|x64
		{3028DD82-1AAF-4868-B157-5368D33E0BFA}.Release|x64.Build.0 = Release|x64
		{3028DD82-1AAF-4868-B157-5368D33E0BFA}.Release|x86.ActiveCfg = Release|Win32
		{3028DD82-1AAF-4868-B157-5368D33E0BFA}.Release|x86.Build.0 = Release|Win32
		{D55C9674-4ECC-4899-8F96-D77EC2DD7D5E}.Debug|x64.ActiveCfg = Debug|x64
		{D55C9674-4ECC-4899-8F96-D77EC2DD7D5E}.Debug|x64.Build.0 = Debug|x64
		{D55C9674-4ECC-4899-8F96-D77EC2DD7D5E}.Debug|x86.ActiveCfg = Debug|Win32
		{D55C9674-4ECC-4899-8F96-D77EC2DD7D5E}.Debug|x86.Build.0 = Debug|Win32
		{D55C9674-4ECC-4899-8F96-D77EC2DD7D5E}.Release|x64.ActiveCfg = Release|x64
		{D55C9674-4ECC-4899-8F96-D77EC2DD7D5E}.Release|x64.Build.0 = Release|x64
		{D55C9674-4ECC-4899-8F96-D77EC2DD7D5E}.Release|x86.ActiveCfg = Release|Win32
		{D55C9674-4ECC-4899-8F96-D77EC2DD7D5E}.Release|x86.Build.0 = Release|Win32
		{83741FEA-804B-4369-BC21-70D865107F9A}.Debug|x64.ActiveCfg = Debug|x64
		{83741FEA-804B-4369-BC21-70D865107F9A}.Debug|x64.Build.0 = Debug|x64
		{83741FEA-804B-4369-BC21-70D865107F9A}.Debug|x86.ActiveCfg = Debug|Win32
		{83741FEA-804B-4369-BC21-70D865107F9A}.Debug|x86.Build.0 = Debug|Win32
		{83741FEA-804B-4369-BC21-70D865107F9A}.Release|x64.ActiveCfg = Release|x64
		{83741FEA-804B-4369-BC21-70D865107F9A}.Release|x64.Build.0 = Release|x64
		{83741FEA-804B-4369-BC21-70D865107F9A}.Release|x86.ActiveCfg = Release|Win32
		{83741FEA-804B-4369-BC21-70D865107F9A}.Release|x86.Build.0 = Release|Win32
		{E4AC2844-8D8A-4D55-9730-B399847DD3DE}.Debug|x64.ActiveCfg = Debug|x64
		{E4AC2844-8D8A-4D55-9730-B399847DD3DE}.Debug|x64.Build.0 = Debug|x64
		{E4AC2844-8D8A-4D55-9730-B399847DD3DE}.Debug|x86.ActiveCfg = Debug|Win32
		{E4AC2844-8D8A-4D55-9730-B399847DD3DE}.Debug|x86.Build.0 = Debug|Win32
		{E4AC2844-8D8A-4D55-9730-B399847DD3DE}.Release|x64.ActiveCfg = Release|x64
		{E4AC2844-8D8A-4D55-9730-B399847DD3DE}.Release|x64.Build.0 = Release|x64
		{E4AC2844-8D8A-4D55-9730-B399847DD3DE}.Release|x86.ActiveCfg = Release|Win32
		{E4AC2844-8D8A-4D55-9730-B399847DD3DE}.Release|x86.Build.0 = Release|Win32
		{06683450-DCE8-4308-BB0B-013C6F467D4E}.Debug|x64.ActiveCfg = Debug|x64
		{06683450-DCE8-4308-BB0B-013C6F467D4E}.Debug|x64.Build.0 = Debug|x64
		{06683450-DCE8-4308-BB0B-013C6F467D4E}.Debug|x86.ActiveCfg = Debug|Win32
		{06683450-DCE8-4308-BB0B-013C6F467D4E}.Debug|x86.Build.0 = Debug|Win32
		{06683450-DCE8-4308-BB0B-013C6F467D4E}.Release|x64.ActiveCfg = Release|x64
		{06683450-DCE8-4308-BB0B-013C6F467D4E}.Release|x64.Build.0 = Release|x64
		{06683450-DCE8-4308-BB0B-013C6F467D4E}.Release|x86.ActiveCfg = Release|Win32
		{06683450-DCE8-4308-BB0B-013C6F467D4E}.Release|x86.Build.0 = Release|Win32
		{AD300099-ECDF-453D-B020-3329BABDAC8F}.Debug|x64.ActiveCfg = Debug|x64
		{AD300099-ECDF-453D-B020-3329BABDAC8F}.Debug|x64.Build.0 = Debug|x64
		{AD300099-ECDF-453D-B020-3329BABDAC8F}.Debug|x86.ActiveCfg = Debug|Win32
		{AD300099-ECDF-453D-B020-3329BABDAC8F}.Debug|x86.Build.0 = Debug|Win32
		{AD300099-ECDF-453D-B020-3329BABDAC8F}.Release|x64.ActiveCfg = Release|x64
		{AD300099-ECDF-453D-B020-3329BABDAC8F}.Release|x64.Build.0 = Release|x64
		{AD300099-ECDF-453D-B020-3329BABDAC8F}.Release|x86.ActiveCfg = Release|Win32
		{AD300099-ECDF-453D-B020-3329BABDAC8F}.Release|x86.Build.0 = Release|Win32
		{FA1E37AE-E329-47C6-913F-424FC2DB318F}.Debug|x64.ActiveCfg = Debug|x64
		{FA1E37AE-E329-47C6-913F-424FC2DB318F}.Debug|x64.Build.0 = Debug|x64
		{FA1E37AE-E329-47C6-913F-424FC2DB318F}.Debug|x86.ActiveCfg = Debug|Win32
		{FA1E37AE-E329-47C6-913F-424FC2DB318F}.Debug|x86.Build.0 = Debug|Win32
		{FA1E37AE-E329-47C6-913F-424FC2DB318F}.Release|x64.ActiveCfg = Release|x64
		{FA1E37AE-E329-47C6-913F-424FC2DB318F}.Release|x64.Build.0 = Release|x64
		{FA1E37AE-E329-47C6-913F-424FC2DB318F}.Release|x86.ActiveCfg = Release|Win32
		{FA1E37AE-E329-47C6-913F-424FC2DB318F}.Release|x86.Build.0 = Release|Win32
	EndGlobalSection
	GlobalSection(SolutionProperties) = preSolution
		HideSolutionNode = FALSE
	EndGlobalSection
	GlobalSection(ExtensibilityGlobals) = postSolution
		SolutionGuid = {4211383F-7174-4E81-A5A1-3CDFC5F20E34}
	EndGlobalSection
EndGlobal
