
Microsoft Visual Studio Solution File, Format Version 12.00
# Visual Studio Version 16
VisualStudioVersion = 16.0.29519.87
MinimumVisualStudioVersion = 10.0.40219.1
Project("{8BC9CEB8-8B4A-11D0-8D11-00A0C91BC942}") = "6-4(c++)", "6-4(c++)\6-4(c++).vcxproj", "{11BAC417-A079-4DC5-AC70-6342E7DE7F63}"
EndProject
Project("{8BC9CEB8-8B4A-11D0-8D11-00A0C91BC942}") = "6-4(c)", "6-4(c)\6-4(c).vcxproj", "{85F2001E-7923-45FA-86CB-6DDEDA0FF423}"
EndProject
Project("{8BC9CEB8-8B4A-11D0-8D11-00A0C91BC942}") = "6-b2", "6-b2\6-b2.vcxproj", "{6174F0B7-B1B8-4600-B615-53D96DC289BC}"
EndProject
Project("{8BC9CEB8-8B4A-11D0-8D11-00A0C91BC942}") = "6-b3", "6-b3\6-b3.vcxproj", "{CDAC169C-5F81-40FB-8539-1196BC31CEC0}"
EndProject
Project("{8BC9CEB8-8B4A-11D0-8D11-00A0C91BC942}") = "6-15-1", "6-15-1\6-15-1.vcxproj", "{7E1BFE1F-4F93-4576-8B3B-D0282F403E63}"
EndProject
Project("{8BC9CEB8-8B4A-11D0-8D11-00A0C91BC942}") = "6-b4", "6-b4\6-b4.vcxproj", "{62F0002C-EAC7-4847-8A4C-37B774C23BEB}"
EndProject
Project("{8BC9CEB8-8B4A-11D0-8D11-00A0C91BC942}") = "6-b5", "6-b5\6-b5.vcxproj", "{F0AA56DB-EFA3-47F8-9773-9D216B51A75F}"
EndProject
Project("{8BC9CEB8-8B4A-11D0-8D11-00A0C91BC942}") = "6-15-2", "6-15-2\6-15-2.vcxproj", "{C0B27EE5-C5F1-4F5C-B7C0-A0469FF33651}"
EndProject
Project("{8BC9CEB8-8B4A-11D0-8D11-00A0C91BC942}") = "6-16", "6-16\6-16.vcxproj", "{F0803774-E990-4330-A861-8595952E5616}"
EndProject
Project("{8BC9CEB8-8B4A-11D0-8D11-00A0C91BC942}") = "99-j4", "99-j4\99-j4.vcxproj", "{CC5C9E72-B18D-46D8-AFCE-844246E4C0BC}"
EndProject
Project("{8BC9CEB8-8B4A-11D0-8D11-00A0C91BC942}") = "99-j5", "99-j5\99-j5.vcxproj", "{7DA2336B-0EE5-41E7-B17F-192164E72C35}"
EndProject
Project("{8BC9CEB8-8B4A-11D0-8D11-00A0C91BC942}") = "6-18", "6-18\6-18.vcxproj", "{10A96338-3DAC-4425-AADF-A76CE420F13A}"
EndProject
Project("{8BC9CEB8-8B4A-11D0-8D11-00A0C91BC942}") = "6-b7", "6-b7\6-b7.vcxproj", "{273FCE64-8606-4114-A59A-6800EA49EE6F}"
EndProject
Project("{8BC9CEB8-8B4A-11D0-8D11-00A0C91BC942}") = "6-13", "6-13\6-13.vcxproj", "{650EE363-C6FC-4C15-84C1-0EFDF468E441}"
EndProject
Project("{8BC9CEB8-8B4A-11D0-8D11-00A0C91BC942}") = "test", "test\test.vcxproj", "{6DAA0889-0599-4092-A109-E897A536647C}"
EndProject
Global
	GlobalSection(SolutionConfigurationPlatforms) = preSolution
		Debug|x64 = Debug|x64
		Debug|x86 = Debug|x86
		Release|x64 = Release|x64
		Release|x86 = Release|x86
	EndGlobalSection
	GlobalSection(ProjectConfigurationPlatforms) = postSolution
		{11BAC417-A079-4DC5-AC70-6342E7DE7F63}.Debug|x64.ActiveCfg = Debug|x64
		{11BAC417-A079-4DC5-AC70-6342E7DE7F63}.Debug|x64.Build.0 = Debug|x64
		{11BAC417-A079-4DC5-AC70-6342E7DE7F63}.Debug|x86.ActiveCfg = Debug|Win32
		{11BAC417-A079-4DC5-AC70-6342E7DE7F63}.Debug|x86.Build.0 = Debug|Win32
		{11BAC417-A079-4DC5-AC70-6342E7DE7F63}.Release|x64.ActiveCfg = Release|x64
		{11BAC417-A079-4DC5-AC70-6342E7DE7F63}.Release|x64.Build.0 = Release|x64
		{11BAC417-A079-4DC5-AC70-6342E7DE7F63}.Release|x86.ActiveCfg = Release|Win32
		{11BAC417-A079-4DC5-AC70-6342E7DE7F63}.Release|x86.Build.0 = Release|Win32
		{85F2001E-7923-45FA-86CB-6DDEDA0FF423}.Debug|x64.ActiveCfg = Debug|x64
		{85F2001E-7923-45FA-86CB-6DDEDA0FF423}.Debug|x64.Build.0 = Debug|x64
		{85F2001E-7923-45FA-86CB-6DDEDA0FF423}.Debug|x86.ActiveCfg = Debug|Win32
		{85F2001E-7923-45FA-86CB-6DDEDA0FF423}.Debug|x86.Build.0 = Debug|Win32
		{85F2001E-7923-45FA-86CB-6DDEDA0FF423}.Release|x64.ActiveCfg = Release|x64
		{85F2001E-7923-45FA-86CB-6DDEDA0FF423}.Release|x64.Build.0 = Release|x64
		{85F2001E-7923-45FA-86CB-6DDEDA0FF423}.Release|x86.ActiveCfg = Release|Win32
		{85F2001E-7923-45FA-86CB-6DDEDA0FF423}.Release|x86.Build.0 = Release|Win32
		{6174F0B7-B1B8-4600-B615-53D96DC289BC}.Debug|x64.ActiveCfg = Debug|x64
		{6174F0B7-B1B8-4600-B615-53D96DC289BC}.Debug|x64.Build.0 = Debug|x64
		{6174F0B7-B1B8-4600-B615-53D96DC289BC}.Debug|x86.ActiveCfg = Debug|Win32
		{6174F0B7-B1B8-4600-B615-53D96DC289BC}.Debug|x86.Build.0 = Debug|Win32
		{6174F0B7-B1B8-4600-B615-53D96DC289BC}.Release|x64.ActiveCfg = Release|x64
		{6174F0B7-B1B8-4600-B615-53D96DC289BC}.Release|x64.Build.0 = Release|x64
		{6174F0B7-B1B8-4600-B615-53D96DC289BC}.Release|x86.ActiveCfg = Release|Win32
		{6174F0B7-B1B8-4600-B615-53D96DC289BC}.Release|x86.Build.0 = Release|Win32
		{CDAC169C-5F81-40FB-8539-1196BC31CEC0}.Debug|x64.ActiveCfg = Debug|x64
		{CDAC169C-5F81-40FB-8539-1196BC31CEC0}.Debug|x64.Build.0 = Debug|x64
		{CDAC169C-5F81-40FB-8539-1196BC31CEC0}.Debug|x86.ActiveCfg = Debug|Win32
		{CDAC169C-5F81-40FB-8539-1196BC31CEC0}.Debug|x86.Build.0 = Debug|Win32
		{CDAC169C-5F81-40FB-8539-1196BC31CEC0}.Release|x64.ActiveCfg = Release|x64
		{CDAC169C-5F81-40FB-8539-1196BC31CEC0}.Release|x64.Build.0 = Release|x64
		{CDAC169C-5F81-40FB-8539-1196BC31CEC0}.Release|x86.ActiveCfg = Release|Win32
		{CDAC169C-5F81-40FB-8539-1196BC31CEC0}.Release|x86.Build.0 = Release|Win32
		{7E1BFE1F-4F93-4576-8B3B-D0282F403E63}.Debug|x64.ActiveCfg = Debug|x64
		{7E1BFE1F-4F93-4576-8B3B-D0282F403E63}.Debug|x64.Build.0 = Debug|x64
		{7E1BFE1F-4F93-4576-8B3B-D0282F403E63}.Debug|x86.ActiveCfg = Debug|Win32
		{7E1BFE1F-4F93-4576-8B3B-D0282F403E63}.Debug|x86.Build.0 = Debug|Win32
		{7E1BFE1F-4F93-4576-8B3B-D0282F403E63}.Release|x64.ActiveCfg = Release|x64
		{7E1BFE1F-4F93-4576-8B3B-D0282F403E63}.Release|x64.Build.0 = Release|x64
		{7E1BFE1F-4F93-4576-8B3B-D0282F403E63}.Release|x86.ActiveCfg = Release|Win32
		{7E1BFE1F-4F93-4576-8B3B-D0282F403E63}.Release|x86.Build.0 = Release|Win32
		{62F0002C-EAC7-4847-8A4C-37B774C23BEB}.Debug|x64.ActiveCfg = Debug|x64
		{62F0002C-EAC7-4847-8A4C-37B774C23BEB}.Debug|x64.Build.0 = Debug|x64
		{62F0002C-EAC7-4847-8A4C-37B774C23BEB}.Debug|x86.ActiveCfg = Debug|Win32
		{62F0002C-EAC7-4847-8A4C-37B774C23BEB}.Debug|x86.Build.0 = Debug|Win32
		{62F0002C-EAC7-4847-8A4C-37B774C23BEB}.Release|x64.ActiveCfg = Release|x64
		{62F0002C-EAC7-4847-8A4C-37B774C23BEB}.Release|x64.Build.0 = Release|x64
		{62F0002C-EAC7-4847-8A4C-37B774C23BEB}.Release|x86.ActiveCfg = Release|Win32
		{62F0002C-EAC7-4847-8A4C-37B774C23BEB}.Release|x86.Build.0 = Release|Win32
		{F0AA56DB-EFA3-47F8-9773-9D216B51A75F}.Debug|x64.ActiveCfg = Debug|x64
		{F0AA56DB-EFA3-47F8-9773-9D216B51A75F}.Debug|x64.Build.0 = Debug|x64
		{F0AA56DB-EFA3-47F8-9773-9D216B51A75F}.Debug|x86.ActiveCfg = Debug|Win32
		{F0AA56DB-EFA3-47F8-9773-9D216B51A75F}.Debug|x86.Build.0 = Debug|Win32
		{F0AA56DB-EFA3-47F8-9773-9D216B51A75F}.Release|x64.ActiveCfg = Release|x64
		{F0AA56DB-EFA3-47F8-9773-9D216B51A75F}.Release|x64.Build.0 = Release|x64
		{F0AA56DB-EFA3-47F8-9773-9D216B51A75F}.Release|x86.ActiveCfg = Release|Win32
		{F0AA56DB-EFA3-47F8-9773-9D216B51A75F}.Release|x86.Build.0 = Release|Win32
		{C0B27EE5-C5F1-4F5C-B7C0-A0469FF33651}.Debug|x64.ActiveCfg = Debug|x64
		{C0B27EE5-C5F1-4F5C-B7C0-A0469FF33651}.Debug|x64.Build.0 = Debug|x64
		{C0B27EE5-C5F1-4F5C-B7C0-A0469FF33651}.Debug|x86.ActiveCfg = Debug|Win32
		{C0B27EE5-C5F1-4F5C-B7C0-A0469FF33651}.Debug|x86.Build.0 = Debug|Win32
		{C0B27EE5-C5F1-4F5C-B7C0-A0469FF33651}.Release|x64.ActiveCfg = Release|x64
		{C0B27EE5-C5F1-4F5C-B7C0-A0469FF33651}.Release|x64.Build.0 = Release|x64
		{C0B27EE5-C5F1-4F5C-B7C0-A0469FF33651}.Release|x86.ActiveCfg = Release|Win32
		{C0B27EE5-C5F1-4F5C-B7C0-A0469FF33651}.Release|x86.Build.0 = Release|Win32
		{F0803774-E990-4330-A861-8595952E5616}.Debug|x64.ActiveCfg = Debug|x64
		{F0803774-E990-4330-A861-8595952E5616}.Debug|x64.Build.0 = Debug|x64
		{F0803774-E990-4330-A861-8595952E5616}.Debug|x86.ActiveCfg = Debug|Win32
		{F0803774-E990-4330-A861-8595952E5616}.Debug|x86.Build.0 = Debug|Win32
		{F0803774-E990-4330-A861-8595952E5616}.Release|x64.ActiveCfg = Release|x64
		{F0803774-E990-4330-A861-8595952E5616}.Release|x64.Build.0 = Release|x64
		{F0803774-E990-4330-A861-8595952E5616}.Release|x86.ActiveCfg = Release|Win32
		{F0803774-E990-4330-A861-8595952E5616}.Release|x86.Build.0 = Release|Win32
		{CC5C9E72-B18D-46D8-AFCE-844246E4C0BC}.Debug|x64.ActiveCfg = Debug|x64
		{CC5C9E72-B18D-46D8-AFCE-844246E4C0BC}.Debug|x64.Build.0 = Debug|x64
		{CC5C9E72-B18D-46D8-AFCE-844246E4C0BC}.Debug|x86.ActiveCfg = Debug|Win32
		{CC5C9E72-B18D-46D8-AFCE-844246E4C0BC}.Debug|x86.Build.0 = Debug|Win32
		{CC5C9E72-B18D-46D8-AFCE-844246E4C0BC}.Release|x64.ActiveCfg = Release|x64
		{CC5C9E72-B18D-46D8-AFCE-844246E4C0BC}.Release|x64.Build.0 = Release|x64
		{CC5C9E72-B18D-46D8-AFCE-844246E4C0BC}.Release|x86.ActiveCfg = Release|Win32
		{CC5C9E72-B18D-46D8-AFCE-844246E4C0BC}.Release|x86.Build.0 = Release|Win32
		{7DA2336B-0EE5-41E7-B17F-192164E72C35}.Debug|x64.ActiveCfg = Debug|x64
		{7DA2336B-0EE5-41E7-B17F-192164E72C35}.Debug|x64.Build.0 = Debug|x64
		{7DA2336B-0EE5-41E7-B17F-192164E72C35}.Debug|x86.ActiveCfg = Debug|Win32
		{7DA2336B-0EE5-41E7-B17F-192164E72C35}.Debug|x86.Build.0 = Debug|Win32
		{7DA2336B-0EE5-41E7-B17F-192164E72C35}.Release|x64.ActiveCfg = Release|x64
		{7DA2336B-0EE5-41E7-B17F-192164E72C35}.Release|x64.Build.0 = Release|x64
		{7DA2336B-0EE5-41E7-B17F-192164E72C35}.Release|x86.ActiveCfg = Release|Win32
		{7DA2336B-0EE5-41E7-B17F-192164E72C35}.Release|x86.Build.0 = Release|Win32
		{10A96338-3DAC-4425-AADF-A76CE420F13A}.Debug|x64.ActiveCfg = Debug|x64
		{10A96338-3DAC-4425-AADF-A76CE420F13A}.Debug|x64.Build.0 = Debug|x64
		{10A96338-3DAC-4425-AADF-A76CE420F13A}.Debug|x86.ActiveCfg = Debug|Win32
		{10A96338-3DAC-4425-AADF-A76CE420F13A}.Debug|x86.Build.0 = Debug|Win32
		{10A96338-3DAC-4425-AADF-A76CE420F13A}.Release|x64.ActiveCfg = Release|x64
		{10A96338-3DAC-4425-AADF-A76CE420F13A}.Release|x64.Build.0 = Release|x64
		{10A96338-3DAC-4425-AADF-A76CE420F13A}.Release|x86.ActiveCfg = Release|Win32
		{10A96338-3DAC-4425-AADF-A76CE420F13A}.Release|x86.Build.0 = Release|Win32
		{273FCE64-8606-4114-A59A-6800EA49EE6F}.Debug|x64.ActiveCfg = Debug|x64
		{273FCE64-8606-4114-A59A-6800EA49EE6F}.Debug|x64.Build.0 = Debug|x64
		{273FCE64-8606-4114-A59A-6800EA49EE6F}.Debug|x86.ActiveCfg = Debug|Win32
		{273FCE64-8606-4114-A59A-6800EA49EE6F}.Debug|x86.Build.0 = Debug|Win32
		{273FCE64-8606-4114-A59A-6800EA49EE6F}.Release|x64.ActiveCfg = Release|x64
		{273FCE64-8606-4114-A59A-6800EA49EE6F}.Release|x64.Build.0 = Release|x64
		{273FCE64-8606-4114-A59A-6800EA49EE6F}.Release|x86.ActiveCfg = Release|Win32
		{273FCE64-8606-4114-A59A-6800EA49EE6F}.Release|x86.Build.0 = Release|Win32
		{650EE363-C6FC-4C15-84C1-0EFDF468E441}.Debug|x64.ActiveCfg = Debug|x64
		{650EE363-C6FC-4C15-84C1-0EFDF468E441}.Debug|x64.Build.0 = Debug|x64
		{650EE363-C6FC-4C15-84C1-0EFDF468E441}.Debug|x86.ActiveCfg = Debug|Win32
		{650EE363-C6FC-4C15-84C1-0EFDF468E441}.Debug|x86.Build.0 = Debug|Win32
		{650EE363-C6FC-4C15-84C1-0EFDF468E441}.Release|x64.ActiveCfg = Release|x64
		{650EE363-C6FC-4C15-84C1-0EFDF468E441}.Release|x64.Build.0 = Release|x64
		{650EE363-C6FC-4C15-84C1-0EFDF468E441}.Release|x86.ActiveCfg = Release|Win32
		{650EE363-C6FC-4C15-84C1-0EFDF468E441}.Release|x86.Build.0 = Release|Win32
		{6DAA0889-0599-4092-A109-E897A536647C}.Debug|x64.ActiveCfg = Debug|x64
		{6DAA0889-0599-4092-A109-E897A536647C}.Debug|x64.Build.0 = Debug|x64
		{6DAA0889-0599-4092-A109-E897A536647C}.Debug|x86.ActiveCfg = Debug|Win32
		{6DAA0889-0599-4092-A109-E897A536647C}.Debug|x86.Build.0 = Debug|Win32
		{6DAA0889-0599-4092-A109-E897A536647C}.Release|x64.ActiveCfg = Release|x64
		{6DAA0889-0599-4092-A109-E897A536647C}.Release|x64.Build.0 = Release|x64
		{6DAA0889-0599-4092-A109-E897A536647C}.Release|x86.ActiveCfg = Release|Win32
		{6DAA0889-0599-4092-A109-E897A536647C}.Release|x86.Build.0 = Release|Win32
	EndGlobalSection
	GlobalSection(SolutionProperties) = preSolution
		HideSolutionNode = FALSE
	EndGlobalSection
	GlobalSection(ExtensibilityGlobals) = postSolution
		SolutionGuid = {3B140CA9-8ED8-45F3-9A61-4E3CCB798521}
	EndGlobalSection
EndGlobal
