
Microsoft Visual Studio Solution File, Format Version 12.00
# Visual Studio Version 16
VisualStudioVersion = 16.0.30011.22
MinimumVisualStudioVersion = 10.0.40219.1
Project("{8BC9CEB8-8B4A-11D0-8D11-00A0C91BC942}") = "9-2", "9-2\9-2.vcxproj", "{DE9AFB76-92DF-4CE8-A1B0-8D742B557E57}"
EndProject
Project("{8BC9CEB8-8B4A-11D0-8D11-00A0C91BC942}") = "9-3", "9-3\9-3.vcxproj", "{E12AB143-EB80-4918-B474-5ED345DE04EC}"
EndProject
Project("{8BC9CEB8-8B4A-11D0-8D11-00A0C91BC942}") = "9-4-1", "9-4-1\9-4-1.vcxproj", "{7FEAC1C6-7E03-40C0-B4E8-A3DB95004ACE}"
EndProject
Project("{8BC9CEB8-8B4A-11D0-8D11-00A0C91BC942}") = "9-4-2", "9-4-2\9-4-2.vcxproj", "{B485C56A-E57D-4B3D-BE13-CEB1C9F73BD7}"
EndProject
Project("{8BC9CEB8-8B4A-11D0-8D11-00A0C91BC942}") = "9-6", "9-6\9-6.vcxproj", "{9D5DD594-EAB4-4442-90ED-616DD5CEBA90}"
EndProject
Project("{8BC9CEB8-8B4A-11D0-8D11-00A0C91BC942}") = "9-8", "9-8\9-8.vcxproj", "{5953DDFC-C517-4E86-B7A7-A546B0582673}"
EndProject
Project("{8BC9CEB8-8B4A-11D0-8D11-00A0C91BC942}") = "9-b1", "9-b1\9-b1.vcxproj", "{C52AADCA-05AB-4CC5-8883-7FC222BA2356}"
EndProject
Project("{8BC9CEB8-8B4A-11D0-8D11-00A0C91BC942}") = "test", "test\test.vcxproj", "{D1232652-AFF9-464B-A425-DF556AD273DB}"
EndProject
Project("{8BC9CEB8-8B4A-11D0-8D11-00A0C91BC942}") = "9-b2", "9-b2\9-b2.vcxproj", "{F8B37508-2EBF-48A9-BB76-C88BA31D1050}"
EndProject
Project("{8BC9CEB8-8B4A-11D0-8D11-00A0C91BC942}") = "9-10", "9-10\9-10.vcxproj", "{9BA4FBC9-C04A-48A9-9757-54E330E7088B}"
EndProject
Project("{8BC9CEB8-8B4A-11D0-8D11-00A0C91BC942}") = "9-11", "9-11\9-11.vcxproj", "{0DC25C17-E038-4049-98CF-D7E6A6046598}"
EndProject
Project("{8BC9CEB8-8B4A-11D0-8D11-00A0C91BC942}") = "9-b3-1", "9-b3-1\9-b3-1.vcxproj", "{9B604558-2092-49BD-9F18-DB797F0A58F0}"
EndProject
Project("{8BC9CEB8-8B4A-11D0-8D11-00A0C91BC942}") = "9-b3-2", "9-b3-2\9-b3-2.vcxproj", "{31DD5308-1373-4A96-94BC-16E02335AF94}"
EndProject
Project("{8BC9CEB8-8B4A-11D0-8D11-00A0C91BC942}") = "10-4-1", "10-4-1\10-4-1.vcxproj", "{CD0FC3EA-DA51-43AD-863F-270D2857A6E3}"
EndProject
Project("{8BC9CEB8-8B4A-11D0-8D11-00A0C91BC942}") = "10-4-2", "10-4-2\10-4-2.vcxproj", "{CEAAA7A2-3163-444A-A60A-EC0EBE67C133}"
EndProject
Project("{8BC9CEB8-8B4A-11D0-8D11-00A0C91BC942}") = "10-5", "10-5\10-5.vcxproj", "{02CA4D69-3693-4301-A560-F464E2AEF609}"
EndProject
Project("{8BC9CEB8-8B4A-11D0-8D11-00A0C91BC942}") = "10-7-1", "10-7-1\10-7-1.vcxproj", "{06A8E82F-14AE-4BD7-9B9C-9279F75E1F7F}"
EndProject
Project("{8BC9CEB8-8B4A-11D0-8D11-00A0C91BC942}") = "10-7-2", "10-7-2\10-7-2.vcxproj", "{BD861295-D908-4648-83C3-84B99DA1FD10}"
EndProject
Project("{8BC9CEB8-8B4A-11D0-8D11-00A0C91BC942}") = "10-b2", "10-b2\10-b2.vcxproj", "{7BD39440-52EB-4E61-B028-8F8F2E980C80}"
EndProject
Project("{8BC9CEB8-8B4A-11D0-8D11-00A0C91BC942}") = "10-b3", "10-b3\10-b3.vcxproj", "{795F5044-1436-4139-9F87-CAF45FEA5B7F}"
EndProject
Project("{8BC9CEB8-8B4A-11D0-8D11-00A0C91BC942}") = "TString", "TString\TString.vcxproj", "{0FD9B29E-EE19-434C-9036-9719F528AC3C}"
EndProject
Project("{8BC9CEB8-8B4A-11D0-8D11-00A0C91BC942}") = "10-b4-1", "10-b4-1\10-b4-1.vcxproj", "{587507CE-EBCF-4D30-A91D-48AC535D1154}"
EndProject
Project("{8BC9CEB8-8B4A-11D0-8D11-00A0C91BC942}") = "10-b4-2", "10-b4-2\10-b4-2.vcxproj", "{0E8DCE46-8F5F-4D6F-A369-D642ABB59E4E}"
EndProject
Project("{8BC9CEB8-8B4A-11D0-8D11-00A0C91BC942}") = "11-1", "11-1\11-1.vcxproj", "{6574B0EE-03CF-4555-9ECA-F9C0493A7FC7}"
EndProject
Project("{8BC9CEB8-8B4A-11D0-8D11-00A0C91BC942}") = "11-2", "11-2\11-2.vcxproj", "{22230352-9366-456F-A973-71F44B529F48}"
EndProject
Project("{8BC9CEB8-8B4A-11D0-8D11-00A0C91BC942}") = "11-3", "11-3\11-3.vcxproj", "{2633CE36-430C-460A-AD60-18B769E090AB}"
EndProject
Project("{8BC9CEB8-8B4A-11D0-8D11-00A0C91BC942}") = "11-4", "11-4\11-4.vcxproj", "{9D7B8D82-0200-4A22-AF11-A1AE58695BE0}"
EndProject
Project("{8BC9CEB8-8B4A-11D0-8D11-00A0C91BC942}") = "11-9", "11-9\11-9.vcxproj", "{22F1C058-4F5F-4A94-86FA-45ECD7A66403}"
EndProject
Project("{8BC9CEB8-8B4A-11D0-8D11-00A0C91BC942}") = "11-10", "11-10\11-10.vcxproj", "{3E71E0F0-0FE5-40F8-B097-4F937BC050C1}"
EndProject
Project("{8BC9CEB8-8B4A-11D0-8D11-00A0C91BC942}") = "11-b1-TString", "11-b1-TString\11-b1-TString.vcxproj", "{F27F12CB-1830-485F-B8A3-CF56090A819E}"
EndProject
Project("{8BC9CEB8-8B4A-11D0-8D11-00A0C91BC942}") = "11-b2-date", "11-b2-date\11-b2-date.vcxproj", "{72EB9FF3-AAF1-4288-97B0-8F29C98815BD}"
EndProject
Project("{8BC9CEB8-8B4A-11D0-8D11-00A0C91BC942}") = "12-5", "12-5\12-5.vcxproj", "{F71E9865-BD08-4D94-9E5B-6C293B1BAEAB}"
EndProject
Project("{8BC9CEB8-8B4A-11D0-8D11-00A0C91BC942}") = "12-b1", "12-b1\12-b1.vcxproj", "{B494AA44-AD32-42BD-831B-8E08357B7D5A}"
EndProject
Project("{8BC9CEB8-8B4A-11D0-8D11-00A0C91BC942}") = "16-b1-linear_list", "16-b1-linear_list\16-b1-linear_list.vcxproj", "{79759B3C-3042-4462-A908-B98A9ADD570F}"
EndProject
Project("{8BC9CEB8-8B4A-11D0-8D11-00A0C91BC942}") = "16-b3-1", "16-b3-1\16-b3-1.vcxproj", "{76132B93-5231-496D-AC9A-CE4326D74EEA}"
EndProject
Project("{8BC9CEB8-8B4A-11D0-8D11-00A0C91BC942}") = "16-b2", "16-b2\16-b2.vcxproj", "{86079CDD-D137-4D6B-A8B5-9C5CD7BBB912}"
EndProject
Project("{8BC9CEB8-8B4A-11D0-8D11-00A0C91BC942}") = "16-b3-2", "16-b3-2\16-b3-2.vcxproj", "{22859FBC-5B93-4D62-BD21-97540892BA77}"
EndProject
Global
	GlobalSection(SolutionConfigurationPlatforms) = preSolution
		Debug|x64 = Debug|x64
		Debug|x86 = Debug|x86
		Release|x64 = Release|x64
		Release|x86 = Release|x86
	EndGlobalSection
	GlobalSection(ProjectConfigurationPlatforms) = postSolution
		{DE9AFB76-92DF-4CE8-A1B0-8D742B557E57}.Debug|x64.ActiveCfg = Debug|x64
		{DE9AFB76-92DF-4CE8-A1B0-8D742B557E57}.Debug|x64.Build.0 = Debug|x64
		{DE9AFB76-92DF-4CE8-A1B0-8D742B557E57}.Debug|x86.ActiveCfg = Debug|Win32
		{DE9AFB76-92DF-4CE8-A1B0-8D742B557E57}.Debug|x86.Build.0 = Debug|Win32
		{DE9AFB76-92DF-4CE8-A1B0-8D742B557E57}.Release|x64.ActiveCfg = Release|x64
		{DE9AFB76-92DF-4CE8-A1B0-8D742B557E57}.Release|x64.Build.0 = Release|x64
		{DE9AFB76-92DF-4CE8-A1B0-8D742B557E57}.Release|x86.ActiveCfg = Release|Win32
		{DE9AFB76-92DF-4CE8-A1B0-8D742B557E57}.Release|x86.Build.0 = Release|Win32
		{E12AB143-EB80-4918-B474-5ED345DE04EC}.Debug|x64.ActiveCfg = Debug|x64
		{E12AB143-EB80-4918-B474-5ED345DE04EC}.Debug|x64.Build.0 = Debug|x64
		{E12AB143-EB80-4918-B474-5ED345DE04EC}.Debug|x86.ActiveCfg = Debug|Win32
		{E12AB143-EB80-4918-B474-5ED345DE04EC}.Debug|x86.Build.0 = Debug|Win32
		{E12AB143-EB80-4918-B474-5ED345DE04EC}.Release|x64.ActiveCfg = Release|x64
		{E12AB143-EB80-4918-B474-5ED345DE04EC}.Release|x64.Build.0 = Release|x64
		{E12AB143-EB80-4918-B474-5ED345DE04EC}.Release|x86.ActiveCfg = Release|Win32
		{E12AB143-EB80-4918-B474-5ED345DE04EC}.Release|x86.Build.0 = Release|Win32
		{7FEAC1C6-7E03-40C0-B4E8-A3DB95004ACE}.Debug|x64.ActiveCfg = Debug|x64
		{7FEAC1C6-7E03-40C0-B4E8-A3DB95004ACE}.Debug|x64.Build.0 = Debug|x64
		{7FEAC1C6-7E03-40C0-B4E8-A3DB95004ACE}.Debug|x86.ActiveCfg = Debug|Win32
		{7FEAC1C6-7E03-40C0-B4E8-A3DB95004ACE}.Debug|x86.Build.0 = Debug|Win32
		{7FEAC1C6-7E03-40C0-B4E8-A3DB95004ACE}.Release|x64.ActiveCfg = Release|x64
		{7FEAC1C6-7E03-40C0-B4E8-A3DB95004ACE}.Release|x64.Build.0 = Release|x64
		{7FEAC1C6-7E03-40C0-B4E8-A3DB95004ACE}.Release|x86.ActiveCfg = Release|Win32
		{7FEAC1C6-7E03-40C0-B4E8-A3DB95004ACE}.Release|x86.Build.0 = Release|Win32
		{B485C56A-E57D-4B3D-BE13-CEB1C9F73BD7}.Debug|x64.ActiveCfg = Debug|x64
		{B485C56A-E57D-4B3D-BE13-CEB1C9F73BD7}.Debug|x64.Build.0 = Debug|x64
		{B485C56A-E57D-4B3D-BE13-CEB1C9F73BD7}.Debug|x86.ActiveCfg = Debug|Win32
		{B485C56A-E57D-4B3D-BE13-CEB1C9F73BD7}.Debug|x86.Build.0 = Debug|Win32
		{B485C56A-E57D-4B3D-BE13-CEB1C9F73BD7}.Release|x64.ActiveCfg = Release|x64
		{B485C56A-E57D-4B3D-BE13-CEB1C9F73BD7}.Release|x64.Build.0 = Release|x64
		{B485C56A-E57D-4B3D-BE13-CEB1C9F73BD7}.Release|x86.ActiveCfg = Release|Win32
		{B485C56A-E57D-4B3D-BE13-CEB1C9F73BD7}.Release|x86.Build.0 = Release|Win32
		{9D5DD594-EAB4-4442-90ED-616DD5CEBA90}.Debug|x64.ActiveCfg = Debug|x64
		{9D5DD594-EAB4-4442-90ED-616DD5CEBA90}.Debug|x64.Build.0 = Debug|x64
		{9D5DD594-EAB4-4442-90ED-616DD5CEBA90}.Debug|x86.ActiveCfg = Debug|Win32
		{9D5DD594-EAB4-4442-90ED-616DD5CEBA90}.Debug|x86.Build.0 = Debug|Win32
		{9D5DD594-EAB4-4442-90ED-616DD5CEBA90}.Release|x64.ActiveCfg = Release|x64
		{9D5DD594-EAB4-4442-90ED-616DD5CEBA90}.Release|x64.Build.0 = Release|x64
		{9D5DD594-EAB4-4442-90ED-616DD5CEBA90}.Release|x86.ActiveCfg = Release|Win32
		{9D5DD594-EAB4-4442-90ED-616DD5CEBA90}.Release|x86.Build.0 = Release|Win32
		{5953DDFC-C517-4E86-B7A7-A546B0582673}.Debug|x64.ActiveCfg = Debug|x64
		{5953DDFC-C517-4E86-B7A7-A546B0582673}.Debug|x64.Build.0 = Debug|x64
		{5953DDFC-C517-4E86-B7A7-A546B0582673}.Debug|x86.ActiveCfg = Debug|Win32
		{5953DDFC-C517-4E86-B7A7-A546B0582673}.Debug|x86.Build.0 = Debug|Win32
		{5953DDFC-C517-4E86-B7A7-A546B0582673}.Release|x64.ActiveCfg = Release|x64
		{5953DDFC-C517-4E86-B7A7-A546B0582673}.Release|x64.Build.0 = Release|x64
		{5953DDFC-C517-4E86-B7A7-A546B0582673}.Release|x86.ActiveCfg = Release|Win32
		{5953DDFC-C517-4E86-B7A7-A546B0582673}.Release|x86.Build.0 = Release|Win32
		{C52AADCA-05AB-4CC5-8883-7FC222BA2356}.Debug|x64.ActiveCfg = Debug|x64
		{C52AADCA-05AB-4CC5-8883-7FC222BA2356}.Debug|x64.Build.0 = Debug|x64
		{C52AADCA-05AB-4CC5-8883-7FC222BA2356}.Debug|x86.ActiveCfg = Debug|Win32
		{C52AADCA-05AB-4CC5-8883-7FC222BA2356}.Debug|x86.Build.0 = Debug|Win32
		{C52AADCA-05AB-4CC5-8883-7FC222BA2356}.Release|x64.ActiveCfg = Release|x64
		{C52AADCA-05AB-4CC5-8883-7FC222BA2356}.Release|x64.Build.0 = Release|x64
		{C52AADCA-05AB-4CC5-8883-7FC222BA2356}.Release|x86.ActiveCfg = Release|Win32
		{C52AADCA-05AB-4CC5-8883-7FC222BA2356}.Release|x86.Build.0 = Release|Win32
		{D1232652-AFF9-464B-A425-DF556AD273DB}.Debug|x64.ActiveCfg = Debug|x64
		{D1232652-AFF9-464B-A425-DF556AD273DB}.Debug|x64.Build.0 = Debug|x64
		{D1232652-AFF9-464B-A425-DF556AD273DB}.Debug|x86.ActiveCfg = Debug|Win32
		{D1232652-AFF9-464B-A425-DF556AD273DB}.Debug|x86.Build.0 = Debug|Win32
		{D1232652-AFF9-464B-A425-DF556AD273DB}.Release|x64.ActiveCfg = Release|x64
		{D1232652-AFF9-464B-A425-DF556AD273DB}.Release|x64.Build.0 = Release|x64
		{D1232652-AFF9-464B-A425-DF556AD273DB}.Release|x86.ActiveCfg = Release|Win32
		{D1232652-AFF9-464B-A425-DF556AD273DB}.Release|x86.Build.0 = Release|Win32
		{F8B37508-2EBF-48A9-BB76-C88BA31D1050}.Debug|x64.ActiveCfg = Debug|x64
		{F8B37508-2EBF-48A9-BB76-C88BA31D1050}.Debug|x64.Build.0 = Debug|x64
		{F8B37508-2EBF-48A9-BB76-C88BA31D1050}.Debug|x86.ActiveCfg = Debug|Win32
		{F8B37508-2EBF-48A9-BB76-C88BA31D1050}.Debug|x86.Build.0 = Debug|Win32
		{F8B37508-2EBF-48A9-BB76-C88BA31D1050}.Release|x64.ActiveCfg = Release|x64
		{F8B37508-2EBF-48A9-BB76-C88BA31D1050}.Release|x64.Build.0 = Release|x64
		{F8B37508-2EBF-48A9-BB76-C88BA31D1050}.Release|x86.ActiveCfg = Release|Win32
		{F8B37508-2EBF-48A9-BB76-C88BA31D1050}.Release|x86.Build.0 = Release|Win32
		{9BA4FBC9-C04A-48A9-9757-54E330E7088B}.Debug|x64.ActiveCfg = Debug|x64
		{9BA4FBC9-C04A-48A9-9757-54E330E7088B}.Debug|x64.Build.0 = Debug|x64
		{9BA4FBC9-C04A-48A9-9757-54E330E7088B}.Debug|x86.ActiveCfg = Debug|Win32
		{9BA4FBC9-C04A-48A9-9757-54E330E7088B}.Debug|x86.Build.0 = Debug|Win32
		{9BA4FBC9-C04A-48A9-9757-54E330E7088B}.Release|x64.ActiveCfg = Release|x64
		{9BA4FBC9-C04A-48A9-9757-54E330E7088B}.Release|x64.Build.0 = Release|x64
		{9BA4FBC9-C04A-48A9-9757-54E330E7088B}.Release|x86.ActiveCfg = Release|Win32
		{9BA4FBC9-C04A-48A9-9757-54E330E7088B}.Release|x86.Build.0 = Release|Win32
		{0DC25C17-E038-4049-98CF-D7E6A6046598}.Debug|x64.ActiveCfg = Debug|x64
		{0DC25C17-E038-4049-98CF-D7E6A6046598}.Debug|x64.Build.0 = Debug|x64
		{0DC25C17-E038-4049-98CF-D7E6A6046598}.Debug|x86.ActiveCfg = Debug|Win32
		{0DC25C17-E038-4049-98CF-D7E6A6046598}.Debug|x86.Build.0 = Debug|Win32
		{0DC25C17-E038-4049-98CF-D7E6A6046598}.Release|x64.ActiveCfg = Release|x64
		{0DC25C17-E038-4049-98CF-D7E6A6046598}.Release|x64.Build.0 = Release|x64
		{0DC25C17-E038-4049-98CF-D7E6A6046598}.Release|x86.ActiveCfg = Release|Win32
		{0DC25C17-E038-4049-98CF-D7E6A6046598}.Release|x86.Build.0 = Release|Win32
		{9B604558-2092-49BD-9F18-DB797F0A58F0}.Debug|x64.ActiveCfg = Debug|x64
		{9B604558-2092-49BD-9F18-DB797F0A58F0}.Debug|x64.Build.0 = Debug|x64
		{9B604558-2092-49BD-9F18-DB797F0A58F0}.Debug|x86.ActiveCfg = Debug|Win32
		{9B604558-2092-49BD-9F18-DB797F0A58F0}.Debug|x86.Build.0 = Debug|Win32
		{9B604558-2092-49BD-9F18-DB797F0A58F0}.Release|x64.ActiveCfg = Release|x64
		{9B604558-2092-49BD-9F18-DB797F0A58F0}.Release|x64.Build.0 = Release|x64
		{9B604558-2092-49BD-9F18-DB797F0A58F0}.Release|x86.ActiveCfg = Release|Win32
		{9B604558-2092-49BD-9F18-DB797F0A58F0}.Release|x86.Build.0 = Release|Win32
		{31DD5308-1373-4A96-94BC-16E02335AF94}.Debug|x64.ActiveCfg = Debug|x64
		{31DD5308-1373-4A96-94BC-16E02335AF94}.Debug|x64.Build.0 = Debug|x64
		{31DD5308-1373-4A96-94BC-16E02335AF94}.Debug|x86.ActiveCfg = Debug|Win32
		{31DD5308-1373-4A96-94BC-16E02335AF94}.Debug|x86.Build.0 = Debug|Win32
		{31DD5308-1373-4A96-94BC-16E02335AF94}.Release|x64.ActiveCfg = Release|x64
		{31DD5308-1373-4A96-94BC-16E02335AF94}.Release|x64.Build.0 = Release|x64
		{31DD5308-1373-4A96-94BC-16E02335AF94}.Release|x86.ActiveCfg = Release|Win32
		{31DD5308-1373-4A96-94BC-16E02335AF94}.Release|x86.Build.0 = Release|Win32
		{CD0FC3EA-DA51-43AD-863F-270D2857A6E3}.Debug|x64.ActiveCfg = Debug|x64
		{CD0FC3EA-DA51-43AD-863F-270D2857A6E3}.Debug|x64.Build.0 = Debug|x64
		{CD0FC3EA-DA51-43AD-863F-270D2857A6E3}.Debug|x86.ActiveCfg = Debug|Win32
		{CD0FC3EA-DA51-43AD-863F-270D2857A6E3}.Debug|x86.Build.0 = Debug|Win32
		{CD0FC3EA-DA51-43AD-863F-270D2857A6E3}.Release|x64.ActiveCfg = Release|x64
		{CD0FC3EA-DA51-43AD-863F-270D2857A6E3}.Release|x64.Build.0 = Release|x64
		{CD0FC3EA-DA51-43AD-863F-270D2857A6E3}.Release|x86.ActiveCfg = Release|Win32
		{CD0FC3EA-DA51-43AD-863F-270D2857A6E3}.Release|x86.Build.0 = Release|Win32
		{CEAAA7A2-3163-444A-A60A-EC0EBE67C133}.Debug|x64.ActiveCfg = Debug|x64
		{CEAAA7A2-3163-444A-A60A-EC0EBE67C133}.Debug|x64.Build.0 = Debug|x64
		{CEAAA7A2-3163-444A-A60A-EC0EBE67C133}.Debug|x86.ActiveCfg = Debug|Win32
		{CEAAA7A2-3163-444A-A60A-EC0EBE67C133}.Debug|x86.Build.0 = Debug|Win32
		{CEAAA7A2-3163-444A-A60A-EC0EBE67C133}.Release|x64.ActiveCfg = Release|x64
		{CEAAA7A2-3163-444A-A60A-EC0EBE67C133}.Release|x64.Build.0 = Release|x64
		{CEAAA7A2-3163-444A-A60A-EC0EBE67C133}.Release|x86.ActiveCfg = Release|Win32
		{CEAAA7A2-3163-444A-A60A-EC0EBE67C133}.Release|x86.Build.0 = Release|Win32
		{02CA4D69-3693-4301-A560-F464E2AEF609}.Debug|x64.ActiveCfg = Debug|x64
		{02CA4D69-3693-4301-A560-F464E2AEF609}.Debug|x64.Build.0 = Debug|x64
		{02CA4D69-3693-4301-A560-F464E2AEF609}.Debug|x86.ActiveCfg = Debug|Win32
		{02CA4D69-3693-4301-A560-F464E2AEF609}.Debug|x86.Build.0 = Debug|Win32
		{02CA4D69-3693-4301-A560-F464E2AEF609}.Release|x64.ActiveCfg = Release|x64
		{02CA4D69-3693-4301-A560-F464E2AEF609}.Release|x64.Build.0 = Release|x64
		{02CA4D69-3693-4301-A560-F464E2AEF609}.Release|x86.ActiveCfg = Release|Win32
		{02CA4D69-3693-4301-A560-F464E2AEF609}.Release|x86.Build.0 = Release|Win32
		{06A8E82F-14AE-4BD7-9B9C-9279F75E1F7F}.Debug|x64.ActiveCfg = Debug|x64
		{06A8E82F-14AE-4BD7-9B9C-9279F75E1F7F}.Debug|x64.Build.0 = Debug|x64
		{06A8E82F-14AE-4BD7-9B9C-9279F75E1F7F}.Debug|x86.ActiveCfg = Debug|Win32
		{06A8E82F-14AE-4BD7-9B9C-9279F75E1F7F}.Debug|x86.Build.0 = Debug|Win32
		{06A8E82F-14AE-4BD7-9B9C-9279F75E1F7F}.Release|x64.ActiveCfg = Release|x64
		{06A8E82F-14AE-4BD7-9B9C-9279F75E1F7F}.Release|x64.Build.0 = Release|x64
		{06A8E82F-14AE-4BD7-9B9C-9279F75E1F7F}.Release|x86.ActiveCfg = Release|Win32
		{06A8E82F-14AE-4BD7-9B9C-9279F75E1F7F}.Release|x86.Build.0 = Release|Win32
		{BD861295-D908-4648-83C3-84B99DA1FD10}.Debug|x64.ActiveCfg = Debug|x64
		{BD861295-D908-4648-83C3-84B99DA1FD10}.Debug|x64.Build.0 = Debug|x64
		{BD861295-D908-4648-83C3-84B99DA1FD10}.Debug|x86.ActiveCfg = Debug|Win32
		{BD861295-D908-4648-83C3-84B99DA1FD10}.Debug|x86.Build.0 = Debug|Win32
		{BD861295-D908-4648-83C3-84B99DA1FD10}.Release|x64.ActiveCfg = Release|x64
		{BD861295-D908-4648-83C3-84B99DA1FD10}.Release|x64.Build.0 = Release|x64
		{BD861295-D908-4648-83C3-84B99DA1FD10}.Release|x86.ActiveCfg = Release|Win32
		{BD861295-D908-4648-83C3-84B99DA1FD10}.Release|x86.Build.0 = Release|Win32
		{7BD39440-52EB-4E61-B028-8F8F2E980C80}.Debug|x64.ActiveCfg = Debug|x64
		{7BD39440-52EB-4E61-B028-8F8F2E980C80}.Debug|x64.Build.0 = Debug|x64
		{7BD39440-52EB-4E61-B028-8F8F2E980C80}.Debug|x86.ActiveCfg = Debug|Win32
		{7BD39440-52EB-4E61-B028-8F8F2E980C80}.Debug|x86.Build.0 = Debug|Win32
		{7BD39440-52EB-4E61-B028-8F8F2E980C80}.Release|x64.ActiveCfg = Release|x64
		{7BD39440-52EB-4E61-B028-8F8F2E980C80}.Release|x64.Build.0 = Release|x64
		{7BD39440-52EB-4E61-B028-8F8F2E980C80}.Release|x86.ActiveCfg = Release|Win32
		{7BD39440-52EB-4E61-B028-8F8F2E980C80}.Release|x86.Build.0 = Release|Win32
		{795F5044-1436-4139-9F87-CAF45FEA5B7F}.Debug|x64.ActiveCfg = Debug|x64
		{795F5044-1436-4139-9F87-CAF45FEA5B7F}.Debug|x64.Build.0 = Debug|x64
		{795F5044-1436-4139-9F87-CAF45FEA5B7F}.Debug|x86.ActiveCfg = Debug|Win32
		{795F5044-1436-4139-9F87-CAF45FEA5B7F}.Debug|x86.Build.0 = Debug|Win32
		{795F5044-1436-4139-9F87-CAF45FEA5B7F}.Release|x64.ActiveCfg = Release|x64
		{795F5044-1436-4139-9F87-CAF45FEA5B7F}.Release|x64.Build.0 = Release|x64
		{795F5044-1436-4139-9F87-CAF45FEA5B7F}.Release|x86.ActiveCfg = Release|Win32
		{795F5044-1436-4139-9F87-CAF45FEA5B7F}.Release|x86.Build.0 = Release|Win32
		{0FD9B29E-EE19-434C-9036-9719F528AC3C}.Debug|x64.ActiveCfg = Debug|x64
		{0FD9B29E-EE19-434C-9036-9719F528AC3C}.Debug|x64.Build.0 = Debug|x64
		{0FD9B29E-EE19-434C-9036-9719F528AC3C}.Debug|x86.ActiveCfg = Debug|Win32
		{0FD9B29E-EE19-434C-9036-9719F528AC3C}.Debug|x86.Build.0 = Debug|Win32
		{0FD9B29E-EE19-434C-9036-9719F528AC3C}.Release|x64.ActiveCfg = Release|x64
		{0FD9B29E-EE19-434C-9036-9719F528AC3C}.Release|x64.Build.0 = Release|x64
		{0FD9B29E-EE19-434C-9036-9719F528AC3C}.Release|x86.ActiveCfg = Release|Win32
		{0FD9B29E-EE19-434C-9036-9719F528AC3C}.Release|x86.Build.0 = Release|Win32
		{587507CE-EBCF-4D30-A91D-48AC535D1154}.Debug|x64.ActiveCfg = Debug|x64
		{587507CE-EBCF-4D30-A91D-48AC535D1154}.Debug|x64.Build.0 = Debug|x64
		{587507CE-EBCF-4D30-A91D-48AC535D1154}.Debug|x86.ActiveCfg = Debug|Win32
		{587507CE-EBCF-4D30-A91D-48AC535D1154}.Debug|x86.Build.0 = Debug|Win32
		{587507CE-EBCF-4D30-A91D-48AC535D1154}.Release|x64.ActiveCfg = Release|x64
		{587507CE-EBCF-4D30-A91D-48AC535D1154}.Release|x64.Build.0 = Release|x64
		{587507CE-EBCF-4D30-A91D-48AC535D1154}.Release|x86.ActiveCfg = Release|Win32
		{587507CE-EBCF-4D30-A91D-48AC535D1154}.Release|x86.Build.0 = Release|Win32
		{0E8DCE46-8F5F-4D6F-A369-D642ABB59E4E}.Debug|x64.ActiveCfg = Debug|x64
		{0E8DCE46-8F5F-4D6F-A369-D642ABB59E4E}.Debug|x64.Build.0 = Debug|x64
		{0E8DCE46-8F5F-4D6F-A369-D642ABB59E4E}.Debug|x86.ActiveCfg = Debug|Win32
		{0E8DCE46-8F5F-4D6F-A369-D642ABB59E4E}.Debug|x86.Build.0 = Debug|Win32
		{0E8DCE46-8F5F-4D6F-A369-D642ABB59E4E}.Release|x64.ActiveCfg = Release|x64
		{0E8DCE46-8F5F-4D6F-A369-D642ABB59E4E}.Release|x64.Build.0 = Release|x64
		{0E8DCE46-8F5F-4D6F-A369-D642ABB59E4E}.Release|x86.ActiveCfg = Release|Win32
		{0E8DCE46-8F5F-4D6F-A369-D642ABB59E4E}.Release|x86.Build.0 = Release|Win32
		{6574B0EE-03CF-4555-9ECA-F9C0493A7FC7}.Debug|x64.ActiveCfg = Debug|x64
		{6574B0EE-03CF-4555-9ECA-F9C0493A7FC7}.Debug|x64.Build.0 = Debug|x64
		{6574B0EE-03CF-4555-9ECA-F9C0493A7FC7}.Debug|x86.ActiveCfg = Debug|Win32
		{6574B0EE-03CF-4555-9ECA-F9C0493A7FC7}.Debug|x86.Build.0 = Debug|Win32
		{6574B0EE-03CF-4555-9ECA-F9C0493A7FC7}.Release|x64.ActiveCfg = Release|x64
		{6574B0EE-03CF-4555-9ECA-F9C0493A7FC7}.Release|x64.Build.0 = Release|x64
		{6574B0EE-03CF-4555-9ECA-F9C0493A7FC7}.Release|x86.ActiveCfg = Release|Win32
		{6574B0EE-03CF-4555-9ECA-F9C0493A7FC7}.Release|x86.Build.0 = Release|Win32
		{22230352-9366-456F-A973-71F44B529F48}.Debug|x64.ActiveCfg = Debug|x64
		{22230352-9366-456F-A973-71F44B529F48}.Debug|x64.Build.0 = Debug|x64
		{22230352-9366-456F-A973-71F44B529F48}.Debug|x86.ActiveCfg = Debug|Win32
		{22230352-9366-456F-A973-71F44B529F48}.Debug|x86.Build.0 = Debug|Win32
		{22230352-9366-456F-A973-71F44B529F48}.Release|x64.ActiveCfg = Release|x64
		{22230352-9366-456F-A973-71F44B529F48}.Release|x64.Build.0 = Release|x64
		{22230352-9366-456F-A973-71F44B529F48}.Release|x86.ActiveCfg = Release|Win32
		{22230352-9366-456F-A973-71F44B529F48}.Release|x86.Build.0 = Release|Win32
		{2633CE36-430C-460A-AD60-18B769E090AB}.Debug|x64.ActiveCfg = Debug|x64
		{2633CE36-430C-460A-AD60-18B769E090AB}.Debug|x64.Build.0 = Debug|x64
		{2633CE36-430C-460A-AD60-18B769E090AB}.Debug|x86.ActiveCfg = Debug|Win32
		{2633CE36-430C-460A-AD60-18B769E090AB}.Debug|x86.Build.0 = Debug|Win32
		{2633CE36-430C-460A-AD60-18B769E090AB}.Release|x64.ActiveCfg = Release|x64
		{2633CE36-430C-460A-AD60-18B769E090AB}.Release|x64.Build.0 = Release|x64
		{2633CE36-430C-460A-AD60-18B769E090AB}.Release|x86.ActiveCfg = Release|Win32
		{2633CE36-430C-460A-AD60-18B769E090AB}.Release|x86.Build.0 = Release|Win32
		{9D7B8D82-0200-4A22-AF11-A1AE58695BE0}.Debug|x64.ActiveCfg = Debug|x64
		{9D7B8D82-0200-4A22-AF11-A1AE58695BE0}.Debug|x64.Build.0 = Debug|x64
		{9D7B8D82-0200-4A22-AF11-A1AE58695BE0}.Debug|x86.ActiveCfg = Debug|Win32
		{9D7B8D82-0200-4A22-AF11-A1AE58695BE0}.Debug|x86.Build.0 = Debug|Win32
		{9D7B8D82-0200-4A22-AF11-A1AE58695BE0}.Release|x64.ActiveCfg = Release|x64
		{9D7B8D82-0200-4A22-AF11-A1AE58695BE0}.Release|x64.Build.0 = Release|x64
		{9D7B8D82-0200-4A22-AF11-A1AE58695BE0}.Release|x86.ActiveCfg = Release|Win32
		{9D7B8D82-0200-4A22-AF11-A1AE58695BE0}.Release|x86.Build.0 = Release|Win32
		{22F1C058-4F5F-4A94-86FA-45ECD7A66403}.Debug|x64.ActiveCfg = Debug|x64
		{22F1C058-4F5F-4A94-86FA-45ECD7A66403}.Debug|x64.Build.0 = Debug|x64
		{22F1C058-4F5F-4A94-86FA-45ECD7A66403}.Debug|x86.ActiveCfg = Debug|Win32
		{22F1C058-4F5F-4A94-86FA-45ECD7A66403}.Debug|x86.Build.0 = Debug|Win32
		{22F1C058-4F5F-4A94-86FA-45ECD7A66403}.Release|x64.ActiveCfg = Release|x64
		{22F1C058-4F5F-4A94-86FA-45ECD7A66403}.Release|x64.Build.0 = Release|x64
		{22F1C058-4F5F-4A94-86FA-45ECD7A66403}.Release|x86.ActiveCfg = Release|Win32
		{22F1C058-4F5F-4A94-86FA-45ECD7A66403}.Release|x86.Build.0 = Release|Win32
		{3E71E0F0-0FE5-40F8-B097-4F937BC050C1}.Debug|x64.ActiveCfg = Debug|x64
		{3E71E0F0-0FE5-40F8-B097-4F937BC050C1}.Debug|x64.Build.0 = Debug|x64
		{3E71E0F0-0FE5-40F8-B097-4F937BC050C1}.Debug|x86.ActiveCfg = Debug|Win32
		{3E71E0F0-0FE5-40F8-B097-4F937BC050C1}.Debug|x86.Build.0 = Debug|Win32
		{3E71E0F0-0FE5-40F8-B097-4F937BC050C1}.Release|x64.ActiveCfg = Release|x64
		{3E71E0F0-0FE5-40F8-B097-4F937BC050C1}.Release|x64.Build.0 = Release|x64
		{3E71E0F0-0FE5-40F8-B097-4F937BC050C1}.Release|x86.ActiveCfg = Release|Win32
		{3E71E0F0-0FE5-40F8-B097-4F937BC050C1}.Release|x86.Build.0 = Release|Win32
		{F27F12CB-1830-485F-B8A3-CF56090A819E}.Debug|x64.ActiveCfg = Debug|x64
		{F27F12CB-1830-485F-B8A3-CF56090A819E}.Debug|x64.Build.0 = Debug|x64
		{F27F12CB-1830-485F-B8A3-CF56090A819E}.Debug|x86.ActiveCfg = Debug|Win32
		{F27F12CB-1830-485F-B8A3-CF56090A819E}.Debug|x86.Build.0 = Debug|Win32
		{F27F12CB-1830-485F-B8A3-CF56090A819E}.Release|x64.ActiveCfg = Release|x64
		{F27F12CB-1830-485F-B8A3-CF56090A819E}.Release|x64.Build.0 = Release|x64
		{F27F12CB-1830-485F-B8A3-CF56090A819E}.Release|x86.ActiveCfg = Release|Win32
		{F27F12CB-1830-485F-B8A3-CF56090A819E}.Release|x86.Build.0 = Release|Win32
		{72EB9FF3-AAF1-4288-97B0-8F29C98815BD}.Debug|x64.ActiveCfg = Debug|x64
		{72EB9FF3-AAF1-4288-97B0-8F29C98815BD}.Debug|x64.Build.0 = Debug|x64
		{72EB9FF3-AAF1-4288-97B0-8F29C98815BD}.Debug|x86.ActiveCfg = Debug|Win32
		{72EB9FF3-AAF1-4288-97B0-8F29C98815BD}.Debug|x86.Build.0 = Debug|Win32
		{72EB9FF3-AAF1-4288-97B0-8F29C98815BD}.Release|x64.ActiveCfg = Release|x64
		{72EB9FF3-AAF1-4288-97B0-8F29C98815BD}.Release|x64.Build.0 = Release|x64
		{72EB9FF3-AAF1-4288-97B0-8F29C98815BD}.Release|x86.ActiveCfg = Release|Win32
		{72EB9FF3-AAF1-4288-97B0-8F29C98815BD}.Release|x86.Build.0 = Release|Win32
		{F71E9865-BD08-4D94-9E5B-6C293B1BAEAB}.Debug|x64.ActiveCfg = Debug|x64
		{F71E9865-BD08-4D94-9E5B-6C293B1BAEAB}.Debug|x64.Build.0 = Debug|x64
		{F71E9865-BD08-4D94-9E5B-6C293B1BAEAB}.Debug|x86.ActiveCfg = Debug|Win32
		{F71E9865-BD08-4D94-9E5B-6C293B1BAEAB}.Debug|x86.Build.0 = Debug|Win32
		{F71E9865-BD08-4D94-9E5B-6C293B1BAEAB}.Release|x64.ActiveCfg = Release|x64
		{F71E9865-BD08-4D94-9E5B-6C293B1BAEAB}.Release|x64.Build.0 = Release|x64
		{F71E9865-BD08-4D94-9E5B-6C293B1BAEAB}.Release|x86.ActiveCfg = Release|Win32
		{F71E9865-BD08-4D94-9E5B-6C293B1BAEAB}.Release|x86.Build.0 = Release|Win32
		{B494AA44-AD32-42BD-831B-8E08357B7D5A}.Debug|x64.ActiveCfg = Debug|x64
		{B494AA44-AD32-42BD-831B-8E08357B7D5A}.Debug|x64.Build.0 = Debug|x64
		{B494AA44-AD32-42BD-831B-8E08357B7D5A}.Debug|x86.ActiveCfg = Debug|Win32
		{B494AA44-AD32-42BD-831B-8E08357B7D5A}.Debug|x86.Build.0 = Debug|Win32
		{B494AA44-AD32-42BD-831B-8E08357B7D5A}.Release|x64.ActiveCfg = Release|x64
		{B494AA44-AD32-42BD-831B-8E08357B7D5A}.Release|x64.Build.0 = Release|x64
		{B494AA44-AD32-42BD-831B-8E08357B7D5A}.Release|x86.ActiveCfg = Release|Win32
		{B494AA44-AD32-42BD-831B-8E08357B7D5A}.Release|x86.Build.0 = Release|Win32
		{79759B3C-3042-4462-A908-B98A9ADD570F}.Debug|x64.ActiveCfg = Debug|x64
		{79759B3C-3042-4462-A908-B98A9ADD570F}.Debug|x64.Build.0 = Debug|x64
		{79759B3C-3042-4462-A908-B98A9ADD570F}.Debug|x86.ActiveCfg = Debug|Win32
		{79759B3C-3042-4462-A908-B98A9ADD570F}.Debug|x86.Build.0 = Debug|Win32
		{79759B3C-3042-4462-A908-B98A9ADD570F}.Release|x64.ActiveCfg = Release|x64
		{79759B3C-3042-4462-A908-B98A9ADD570F}.Release|x64.Build.0 = Release|x64
		{79759B3C-3042-4462-A908-B98A9ADD570F}.Release|x86.ActiveCfg = Release|Win32
		{79759B3C-3042-4462-A908-B98A9ADD570F}.Release|x86.Build.0 = Release|Win32
		{76132B93-5231-496D-AC9A-CE4326D74EEA}.Debug|x64.ActiveCfg = Debug|x64
		{76132B93-5231-496D-AC9A-CE4326D74EEA}.Debug|x64.Build.0 = Debug|x64
		{76132B93-5231-496D-AC9A-CE4326D74EEA}.Debug|x86.ActiveCfg = Debug|Win32
		{76132B93-5231-496D-AC9A-CE4326D74EEA}.Debug|x86.Build.0 = Debug|Win32
		{76132B93-5231-496D-AC9A-CE4326D74EEA}.Release|x64.ActiveCfg = Release|x64
		{76132B93-5231-496D-AC9A-CE4326D74EEA}.Release|x64.Build.0 = Release|x64
		{76132B93-5231-496D-AC9A-CE4326D74EEA}.Release|x86.ActiveCfg = Release|Win32
		{76132B93-5231-496D-AC9A-CE4326D74EEA}.Release|x86.Build.0 = Release|Win32
		{86079CDD-D137-4D6B-A8B5-9C5CD7BBB912}.Debug|x64.ActiveCfg = Debug|x64
		{86079CDD-D137-4D6B-A8B5-9C5CD7BBB912}.Debug|x64.Build.0 = Debug|x64
		{86079CDD-D137-4D6B-A8B5-9C5CD7BBB912}.Debug|x86.ActiveCfg = Debug|Win32
		{86079CDD-D137-4D6B-A8B5-9C5CD7BBB912}.Debug|x86.Build.0 = Debug|Win32
		{86079CDD-D137-4D6B-A8B5-9C5CD7BBB912}.Release|x64.ActiveCfg = Release|x64
		{86079CDD-D137-4D6B-A8B5-9C5CD7BBB912}.Release|x64.Build.0 = Release|x64
		{86079CDD-D137-4D6B-A8B5-9C5CD7BBB912}.Release|x86.ActiveCfg = Release|Win32
		{86079CDD-D137-4D6B-A8B5-9C5CD7BBB912}.Release|x86.Build.0 = Release|Win32
		{22859FBC-5B93-4D62-BD21-97540892BA77}.Debug|x64.ActiveCfg = Debug|x64
		{22859FBC-5B93-4D62-BD21-97540892BA77}.Debug|x64.Build.0 = Debug|x64
		{22859FBC-5B93-4D62-BD21-97540892BA77}.Debug|x86.ActiveCfg = Debug|Win32
		{22859FBC-5B93-4D62-BD21-97540892BA77}.Debug|x86.Build.0 = Debug|Win32
		{22859FBC-5B93-4D62-BD21-97540892BA77}.Release|x64.ActiveCfg = Release|x64
		{22859FBC-5B93-4D62-BD21-97540892BA77}.Release|x64.Build.0 = Release|x64
		{22859FBC-5B93-4D62-BD21-97540892BA77}.Release|x86.ActiveCfg = Release|Win32
		{22859FBC-5B93-4D62-BD21-97540892BA77}.Release|x86.Build.0 = Release|Win32
	EndGlobalSection
	GlobalSection(SolutionProperties) = preSolution
		HideSolutionNode = FALSE
	EndGlobalSection
	GlobalSection(ExtensibilityGlobals) = postSolution
		SolutionGuid = {31776BD1-0BF2-4404-8FDE-01D70624D8A1}
	EndGlobalSection
EndGlobal
